// !$*UTF8*$!
{
	archiveVersion = 1;
	classes = {
	};
	objectVersion = 46;
	objects = {

/* Begin PBXAggregateTarget section */
		3C29DD8A09314F668AB0CBDB /* ZERO_CHECK */ = {
			isa = PBXAggregateTarget;
			buildConfigurationList = 332E3FED28134B8EA66A015B /* Build configuration list for PBXAggregateTarget "ZERO_CHECK" */;
			buildPhases = (
				AA88B1D3D451F32E6D84D99A /* Generate CMakeFiles/ZERO_CHECK */,
			);
			dependencies = (
			);
			name = ZERO_CHECK;
			productName = ZERO_CHECK;
		};
		7D53FCCE71D343B38F774277 /* ALL_BUILD */ = {
			isa = PBXAggregateTarget;
			buildConfigurationList = 5A72AE70E34942D68CC99B78 /* Build configuration list for PBXAggregateTarget "ALL_BUILD" */;
			buildPhases = (
				E84D0619A656B25D2782BE10 /* Generate CMakeFiles/ALL_BUILD */,
			);
			dependencies = (
				A4C1816D5B0C4793B63E8E17 /* PBXTargetDependency */,
				5B64BD38CB9D4E07BD79A9F1 /* PBXTargetDependency */,
				421162B4DDBC444397C18F3C /* PBXTargetDependency */,
			);
			name = ALL_BUILD;
			productName = ALL_BUILD;
		};
/* End PBXAggregateTarget section */

/* Begin PBXBuildFile section */
		4B21EB16B411427D93884C8F /* /Users/apple/Desktop/AudioSoftwareEngineering/Assignments/Assignment2/2022-MUSI6106/3rdparty/googletest/googletest/CMakeLists.txt */ = {isa = PBXBuildFile; fileRef = C7BAF22CF2E34AFA9DAA2FB1 /* /Users/apple/Desktop/AudioSoftwareEngineering/Assignments/Assignment2/2022-MUSI6106/3rdparty/googletest/googletest/CMakeLists.txt */; };
		5A294559259E4F57AC1E3D08 /* /Users/apple/Desktop/AudioSoftwareEngineering/Assignments/Assignment2/2022-MUSI6106/3rdparty/googletest/googletest/src/gtest_main.cc */ = {isa = PBXBuildFile; fileRef = A5427EB5CD8C42CB8A7D2399 /* /Users/apple/Desktop/AudioSoftwareEngineering/Assignments/Assignment2/2022-MUSI6106/3rdparty/googletest/googletest/src/gtest_main.cc */; };
		AC2C198E4991493F9D69664D /* /Users/apple/Desktop/AudioSoftwareEngineering/Assignments/Assignment2/2022-MUSI6106/3rdparty/googletest/googletest/src/gtest-all.cc */ = {isa = PBXBuildFile; fileRef = 7AE7671FA8B3433695EFE540 /* /Users/apple/Desktop/AudioSoftwareEngineering/Assignments/Assignment2/2022-MUSI6106/3rdparty/googletest/googletest/src/gtest-all.cc */; };
		F64297855CF340B0B388963B /* /Users/apple/Desktop/AudioSoftwareEngineering/Assignments/Assignment2/2022-MUSI6106/3rdparty/googletest/googletest/CMakeLists.txt */ = {isa = PBXBuildFile; fileRef = 012DFADBC6604F1D90EAB05B /* /Users/apple/Desktop/AudioSoftwareEngineering/Assignments/Assignment2/2022-MUSI6106/3rdparty/googletest/googletest/CMakeLists.txt */; };
/* End PBXBuildFile section */

/* Begin PBXBuildStyle section */
		8D4925E6853B400FB7DE18C4 /* Release */ = {
			isa = PBXBuildStyle;
			buildSettings = {
				COPY_PHASE_STRIP = NO;
			};
			name = Release;
		};
		931692C6EF1F44D38FE3D0BE /* RelWithDebInfo */ = {
			isa = PBXBuildStyle;
			buildSettings = {
				COPY_PHASE_STRIP = NO;
			};
			name = RelWithDebInfo;
		};
		E729DE5D0F184E4682A7AE7E /* Debug */ = {
			isa = PBXBuildStyle;
			buildSettings = {
				COPY_PHASE_STRIP = NO;
			};
			name = Debug;
		};
		F38DAE10258E4750B49120A0 /* MinSizeRel */ = {
			isa = PBXBuildStyle;
			buildSettings = {
				COPY_PHASE_STRIP = NO;
			};
			name = MinSizeRel;
		};
/* End PBXBuildStyle section */

/* Begin PBXContainerItemProxy section */
		2E9B80D2DA504FAE9A29496B /* PBXContainerItemProxy */ = {
			isa = PBXContainerItemProxy;
			containerPortal = 46173CC1A5094A37849D5F96 /* Project object */;
			proxyType = 1;
			remoteGlobalIDString = 3C29DD8A09314F668AB0CBDB;
			remoteInfo = ZERO_CHECK;
		};
		3480882396124583A038BC43 /* PBXContainerItemProxy */ = {
			isa = PBXContainerItemProxy;
			containerPortal = 46173CC1A5094A37849D5F96 /* Project object */;
			proxyType = 1;
			remoteGlobalIDString = E05E277FA4CA437F9CD37954;
			remoteInfo = gtest;
		};
		3D39F9D5F6224AE592EE5AAF /* PBXContainerItemProxy */ = {
			isa = PBXContainerItemProxy;
			containerPortal = 46173CC1A5094A37849D5F96 /* Project object */;
			proxyType = 1;
			remoteGlobalIDString = BB33C5FE2BC44CAA82728BAC;
			remoteInfo = gtest_main;
		};
		4A88AAE258B941DABA720DA3 /* PBXContainerItemProxy */ = {
			isa = PBXContainerItemProxy;
			containerPortal = 46173CC1A5094A37849D5F96 /* Project object */;
			proxyType = 1;
			remoteGlobalIDString = 3C29DD8A09314F668AB0CBDB;
			remoteInfo = ZERO_CHECK;
		};
		4C25BD6A39DA400CA6BF2FF9 /* PBXContainerItemProxy */ = {
			isa = PBXContainerItemProxy;
			containerPortal = 46173CC1A5094A37849D5F96 /* Project object */;
			proxyType = 1;
			remoteGlobalIDString = E05E277FA4CA437F9CD37954;
			remoteInfo = gtest;
		};
		74D74669534A46D08BFB0014 /* PBXContainerItemProxy */ = {
			isa = PBXContainerItemProxy;
			containerPortal = 46173CC1A5094A37849D5F96 /* Project object */;
			proxyType = 1;
			remoteGlobalIDString = 3C29DD8A09314F668AB0CBDB;
			remoteInfo = ZERO_CHECK;
		};
/* End PBXContainerItemProxy section */

/* Begin PBXFileReference section */
		012DFADBC6604F1D90EAB05B /* /Users/apple/Desktop/AudioSoftwareEngineering/Assignments/Assignment2/2022-MUSI6106/3rdparty/googletest/googletest/CMakeLists.txt */ = {isa = PBXFileReference; explicitFileType = sourcecode.text; fileEncoding = 4; name = CMakeLists.txt; path = CMakeLists.txt; sourceTree = SOURCE_ROOT; };
		7AE7671FA8B3433695EFE540 /* /Users/apple/Desktop/AudioSoftwareEngineering/Assignments/Assignment2/2022-MUSI6106/3rdparty/googletest/googletest/src/gtest-all.cc */ = {isa = PBXFileReference; explicitFileType = sourcecode.cpp.cpp; fileEncoding = 4; name = "gtest-all.cc"; path = "src/gtest-all.cc"; sourceTree = SOURCE_ROOT; };
		A4C53C418A5641A29611CF37 /* gtest */ = {isa = PBXFileReference; explicitFileType = archive.ar; path = libgtestd.a; sourceTree = BUILT_PRODUCTS_DIR; };
		A5427EB5CD8C42CB8A7D2399 /* /Users/apple/Desktop/AudioSoftwareEngineering/Assignments/Assignment2/2022-MUSI6106/3rdparty/googletest/googletest/src/gtest_main.cc */ = {isa = PBXFileReference; explicitFileType = sourcecode.cpp.cpp; fileEncoding = 4; name = gtest_main.cc; path = src/gtest_main.cc; sourceTree = SOURCE_ROOT; };
		C7BAF22CF2E34AFA9DAA2FB1 /* /Users/apple/Desktop/AudioSoftwareEngineering/Assignments/Assignment2/2022-MUSI6106/3rdparty/googletest/googletest/CMakeLists.txt */ = {isa = PBXFileReference; explicitFileType = sourcecode.text; fileEncoding = 4; name = CMakeLists.txt; path = CMakeLists.txt; sourceTree = SOURCE_ROOT; };
		EB5EB4581B114101A4AC2899 /* /Users/apple/Desktop/AudioSoftwareEngineering/Assignments/Assignment2/2022-MUSI6106/3rdparty/googletest/googletest/CMakeLists.txt */ = {isa = PBXFileReference; explicitFileType = sourcecode.text; fileEncoding = 4; name = CMakeLists.txt; path = CMakeLists.txt; sourceTree = SOURCE_ROOT; };
		F3956C6904B7442D9A070E9E /* gtest_main */ = {isa = PBXFileReference; explicitFileType = archive.ar; path = libgtest_maind.a; sourceTree = BUILT_PRODUCTS_DIR; };
/* End PBXFileReference section */

/* Begin PBXFrameworksBuildPhase section */
		839F95121048468F97F47E8C /* Frameworks */ = {
			isa = PBXFrameworksBuildPhase;
			buildActionMask = 2147483647;
			files = (
			);
			runOnlyForDeploymentPostprocessing = 0;
		};
		9F4FA3B89F0A4955BB5BC289 /* Frameworks */ = {
			isa = PBXFrameworksBuildPhase;
			buildActionMask = 2147483647;
			files = (
			);
			runOnlyForDeploymentPostprocessing = 0;
		};
/* End PBXFrameworksBuildPhase section */

/* Begin PBXGroup section */
		2EA948E1C0FB4A73B78E19EA /* gtest */ = {
			isa = PBXGroup;
			children = (
				640FC13981C54EDC9CBB5791 /* Source Files */,
				C7BAF22CF2E34AFA9DAA2FB1 /* /Users/apple/Desktop/AudioSoftwareEngineering/Assignments/Assignment2/2022-MUSI6106/3rdparty/googletest/googletest/CMakeLists.txt */,
			);
			name = gtest;
			sourceTree = "<group>";
		};
		3518666A4E504179B04E272D /* Products */ = {
			isa = PBXGroup;
			children = (
				A4C53C418A5641A29611CF37 /* gtest */,
				F3956C6904B7442D9A070E9E /* gtest_main */,
			);
			name = Products;
			sourceTree = "<group>";
		};
		47F9E579D0124FF7A2BC5FF1 /* ALL_BUILD */ = {
			isa = PBXGroup;
			children = (
				73256BE500654C6A8BA030A0 /* CMake Rules */,
				EB5EB4581B114101A4AC2899 /* /Users/apple/Desktop/AudioSoftwareEngineering/Assignments/Assignment2/2022-MUSI6106/3rdparty/googletest/googletest/CMakeLists.txt */,
			);
			name = ALL_BUILD;
			sourceTree = "<group>";
		};
		640FC13981C54EDC9CBB5791 /* Source Files */ = {
			isa = PBXGroup;
			children = (
				7AE7671FA8B3433695EFE540 /* /Users/apple/Desktop/AudioSoftwareEngineering/Assignments/Assignment2/2022-MUSI6106/3rdparty/googletest/googletest/src/gtest-all.cc */,
			);
			name = "Source Files";
			sourceTree = "<group>";
		};
		73256BE500654C6A8BA030A0 /* CMake Rules */ = {
			isa = PBXGroup;
			children = (
			);
			name = "CMake Rules";
			sourceTree = "<group>";
		};
		817F10FBB1F34E8F9A6492E8 = {
			isa = PBXGroup;
			children = (
				965179DAAFFE4B9492C66958 /* gtest_main */,
				2EA948E1C0FB4A73B78E19EA /* gtest */,
				47F9E579D0124FF7A2BC5FF1 /* ALL_BUILD */,
				3518666A4E504179B04E272D /* Products */,
				B6A6C46370D243429CF8235D /* Frameworks */,
			);
			sourceTree = "<group>";
		};
		965179DAAFFE4B9492C66958 /* gtest_main */ = {
			isa = PBXGroup;
			children = (
				9E3328A8556A4EEFA7BE7D4F /* Source Files */,
				012DFADBC6604F1D90EAB05B /* /Users/apple/Desktop/AudioSoftwareEngineering/Assignments/Assignment2/2022-MUSI6106/3rdparty/googletest/googletest/CMakeLists.txt */,
			);
			name = gtest_main;
			sourceTree = "<group>";
		};
		9E3328A8556A4EEFA7BE7D4F /* Source Files */ = {
			isa = PBXGroup;
			children = (
				A5427EB5CD8C42CB8A7D2399 /* /Users/apple/Desktop/AudioSoftwareEngineering/Assignments/Assignment2/2022-MUSI6106/3rdparty/googletest/googletest/src/gtest_main.cc */,
			);
			name = "Source Files";
			sourceTree = "<group>";
		};
		B6A6C46370D243429CF8235D /* Frameworks */ = {
			isa = PBXGroup;
			children = (
			);
			name = Frameworks;
			sourceTree = "<group>";
		};
/* End PBXGroup section */

/* Begin PBXNativeTarget section */
		BB33C5FE2BC44CAA82728BAC /* gtest_main */ = {
			isa = PBXNativeTarget;
			buildConfigurationList = E87A9AC38C8B4769A44C6453 /* Build configuration list for PBXNativeTarget "gtest_main" */;
			buildPhases = (
				A7F80AB696554C80A261E0DF /* Sources */,
				839F95121048468F97F47E8C /* Frameworks */,
			);
			buildRules = (
			);
			dependencies = (
				356C56B11B3245D5B5541EFC /* PBXTargetDependency */,
				E2DD307621684281A31D3795 /* PBXTargetDependency */,
			);
			name = gtest_main;
			productName = gtest_main;
			productReference = F3956C6904B7442D9A070E9E /* gtest_main */;
			productType = "com.apple.product-type.library.static";
		};
		E05E277FA4CA437F9CD37954 /* gtest */ = {
			isa = PBXNativeTarget;
			buildConfigurationList = D8BC47EF551A4F669DB9D7B4 /* Build configuration list for PBXNativeTarget "gtest" */;
			buildPhases = (
				3281D8AA50B94420B2E150CA /* Sources */,
				9F4FA3B89F0A4955BB5BC289 /* Frameworks */,
			);
			buildRules = (
			);
			dependencies = (
				CEDDB2E7C9814792B2AFA5AB /* PBXTargetDependency */,
			);
			name = gtest;
			productName = gtest;
			productReference = A4C53C418A5641A29611CF37 /* gtest */;
			productType = "com.apple.product-type.library.static";
		};
/* End PBXNativeTarget section */

/* Begin PBXProject section */
		46173CC1A5094A37849D5F96 /* Project object */ = {
			isa = PBXProject;
			attributes = {
				BuildIndependentTargetsInParallel = YES;
				LastUpgradeCheck = 1240;
			};
			buildConfigurationList = 49E6D4CE96A449618CE00C72 /* Build configuration list for PBXProject "gtest" */;
			buildSettings = {
			};
			buildStyles = (
				E729DE5D0F184E4682A7AE7E /* Debug */,
				8D4925E6853B400FB7DE18C4 /* Release */,
				F38DAE10258E4750B49120A0 /* MinSizeRel */,
				931692C6EF1F44D38FE3D0BE /* RelWithDebInfo */,
			);
			compatibilityVersion = "Xcode 3.2";
			hasScannedForEncodings = 0;
			mainGroup = 817F10FBB1F34E8F9A6492E8;
			projectDirPath = ../../3rdparty/googletest/googletest;
			projectRoot = "";
			targets = (
				7D53FCCE71D343B38F774277 /* ALL_BUILD */,
				3C29DD8A09314F668AB0CBDB /* ZERO_CHECK */,
				E05E277FA4CA437F9CD37954 /* gtest */,
				BB33C5FE2BC44CAA82728BAC /* gtest_main */,
			);
		};
/* End PBXProject section */

/* Begin PBXShellScriptBuildPhase section */
		3C0110FC8322DE7E50886E21 = {
			isa = PBXShellScriptBuildPhase;
			buildActionMask = 2147483647;
			files = (
			);
			inputPaths = (
			);
			outputPaths = (
			);
			runOnlyForDeploymentPostprocessing = 0;
			shellPath = /bin/sh;
			shellScript = "# shell script goes here
exit 0";
			showEnvVarsInLog = 0;
		};
		9B50530E35CC49C82C2FACCF = {
			isa = PBXShellScriptBuildPhase;
			buildActionMask = 2147483647;
			files = (
			);
			inputPaths = (
			);
			outputPaths = (
			);
			runOnlyForDeploymentPostprocessing = 0;
			shellPath = /bin/sh;
			shellScript = "# shell script goes here
exit 0";
			showEnvVarsInLog = 0;
		};
		AA88B1D3D451F32E6D84D99A /* Generate CMakeFiles/ZERO_CHECK */ = {
			isa = PBXShellScriptBuildPhase;
			alwaysOutOfDate = 1;
			buildActionMask = 2147483647;
			files = (
			);
			inputPaths = (
			);
			name = "Generate CMakeFiles/ZERO_CHECK";
			outputPaths = (
"/Users/apple/Desktop/AudioSoftwareEngineering/Assignments/Assignment2/2022-MUSI6106/googletest/googletest/CMakeFiles/ZERO_CHECK"			);
			runOnlyForDeploymentPostprocessing = 0;
			shellPath = /bin/sh;
			shellScript = "set -e
if test \"$CONFIGURATION\" = \"Debug\"; then :
  cd /Users/apple/Desktop/AudioSoftwareEngineering/Assignments/Assignment2/2022-MUSI6106/googletest/googletest
  make -f /Users/apple/Desktop/AudioSoftwareEngineering/Assignments/Assignment2/2022-MUSI6106/googletest/googletest/CMakeScripts/ReRunCMake.make
fi
if test \"$CONFIGURATION\" = \"Release\"; then :
  cd /Users/apple/Desktop/AudioSoftwareEngineering/Assignments/Assignment2/2022-MUSI6106/googletest/googletest
  make -f /Users/apple/Desktop/AudioSoftwareEngineering/Assignments/Assignment2/2022-MUSI6106/googletest/googletest/CMakeScripts/ReRunCMake.make
fi
if test \"$CONFIGURATION\" = \"MinSizeRel\"; then :
  cd /Users/apple/Desktop/AudioSoftwareEngineering/Assignments/Assignment2/2022-MUSI6106/googletest/googletest
  make -f /Users/apple/Desktop/AudioSoftwareEngineering/Assignments/Assignment2/2022-MUSI6106/googletest/googletest/CMakeScripts/ReRunCMake.make
fi
if test \"$CONFIGURATION\" = \"RelWithDebInfo\"; then :
  cd /Users/apple/Desktop/AudioSoftwareEngineering/Assignments/Assignment2/2022-MUSI6106/googletest/googletest
  make -f /Users/apple/Desktop/AudioSoftwareEngineering/Assignments/Assignment2/2022-MUSI6106/googletest/googletest/CMakeScripts/ReRunCMake.make
fi
";
			showEnvVarsInLog = 0;
		};
		E84D0619A656B25D2782BE10 /* Generate CMakeFiles/ALL_BUILD */ = {
			isa = PBXShellScriptBuildPhase;
			alwaysOutOfDate = 1;
			buildActionMask = 2147483647;
			files = (
			);
			inputPaths = (
			);
			name = "Generate CMakeFiles/ALL_BUILD";
			outputPaths = (
"/Users/apple/Desktop/AudioSoftwareEngineering/Assignments/Assignment2/2022-MUSI6106/googletest/googletest/CMakeFiles/ALL_BUILD"			);
			runOnlyForDeploymentPostprocessing = 0;
			shellPath = /bin/sh;
			shellScript = "set -e
if test \"$CONFIGURATION\" = \"Debug\"; then :
  cd /Users/apple/Desktop/AudioSoftwareEngineering/Assignments/Assignment2/2022-MUSI6106/googletest/googletest
  echo Build\\ all\\ projects
fi
if test \"$CONFIGURATION\" = \"Release\"; then :
  cd /Users/apple/Desktop/AudioSoftwareEngineering/Assignments/Assignment2/2022-MUSI6106/googletest/googletest
  echo Build\\ all\\ projects
fi
if test \"$CONFIGURATION\" = \"MinSizeRel\"; then :
  cd /Users/apple/Desktop/AudioSoftwareEngineering/Assignments/Assignment2/2022-MUSI6106/googletest/googletest
  echo Build\\ all\\ projects
fi
if test \"$CONFIGURATION\" = \"RelWithDebInfo\"; then :
  cd /Users/apple/Desktop/AudioSoftwareEngineering/Assignments/Assignment2/2022-MUSI6106/googletest/googletest
  echo Build\\ all\\ projects
fi
";
			showEnvVarsInLog = 0;
		};
/* End PBXShellScriptBuildPhase section */

/* Begin PBXSourcesBuildPhase section */
		3281D8AA50B94420B2E150CA /* Sources */ = {
			isa = PBXSourcesBuildPhase;
			buildActionMask = 2147483647;
			files = (
				AC2C198E4991493F9D69664D /* /Users/apple/Desktop/AudioSoftwareEngineering/Assignments/Assignment2/2022-MUSI6106/3rdparty/googletest/googletest/src/gtest-all.cc */,
			);
			runOnlyForDeploymentPostprocessing = 0;
		};
		A7F80AB696554C80A261E0DF /* Sources */ = {
			isa = PBXSourcesBuildPhase;
			buildActionMask = 2147483647;
			files = (
				5A294559259E4F57AC1E3D08 /* /Users/apple/Desktop/AudioSoftwareEngineering/Assignments/Assignment2/2022-MUSI6106/3rdparty/googletest/googletest/src/gtest_main.cc */,
			);
			runOnlyForDeploymentPostprocessing = 0;
		};
/* End PBXSourcesBuildPhase section */

/* Begin PBXTargetDependency section */
		356C56B11B3245D5B5541EFC /* PBXTargetDependency */ = {
			isa = PBXTargetDependency;
			target = E05E277FA4CA437F9CD37954 /* gtest */;
			targetProxy = 3480882396124583A038BC43 /* PBXContainerItemProxy */;
		};
		421162B4DDBC444397C18F3C /* PBXTargetDependency */ = {
			isa = PBXTargetDependency;
			target = 3C29DD8A09314F668AB0CBDB /* ZERO_CHECK */;
			targetProxy = 74D74669534A46D08BFB0014 /* PBXContainerItemProxy */;
		};
		5B64BD38CB9D4E07BD79A9F1 /* PBXTargetDependency */ = {
			isa = PBXTargetDependency;
			target = E05E277FA4CA437F9CD37954 /* gtest */;
			targetProxy = 4C25BD6A39DA400CA6BF2FF9 /* PBXContainerItemProxy */;
		};
		A4C1816D5B0C4793B63E8E17 /* PBXTargetDependency */ = {
			isa = PBXTargetDependency;
			target = BB33C5FE2BC44CAA82728BAC /* gtest_main */;
			targetProxy = 3D39F9D5F6224AE592EE5AAF /* PBXContainerItemProxy */;
		};
		CEDDB2E7C9814792B2AFA5AB /* PBXTargetDependency */ = {
			isa = PBXTargetDependency;
			target = 3C29DD8A09314F668AB0CBDB /* ZERO_CHECK */;
			targetProxy = 2E9B80D2DA504FAE9A29496B /* PBXContainerItemProxy */;
		};
		E2DD307621684281A31D3795 /* PBXTargetDependency */ = {
			isa = PBXTargetDependency;
			target = 3C29DD8A09314F668AB0CBDB /* ZERO_CHECK */;
			targetProxy = 4A88AAE258B941DABA720DA3 /* PBXContainerItemProxy */;
		};
/* End PBXTargetDependency section */

/* Begin XCBuildConfiguration section */
		01A19CAF31CB446C90BBD92A /* MinSizeRel */ = {
			isa = XCBuildConfiguration;
			buildSettings = {
				COMBINE_HIDPI_IMAGES = YES;
				CONFIGURATION_BUILD_DIR = "/Users/apple/Desktop/AudioSoftwareEngineering/Assignments/Assignment2/2022-MUSI6106/lib/MinSizeRel";
				EXECUTABLE_PREFIX = lib;
				EXECUTABLE_SUFFIX = .a;
				GCC_GENERATE_DEBUGGING_SYMBOLS = NO;
				GCC_INLINES_ARE_PRIVATE_EXTERN = NO;
				GCC_OPTIMIZATION_LEVEL = s;
				GCC_PREPROCESSOR_DEFINITIONS = ("'CMAKE_INTDIR=\"$(CONFIGURATION)$(EFFECTIVE_PLATFORM_NAME)\"'","$(inherited)");
				GCC_SYMBOLS_PRIVATE_EXTERN = NO;
				INSTALL_PATH = "";
				LIBRARY_STYLE = STATIC;
				OTHER_CPLUSPLUSFLAGS = "    -DNDEBUG  -DGTEST_HAS_PTHREAD=1   '-std=c++11' ";
				OTHER_LIBTOOLFLAGS = ("");
				OTHER_REZFLAGS = "";
				PRODUCT_NAME = gtest_main;
				SECTORDER_FLAGS = "";
				SYMROOT = "/Users/apple/Desktop/AudioSoftwareEngineering/Assignments/Assignment2/2022-MUSI6106/googletest/googletest";
				SYSTEM_HEADER_SEARCH_PATHS = ("/Users/apple/Desktop/AudioSoftwareEngineering/Assignments/Assignment2/2022-MUSI6106/3rdparty/googletest/googletest/include","/Users/apple/Desktop/AudioSoftwareEngineering/Assignments/Assignment2/2022-MUSI6106/3rdparty/googletest/googletest","$(inherited)");
				USE_HEADERMAP = NO;
				WARNING_CFLAGS = ("$(inherited)");
			};
			name = MinSizeRel;
		};
		01C7C4A5717D486DA1432B65 /* Release */ = {
			isa = XCBuildConfiguration;
			buildSettings = {
				COMBINE_HIDPI_IMAGES = YES;
				GCC_GENERATE_DEBUGGING_SYMBOLS = YES;
				GCC_INLINES_ARE_PRIVATE_EXTERN = NO;
				GCC_OPTIMIZATION_LEVEL = 0;
				GCC_PREPROCESSOR_DEFINITIONS = ("'CMAKE_INTDIR=\"$(CONFIGURATION)$(EFFECTIVE_PLATFORM_NAME)\"'","$(inherited)");
				GCC_SYMBOLS_PRIVATE_EXTERN = NO;
				INSTALL_PATH = "";
				OTHER_LDFLAGS = ("","$(inherited)");
				OTHER_REZFLAGS = "";
				PRODUCT_NAME = ALL_BUILD;
				SECTORDER_FLAGS = "";
				SYMROOT = "/Users/apple/Desktop/AudioSoftwareEngineering/Assignments/Assignment2/2022-MUSI6106/googletest/googletest";
				USE_HEADERMAP = NO;
				WARNING_CFLAGS = ("$(inherited)");
			};
			name = Release;
		};
		0A317DB8ECCE47FAA567D5FB /* Release */ = {
			isa = XCBuildConfiguration;
			buildSettings = {
				COMBINE_HIDPI_IMAGES = YES;
				CONFIGURATION_BUILD_DIR = "/Users/apple/Desktop/AudioSoftwareEngineering/Assignments/Assignment2/2022-MUSI6106/lib/Release";
				EXECUTABLE_PREFIX = lib;
				EXECUTABLE_SUFFIX = .a;
				GCC_GENERATE_DEBUGGING_SYMBOLS = NO;
				GCC_INLINES_ARE_PRIVATE_EXTERN = NO;
				GCC_OPTIMIZATION_LEVEL = 3;
				GCC_PREPROCESSOR_DEFINITIONS = ("'CMAKE_INTDIR=\"$(CONFIGURATION)$(EFFECTIVE_PLATFORM_NAME)\"'","$(inherited)");
				GCC_SYMBOLS_PRIVATE_EXTERN = NO;
				INSTALL_PATH = "";
				LIBRARY_STYLE = STATIC;
				OTHER_CPLUSPLUSFLAGS = "    -DNDEBUG  -DGTEST_HAS_PTHREAD=1   '-std=c++11' ";
				OTHER_LIBTOOLFLAGS = ("");
				OTHER_REZFLAGS = "";
				PRODUCT_NAME = gtest_main;
				SECTORDER_FLAGS = "";
				SYMROOT = "/Users/apple/Desktop/AudioSoftwareEngineering/Assignments/Assignment2/2022-MUSI6106/googletest/googletest";
				SYSTEM_HEADER_SEARCH_PATHS = ("/Users/apple/Desktop/AudioSoftwareEngineering/Assignments/Assignment2/2022-MUSI6106/3rdparty/googletest/googletest/include","/Users/apple/Desktop/AudioSoftwareEngineering/Assignments/Assignment2/2022-MUSI6106/3rdparty/googletest/googletest","$(inherited)");
				USE_HEADERMAP = NO;
				WARNING_CFLAGS = ("$(inherited)");
			};
			name = Release;
		};
		105076182E5E41A4811DE742 /* Debug */ = {
			isa = XCBuildConfiguration;
			buildSettings = {
				ARCHS = "$(NATIVE_ARCH_ACTUAL)";
				MACOSX_DEPLOYMENT_TARGET = 10.15;
				ONLY_ACTIVE_ARCH = YES;
				SDKROOT = /Applications/Xcode.app/Contents/Developer/Platforms/MacOSX.platform/Developer/SDKs/MacOSX11.1.sdk;
				SYMROOT = "/Users/apple/Desktop/AudioSoftwareEngineering/Assignments/Assignment2/2022-MUSI6106/googletest/googletest/build";
			};
			name = Debug;
		};
		1688E022513A41598FF1426F /* MinSizeRel */ = {
			isa = XCBuildConfiguration;
			buildSettings = {
				COMBINE_HIDPI_IMAGES = YES;
				GCC_GENERATE_DEBUGGING_SYMBOLS = YES;
				GCC_INLINES_ARE_PRIVATE_EXTERN = NO;
				GCC_OPTIMIZATION_LEVEL = 0;
				GCC_PREPROCESSOR_DEFINITIONS = ("'CMAKE_INTDIR=\"$(CONFIGURATION)$(EFFECTIVE_PLATFORM_NAME)\"'","$(inherited)");
				GCC_SYMBOLS_PRIVATE_EXTERN = NO;
				INSTALL_PATH = "";
				OTHER_LDFLAGS = ("","$(inherited)");
				OTHER_REZFLAGS = "";
				PRODUCT_NAME = ALL_BUILD;
				SECTORDER_FLAGS = "";
				SYMROOT = "/Users/apple/Desktop/AudioSoftwareEngineering/Assignments/Assignment2/2022-MUSI6106/googletest/googletest";
				USE_HEADERMAP = NO;
				WARNING_CFLAGS = ("$(inherited)");
			};
			name = MinSizeRel;
		};
		3613447564BC4805A8BCF7E9 /* Debug */ = {
			isa = XCBuildConfiguration;
			buildSettings = {
				COMBINE_HIDPI_IMAGES = YES;
				GCC_GENERATE_DEBUGGING_SYMBOLS = YES;
				GCC_INLINES_ARE_PRIVATE_EXTERN = NO;
				GCC_OPTIMIZATION_LEVEL = 0;
				GCC_PREPROCESSOR_DEFINITIONS = ("'CMAKE_INTDIR=\"$(CONFIGURATION)$(EFFECTIVE_PLATFORM_NAME)\"'","$(inherited)");
				GCC_SYMBOLS_PRIVATE_EXTERN = NO;
				INSTALL_PATH = "";
				OTHER_LDFLAGS = ("","$(inherited)");
				OTHER_REZFLAGS = "";
				PRODUCT_NAME = ALL_BUILD;
				SECTORDER_FLAGS = "";
				SYMROOT = "/Users/apple/Desktop/AudioSoftwareEngineering/Assignments/Assignment2/2022-MUSI6106/googletest/googletest";
				USE_HEADERMAP = NO;
				WARNING_CFLAGS = ("$(inherited)");
			};
			name = Debug;
		};
		3904C5E83DD34BABAF8724B5 /* Debug */ = {
			isa = XCBuildConfiguration;
			buildSettings = {
				COMBINE_HIDPI_IMAGES = YES;
				GCC_GENERATE_DEBUGGING_SYMBOLS = YES;
				GCC_INLINES_ARE_PRIVATE_EXTERN = NO;
				GCC_OPTIMIZATION_LEVEL = 0;
				GCC_PREPROCESSOR_DEFINITIONS = ("'CMAKE_INTDIR=\"$(CONFIGURATION)$(EFFECTIVE_PLATFORM_NAME)\"'","$(inherited)");
				GCC_SYMBOLS_PRIVATE_EXTERN = NO;
				INSTALL_PATH = "";
				OTHER_LDFLAGS = ("","$(inherited)");
				OTHER_REZFLAGS = "";
				PRODUCT_NAME = ZERO_CHECK;
				SECTORDER_FLAGS = "";
				SYMROOT = "/Users/apple/Desktop/AudioSoftwareEngineering/Assignments/Assignment2/2022-MUSI6106/googletest/googletest";
				USE_HEADERMAP = NO;
				WARNING_CFLAGS = ("$(inherited)");
			};
			name = Debug;
		};
		41472D031EAB4233A7F509B1 /* MinSizeRel */ = {
			isa = XCBuildConfiguration;
			buildSettings = {
				COMBINE_HIDPI_IMAGES = YES;
				GCC_GENERATE_DEBUGGING_SYMBOLS = YES;
				GCC_INLINES_ARE_PRIVATE_EXTERN = NO;
				GCC_OPTIMIZATION_LEVEL = 0;
				GCC_PREPROCESSOR_DEFINITIONS = ("'CMAKE_INTDIR=\"$(CONFIGURATION)$(EFFECTIVE_PLATFORM_NAME)\"'","$(inherited)");
				GCC_SYMBOLS_PRIVATE_EXTERN = NO;
				INSTALL_PATH = "";
				OTHER_LDFLAGS = ("","$(inherited)");
				OTHER_REZFLAGS = "";
				PRODUCT_NAME = ZERO_CHECK;
				SECTORDER_FLAGS = "";
				SYMROOT = "/Users/apple/Desktop/AudioSoftwareEngineering/Assignments/Assignment2/2022-MUSI6106/googletest/googletest";
				USE_HEADERMAP = NO;
				WARNING_CFLAGS = ("$(inherited)");
			};
			name = MinSizeRel;
		};
		4FBC7591E85F490DBFB90A91 /* RelWithDebInfo */ = {
			isa = XCBuildConfiguration;
			buildSettings = {
				COMBINE_HIDPI_IMAGES = YES;
				CONFIGURATION_BUILD_DIR = "/Users/apple/Desktop/AudioSoftwareEngineering/Assignments/Assignment2/2022-MUSI6106/lib/relwithdebinfo";
				EXECUTABLE_PREFIX = lib;
				EXECUTABLE_SUFFIX = .a;
				GCC_GENERATE_DEBUGGING_SYMBOLS = YES;
				GCC_INLINES_ARE_PRIVATE_EXTERN = NO;
				GCC_OPTIMIZATION_LEVEL = 2;
				GCC_PREPROCESSOR_DEFINITIONS = ("'CMAKE_INTDIR=\"$(CONFIGURATION)$(EFFECTIVE_PLATFORM_NAME)\"'","$(inherited)");
				GCC_SYMBOLS_PRIVATE_EXTERN = NO;
				INSTALL_PATH = "";
				LIBRARY_STYLE = STATIC;
				OTHER_CPLUSPLUSFLAGS = "       -DNDEBUG  -DGTEST_HAS_PTHREAD=1   '-std=c++11' ";
				OTHER_LIBTOOLFLAGS = ("");
				OTHER_REZFLAGS = "";
				PRODUCT_NAME = gtest_main;
				SECTORDER_FLAGS = "";
				SYMROOT = "/Users/apple/Desktop/AudioSoftwareEngineering/Assignments/Assignment2/2022-MUSI6106/googletest/googletest";
				SYSTEM_HEADER_SEARCH_PATHS = ("/Users/apple/Desktop/AudioSoftwareEngineering/Assignments/Assignment2/2022-MUSI6106/3rdparty/googletest/googletest/include","/Users/apple/Desktop/AudioSoftwareEngineering/Assignments/Assignment2/2022-MUSI6106/3rdparty/googletest/googletest","$(inherited)");
				USE_HEADERMAP = NO;
				WARNING_CFLAGS = ("$(inherited)");
			};
			name = RelWithDebInfo;
		};
		5CB2595EBB44494C889803FC /* Release */ = {
			isa = XCBuildConfiguration;
			buildSettings = {
				ARCHS = "$(NATIVE_ARCH_ACTUAL)";
				MACOSX_DEPLOYMENT_TARGET = 10.15;
				ONLY_ACTIVE_ARCH = YES;
				SDKROOT = /Applications/Xcode.app/Contents/Developer/Platforms/MacOSX.platform/Developer/SDKs/MacOSX11.1.sdk;
				SYMROOT = "/Users/apple/Desktop/AudioSoftwareEngineering/Assignments/Assignment2/2022-MUSI6106/googletest/googletest/build";
			};
			name = Release;
		};
		85B6B58485D74FAE96AEAD45 /* Debug */ = {
			isa = XCBuildConfiguration;
			buildSettings = {
				COMBINE_HIDPI_IMAGES = YES;
				CONFIGURATION_BUILD_DIR = "/Users/apple/Desktop/AudioSoftwareEngineering/Assignments/Assignment2/2022-MUSI6106/lib/Debug";
				EXECUTABLE_PREFIX = lib;
				EXECUTABLE_SUFFIX = .a;
				GCC_GENERATE_DEBUGGING_SYMBOLS = YES;
				GCC_INLINES_ARE_PRIVATE_EXTERN = NO;
				GCC_OPTIMIZATION_LEVEL = 0;
				GCC_PREPROCESSOR_DEFINITIONS = ("'CMAKE_INTDIR=\"$(CONFIGURATION)$(EFFECTIVE_PLATFORM_NAME)\"'","$(inherited)");
				GCC_SYMBOLS_PRIVATE_EXTERN = NO;
				HEADER_SEARCH_PATHS = ("/Users/apple/Desktop/AudioSoftwareEngineering/Assignments/Assignment2/2022-MUSI6106/3rdparty/googletest/googletest/include","/Users/apple/Desktop/AudioSoftwareEngineering/Assignments/Assignment2/2022-MUSI6106/3rdparty/googletest/googletest","$(inherited)");
				INSTALL_PATH = "";
				LIBRARY_STYLE = STATIC;
				OTHER_CPLUSPLUSFLAGS = "    -DGTEST_HAS_PTHREAD=1   '-std=c++11' ";
				OTHER_LIBTOOLFLAGS = ("");
				OTHER_REZFLAGS = "";
				PRODUCT_NAME = gtestd;
				SECTORDER_FLAGS = "";
				SYMROOT = "/Users/apple/Desktop/AudioSoftwareEngineering/Assignments/Assignment2/2022-MUSI6106/googletest/googletest";
				USE_HEADERMAP = NO;
				WARNING_CFLAGS = ("$(inherited)");
			};
			name = Debug;
		};
		86F2F2090BFA49D28977DDCC /* MinSizeRel */ = {
			isa = XCBuildConfiguration;
			buildSettings = {
				ARCHS = "$(NATIVE_ARCH_ACTUAL)";
				MACOSX_DEPLOYMENT_TARGET = 10.15;
				ONLY_ACTIVE_ARCH = YES;
				SDKROOT = /Applications/Xcode.app/Contents/Developer/Platforms/MacOSX.platform/Developer/SDKs/MacOSX11.1.sdk;
				SYMROOT = "/Users/apple/Desktop/AudioSoftwareEngineering/Assignments/Assignment2/2022-MUSI6106/googletest/googletest/build";
			};
			name = MinSizeRel;
		};
		8BDF55BD857F4239B0FC5739 /* RelWithDebInfo */ = {
			isa = XCBuildConfiguration;
			buildSettings = {
				COMBINE_HIDPI_IMAGES = YES;
				CONFIGURATION_BUILD_DIR = "/Users/apple/Desktop/AudioSoftwareEngineering/Assignments/Assignment2/2022-MUSI6106/lib/relwithdebinfo";
				EXECUTABLE_PREFIX = lib;
				EXECUTABLE_SUFFIX = .a;
				GCC_GENERATE_DEBUGGING_SYMBOLS = YES;
				GCC_INLINES_ARE_PRIVATE_EXTERN = NO;
				GCC_OPTIMIZATION_LEVEL = 2;
				GCC_PREPROCESSOR_DEFINITIONS = ("'CMAKE_INTDIR=\"$(CONFIGURATION)$(EFFECTIVE_PLATFORM_NAME)\"'","$(inherited)");
				GCC_SYMBOLS_PRIVATE_EXTERN = NO;
				HEADER_SEARCH_PATHS = ("/Users/apple/Desktop/AudioSoftwareEngineering/Assignments/Assignment2/2022-MUSI6106/3rdparty/googletest/googletest/include","/Users/apple/Desktop/AudioSoftwareEngineering/Assignments/Assignment2/2022-MUSI6106/3rdparty/googletest/googletest","$(inherited)");
				INSTALL_PATH = "";
				LIBRARY_STYLE = STATIC;
				OTHER_CPLUSPLUSFLAGS = "       -DNDEBUG  -DGTEST_HAS_PTHREAD=1   '-std=c++11' ";
				OTHER_LIBTOOLFLAGS = ("");
				OTHER_REZFLAGS = "";
				PRODUCT_NAME = gtest;
				SECTORDER_FLAGS = "";
				SYMROOT = "/Users/apple/Desktop/AudioSoftwareEngineering/Assignments/Assignment2/2022-MUSI6106/googletest/googletest";
				USE_HEADERMAP = NO;
				WARNING_CFLAGS = ("$(inherited)");
			};
			name = RelWithDebInfo;
		};
		B994FF482D8148BFAD94122A /* Release */ = {
			isa = XCBuildConfiguration;
			buildSettings = {
				COMBINE_HIDPI_IMAGES = YES;
				GCC_GENERATE_DEBUGGING_SYMBOLS = YES;
				GCC_INLINES_ARE_PRIVATE_EXTERN = NO;
				GCC_OPTIMIZATION_LEVEL = 0;
				GCC_PREPROCESSOR_DEFINITIONS = ("'CMAKE_INTDIR=\"$(CONFIGURATION)$(EFFECTIVE_PLATFORM_NAME)\"'","$(inherited)");
				GCC_SYMBOLS_PRIVATE_EXTERN = NO;
				INSTALL_PATH = "";
				OTHER_LDFLAGS = ("","$(inherited)");
				OTHER_REZFLAGS = "";
				PRODUCT_NAME = ZERO_CHECK;
				SECTORDER_FLAGS = "";
				SYMROOT = "/Users/apple/Desktop/AudioSoftwareEngineering/Assignments/Assignment2/2022-MUSI6106/googletest/googletest";
				USE_HEADERMAP = NO;
				WARNING_CFLAGS = ("$(inherited)");
			};
			name = Release;
		};
		D694E66081DF41D49E66E812 /* RelWithDebInfo */ = {
			isa = XCBuildConfiguration;
			buildSettings = {
				COMBINE_HIDPI_IMAGES = YES;
				GCC_GENERATE_DEBUGGING_SYMBOLS = YES;
				GCC_INLINES_ARE_PRIVATE_EXTERN = NO;
				GCC_OPTIMIZATION_LEVEL = 0;
				GCC_PREPROCESSOR_DEFINITIONS = ("'CMAKE_INTDIR=\"$(CONFIGURATION)$(EFFECTIVE_PLATFORM_NAME)\"'","$(inherited)");
				GCC_SYMBOLS_PRIVATE_EXTERN = NO;
				INSTALL_PATH = "";
				OTHER_LDFLAGS = ("","$(inherited)");
				OTHER_REZFLAGS = "";
				PRODUCT_NAME = ALL_BUILD;
				SECTORDER_FLAGS = "";
				SYMROOT = "/Users/apple/Desktop/AudioSoftwareEngineering/Assignments/Assignment2/2022-MUSI6106/googletest/googletest";
				USE_HEADERMAP = NO;
				WARNING_CFLAGS = ("$(inherited)");
			};
			name = RelWithDebInfo;
		};
		DD44EADD28B545BB8D85308C /* RelWithDebInfo */ = {
			isa = XCBuildConfiguration;
			buildSettings = {
				COMBINE_HIDPI_IMAGES = YES;
				GCC_GENERATE_DEBUGGING_SYMBOLS = YES;
				GCC_INLINES_ARE_PRIVATE_EXTERN = NO;
				GCC_OPTIMIZATION_LEVEL = 0;
				GCC_PREPROCESSOR_DEFINITIONS = ("'CMAKE_INTDIR=\"$(CONFIGURATION)$(EFFECTIVE_PLATFORM_NAME)\"'","$(inherited)");
				GCC_SYMBOLS_PRIVATE_EXTERN = NO;
				INSTALL_PATH = "";
				OTHER_LDFLAGS = ("","$(inherited)");
				OTHER_REZFLAGS = "";
				PRODUCT_NAME = ZERO_CHECK;
				SECTORDER_FLAGS = "";
				SYMROOT = "/Users/apple/Desktop/AudioSoftwareEngineering/Assignments/Assignment2/2022-MUSI6106/googletest/googletest";
				USE_HEADERMAP = NO;
				WARNING_CFLAGS = ("$(inherited)");
			};
			name = RelWithDebInfo;
		};
		E0AE891108D848E89BA89E40 /* Debug */ = {
			isa = XCBuildConfiguration;
			buildSettings = {
				COMBINE_HIDPI_IMAGES = YES;
				CONFIGURATION_BUILD_DIR = "/Users/apple/Desktop/AudioSoftwareEngineering/Assignments/Assignment2/2022-MUSI6106/lib/Debug";
				EXECUTABLE_PREFIX = lib;
				EXECUTABLE_SUFFIX = .a;
				GCC_GENERATE_DEBUGGING_SYMBOLS = YES;
				GCC_INLINES_ARE_PRIVATE_EXTERN = NO;
				GCC_OPTIMIZATION_LEVEL = 0;
				GCC_PREPROCESSOR_DEFINITIONS = ("'CMAKE_INTDIR=\"$(CONFIGURATION)$(EFFECTIVE_PLATFORM_NAME)\"'","$(inherited)");
				GCC_SYMBOLS_PRIVATE_EXTERN = NO;
				INSTALL_PATH = "";
				LIBRARY_STYLE = STATIC;
				OTHER_CPLUSPLUSFLAGS = "    -DGTEST_HAS_PTHREAD=1   '-std=c++11' ";
				OTHER_LIBTOOLFLAGS = ("");
				OTHER_REZFLAGS = "";
				PRODUCT_NAME = gtest_maind;
				SECTORDER_FLAGS = "";
				SYMROOT = "/Users/apple/Desktop/AudioSoftwareEngineering/Assignments/Assignment2/2022-MUSI6106/googletest/googletest";
				SYSTEM_HEADER_SEARCH_PATHS = ("/Users/apple/Desktop/AudioSoftwareEngineering/Assignments/Assignment2/2022-MUSI6106/3rdparty/googletest/googletest/include","/Users/apple/Desktop/AudioSoftwareEngineering/Assignments/Assignment2/2022-MUSI6106/3rdparty/googletest/googletest","$(inherited)");
				USE_HEADERMAP = NO;
				WARNING_CFLAGS = ("$(inherited)");
			};
			name = Debug;
		};
		EFFBE4A1B6F9465C88A220B6 /* RelWithDebInfo */ = {
			isa = XCBuildConfiguration;
			buildSettings = {
				ARCHS = "$(NATIVE_ARCH_ACTUAL)";
				MACOSX_DEPLOYMENT_TARGET = 10.15;
				ONLY_ACTIVE_ARCH = YES;
				SDKROOT = /Applications/Xcode.app/Contents/Developer/Platforms/MacOSX.platform/Developer/SDKs/MacOSX11.1.sdk;
				SYMROOT = "/Users/apple/Desktop/AudioSoftwareEngineering/Assignments/Assignment2/2022-MUSI6106/googletest/googletest/build";
			};
			name = RelWithDebInfo;
		};
		FEC51992A56B496DBFF475B2 /* Release */ = {
			isa = XCBuildConfiguration;
			buildSettings = {
				COMBINE_HIDPI_IMAGES = YES;
				CONFIGURATION_BUILD_DIR = "/Users/apple/Desktop/AudioSoftwareEngineering/Assignments/Assignment2/2022-MUSI6106/lib/Release";
				EXECUTABLE_PREFIX = lib;
				EXECUTABLE_SUFFIX = .a;
				GCC_GENERATE_DEBUGGING_SYMBOLS = NO;
				GCC_INLINES_ARE_PRIVATE_EXTERN = NO;
				GCC_OPTIMIZATION_LEVEL = 3;
				GCC_PREPROCESSOR_DEFINITIONS = ("'CMAKE_INTDIR=\"$(CONFIGURATION)$(EFFECTIVE_PLATFORM_NAME)\"'","$(inherited)");
				GCC_SYMBOLS_PRIVATE_EXTERN = NO;
				HEADER_SEARCH_PATHS = ("/Users/apple/Desktop/AudioSoftwareEngineering/Assignments/Assignment2/2022-MUSI6106/3rdparty/googletest/googletest/include","/Users/apple/Desktop/AudioSoftwareEngineering/Assignments/Assignment2/2022-MUSI6106/3rdparty/googletest/googletest","$(inherited)");
				INSTALL_PATH = "";
				LIBRARY_STYLE = STATIC;
				OTHER_CPLUSPLUSFLAGS = "    -DNDEBUG  -DGTEST_HAS_PTHREAD=1   '-std=c++11' ";
				OTHER_LIBTOOLFLAGS = ("");
				OTHER_REZFLAGS = "";
				PRODUCT_NAME = gtest;
				SECTORDER_FLAGS = "";
				SYMROOT = "/Users/apple/Desktop/AudioSoftwareEngineering/Assignments/Assignment2/2022-MUSI6106/googletest/googletest";
				USE_HEADERMAP = NO;
				WARNING_CFLAGS = ("$(inherited)");
			};
			name = Release;
		};
		FF2C09B112E040B79AFD53C8 /* MinSizeRel */ = {
			isa = XCBuildConfiguration;
			buildSettings = {
				COMBINE_HIDPI_IMAGES = YES;
				CONFIGURATION_BUILD_DIR = "/Users/apple/Desktop/AudioSoftwareEngineering/Assignments/Assignment2/2022-MUSI6106/lib/MinSizeRel";
				EXECUTABLE_PREFIX = lib;
				EXECUTABLE_SUFFIX = .a;
				GCC_GENERATE_DEBUGGING_SYMBOLS = NO;
				GCC_INLINES_ARE_PRIVATE_EXTERN = NO;
				GCC_OPTIMIZATION_LEVEL = s;
				GCC_PREPROCESSOR_DEFINITIONS = ("'CMAKE_INTDIR=\"$(CONFIGURATION)$(EFFECTIVE_PLATFORM_NAME)\"'","$(inherited)");
				GCC_SYMBOLS_PRIVATE_EXTERN = NO;
				HEADER_SEARCH_PATHS = ("/Users/apple/Desktop/AudioSoftwareEngineering/Assignments/Assignment2/2022-MUSI6106/3rdparty/googletest/googletest/include","/Users/apple/Desktop/AudioSoftwareEngineering/Assignments/Assignment2/2022-MUSI6106/3rdparty/googletest/googletest","$(inherited)");
				INSTALL_PATH = "";
				LIBRARY_STYLE = STATIC;
				OTHER_CPLUSPLUSFLAGS = "    -DNDEBUG  -DGTEST_HAS_PTHREAD=1   '-std=c++11' ";
				OTHER_LIBTOOLFLAGS = ("");
				OTHER_REZFLAGS = "";
				PRODUCT_NAME = gtest;
				SECTORDER_FLAGS = "";
				SYMROOT = "/Users/apple/Desktop/AudioSoftwareEngineering/Assignments/Assignment2/2022-MUSI6106/googletest/googletest";
				USE_HEADERMAP = NO;
				WARNING_CFLAGS = ("$(inherited)");
			};
			name = MinSizeRel;
		};
/* End XCBuildConfiguration section */

/* Begin XCConfigurationList section */
		332E3FED28134B8EA66A015B /* Build configuration list for PBXAggregateTarget "ZERO_CHECK" */ = {
			isa = XCConfigurationList;
			buildConfigurations = (
				3904C5E83DD34BABAF8724B5 /* Debug */,
				B994FF482D8148BFAD94122A /* Release */,
				41472D031EAB4233A7F509B1 /* MinSizeRel */,
				DD44EADD28B545BB8D85308C /* RelWithDebInfo */,
			);
			defaultConfigurationIsVisible = 0;
			defaultConfigurationName = Debug;
		};
		49E6D4CE96A449618CE00C72 /* Build configuration list for PBXProject "gtest" */ = {
			isa = XCConfigurationList;
			buildConfigurations = (
				105076182E5E41A4811DE742 /* Debug */,
				5CB2595EBB44494C889803FC /* Release */,
				86F2F2090BFA49D28977DDCC /* MinSizeRel */,
				EFFBE4A1B6F9465C88A220B6 /* RelWithDebInfo */,
			);
			defaultConfigurationIsVisible = 0;
			defaultConfigurationName = Debug;
		};
		5A72AE70E34942D68CC99B78 /* Build configuration list for PBXAggregateTarget "ALL_BUILD" */ = {
			isa = XCConfigurationList;
			buildConfigurations = (
				3613447564BC4805A8BCF7E9 /* Debug */,
				01C7C4A5717D486DA1432B65 /* Release */,
				1688E022513A41598FF1426F /* MinSizeRel */,
				D694E66081DF41D49E66E812 /* RelWithDebInfo */,
			);
			defaultConfigurationIsVisible = 0;
			defaultConfigurationName = Debug;
		};
		D8BC47EF551A4F669DB9D7B4 /* Build configuration list for PBXNativeTarget "gtest" */ = {
			isa = XCConfigurationList;
			buildConfigurations = (
				85B6B58485D74FAE96AEAD45 /* Debug */,
				FEC51992A56B496DBFF475B2 /* Release */,
				FF2C09B112E040B79AFD53C8 /* MinSizeRel */,
				8BDF55BD857F4239B0FC5739 /* RelWithDebInfo */,
			);
			defaultConfigurationIsVisible = 0;
			defaultConfigurationName = Debug;
		};
		E87A9AC38C8B4769A44C6453 /* Build configuration list for PBXNativeTarget "gtest_main" */ = {
			isa = XCConfigurationList;
			buildConfigurations = (
				E0AE891108D848E89BA89E40 /* Debug */,
				0A317DB8ECCE47FAA567D5FB /* Release */,
				01A19CAF31CB446C90BBD92A /* MinSizeRel */,
				4FBC7591E85F490DBFB90A91 /* RelWithDebInfo */,
			);
			defaultConfigurationIsVisible = 0;
			defaultConfigurationName = Debug;
		};
/* End XCConfigurationList section */
	};
	rootObject = 46173CC1A5094A37849D5F96 /* Project object */;
}
