// !$*UTF8*$!
{
	archiveVersion = 1;
	classes = {
	};
	objectVersion = 46;
	objects = {

/* Begin PBXAggregateTarget section */
		580F63B9271A437A88145C8F /* ALL_BUILD */ = {
			isa = PBXAggregateTarget;
			buildConfigurationList = CCDA6B4406214E91ACDEF7EF /* Build configuration list for PBXAggregateTarget "ALL_BUILD" */;
			buildPhases = (
				E84D0619A656B25D2782BE10 /* Generate CMakeFiles/ALL_BUILD */,
			);
			dependencies = (
				A8857C46B2FA4941A18848B2 /* PBXTargetDependency */,
				92BB3B97DC3540F4BB8D8F47 /* PBXTargetDependency */,
				C0A9362AAFE14239AE816570 /* PBXTargetDependency */,
			);
			name = ALL_BUILD;
			productName = ALL_BUILD;
		};
		68E4D3DBDE614674B61E90BB /* ZERO_CHECK */ = {
			isa = PBXAggregateTarget;
			buildConfigurationList = 6E4E3B57C58A4C779C8CE9B8 /* Build configuration list for PBXAggregateTarget "ZERO_CHECK" */;
			buildPhases = (
				AA88B1D3D451F32E6D84D99A /* Generate CMakeFiles/ZERO_CHECK */,
			);
			dependencies = (
			);
			name = ZERO_CHECK;
			productName = ZERO_CHECK;
		};
/* End PBXAggregateTarget section */

/* Begin PBXBuildFile section */
		0CF84A9365EE4B7FA7A45C40 /* /Users/apple/Desktop/AudioSoftwareEngineering/Assignments/Assignment2/2022-MUSI6106/3rdparty/googletest/googletest/CMakeLists.txt */ = {isa = PBXBuildFile; fileRef = 1EE8723790144299A8BF360B /* /Users/apple/Desktop/AudioSoftwareEngineering/Assignments/Assignment2/2022-MUSI6106/3rdparty/googletest/googletest/CMakeLists.txt */; };
		38EED25B35C849EBB9880147 /* /Users/apple/Desktop/AudioSoftwareEngineering/Assignments/Assignment2/2022-MUSI6106/3rdparty/googletest/googletest/CMakeLists.txt */ = {isa = PBXBuildFile; fileRef = 5B5C507849AE48A4A703DA53 /* /Users/apple/Desktop/AudioSoftwareEngineering/Assignments/Assignment2/2022-MUSI6106/3rdparty/googletest/googletest/CMakeLists.txt */; };
		AA94C15DD5854261B795819D /* /Users/apple/Desktop/AudioSoftwareEngineering/Assignments/Assignment2/2022-MUSI6106/3rdparty/googletest/googletest/src/gtest-all.cc */ = {isa = PBXBuildFile; fileRef = B33F2D505760434FA7125149 /* /Users/apple/Desktop/AudioSoftwareEngineering/Assignments/Assignment2/2022-MUSI6106/3rdparty/googletest/googletest/src/gtest-all.cc */; };
		DB18828FCAD5486BB06C7832 /* /Users/apple/Desktop/AudioSoftwareEngineering/Assignments/Assignment2/2022-MUSI6106/3rdparty/googletest/googletest/src/gtest_main.cc */ = {isa = PBXBuildFile; fileRef = B6AC76D03BFF48D582D9378A /* /Users/apple/Desktop/AudioSoftwareEngineering/Assignments/Assignment2/2022-MUSI6106/3rdparty/googletest/googletest/src/gtest_main.cc */; };
/* End PBXBuildFile section */

/* Begin PBXBuildStyle section */
		2EF139E73D334177B35DFFF0 /* MinSizeRel */ = {
			isa = PBXBuildStyle;
			buildSettings = {
				COPY_PHASE_STRIP = NO;
			};
			name = MinSizeRel;
		};
		6E194CC387A04A27852F4C76 /* Release */ = {
			isa = PBXBuildStyle;
			buildSettings = {
				COPY_PHASE_STRIP = NO;
			};
			name = Release;
		};
		9D7FE6A4831D4EE8A0A638BA /* Debug */ = {
			isa = PBXBuildStyle;
			buildSettings = {
				COPY_PHASE_STRIP = NO;
			};
			name = Debug;
		};
		E55667DE330548A08BBE949B /* RelWithDebInfo */ = {
			isa = PBXBuildStyle;
			buildSettings = {
				COPY_PHASE_STRIP = NO;
			};
			name = RelWithDebInfo;
		};
/* End PBXBuildStyle section */

/* Begin PBXContainerItemProxy section */
		22470F5E88554227AFE02F16 /* PBXContainerItemProxy */ = {
			isa = PBXContainerItemProxy;
			containerPortal = 93639C74E1AE494BA620536A /* Project object */;
			proxyType = 1;
			remoteGlobalIDString = 68E4D3DBDE614674B61E90BB;
			remoteInfo = ZERO_CHECK;
		};
		320FBF9FE328471AB3C0670A /* PBXContainerItemProxy */ = {
			isa = PBXContainerItemProxy;
			containerPortal = 93639C74E1AE494BA620536A /* Project object */;
			proxyType = 1;
			remoteGlobalIDString = 68E4D3DBDE614674B61E90BB;
			remoteInfo = ZERO_CHECK;
		};
		4E642800627844DC90EF53EF /* PBXContainerItemProxy */ = {
			isa = PBXContainerItemProxy;
			containerPortal = 93639C74E1AE494BA620536A /* Project object */;
			proxyType = 1;
			remoteGlobalIDString = 68E4D3DBDE614674B61E90BB;
			remoteInfo = ZERO_CHECK;
		};
		61803F0A9D6D4CC39B3667CE /* PBXContainerItemProxy */ = {
			isa = PBXContainerItemProxy;
			containerPortal = 93639C74E1AE494BA620536A /* Project object */;
			proxyType = 1;
			remoteGlobalIDString = B9ED3743DC4C49D290774A7B;
			remoteInfo = gtest;
		};
		789ACD3DC05B4764BE97BEC0 /* PBXContainerItemProxy */ = {
			isa = PBXContainerItemProxy;
			containerPortal = 93639C74E1AE494BA620536A /* Project object */;
			proxyType = 1;
			remoteGlobalIDString = B9ED3743DC4C49D290774A7B;
			remoteInfo = gtest;
		};
		E2B8B19309D4416799C7A779 /* PBXContainerItemProxy */ = {
			isa = PBXContainerItemProxy;
			containerPortal = 93639C74E1AE494BA620536A /* Project object */;
			proxyType = 1;
			remoteGlobalIDString = 5929C3B09F604CC88F34CC81;
			remoteInfo = gtest_main;
		};
/* End PBXContainerItemProxy section */

/* Begin PBXFileReference section */
		1EE8723790144299A8BF360B /* /Users/apple/Desktop/AudioSoftwareEngineering/Assignments/Assignment2/2022-MUSI6106/3rdparty/googletest/googletest/CMakeLists.txt */ = {isa = PBXFileReference; explicitFileType = sourcecode.text; fileEncoding = 4; name = CMakeLists.txt; path = CMakeLists.txt; sourceTree = SOURCE_ROOT; };
		437F84F8D6DD4478AE69D5CE /* /Users/apple/Desktop/AudioSoftwareEngineering/Assignments/Assignment2/2022-MUSI6106/3rdparty/googletest/googletest/CMakeLists.txt */ = {isa = PBXFileReference; explicitFileType = sourcecode.text; fileEncoding = 4; name = CMakeLists.txt; path = CMakeLists.txt; sourceTree = SOURCE_ROOT; };
		52611B6A3F3642F582F9CB90 /* gtest */ = {isa = PBXFileReference; explicitFileType = archive.ar; path = libgtestd.a; sourceTree = BUILT_PRODUCTS_DIR; };
		5B5C507849AE48A4A703DA53 /* /Users/apple/Desktop/AudioSoftwareEngineering/Assignments/Assignment2/2022-MUSI6106/3rdparty/googletest/googletest/CMakeLists.txt */ = {isa = PBXFileReference; explicitFileType = sourcecode.text; fileEncoding = 4; name = CMakeLists.txt; path = CMakeLists.txt; sourceTree = SOURCE_ROOT; };
		734BF78EA4CB446A839BFFF8 /* gtest_main */ = {isa = PBXFileReference; explicitFileType = archive.ar; path = libgtest_maind.a; sourceTree = BUILT_PRODUCTS_DIR; };
		B33F2D505760434FA7125149 /* /Users/apple/Desktop/AudioSoftwareEngineering/Assignments/Assignment2/2022-MUSI6106/3rdparty/googletest/googletest/src/gtest-all.cc */ = {isa = PBXFileReference; explicitFileType = sourcecode.cpp.cpp; fileEncoding = 4; name = "gtest-all.cc"; path = "src/gtest-all.cc"; sourceTree = SOURCE_ROOT; };
		B6AC76D03BFF48D582D9378A /* /Users/apple/Desktop/AudioSoftwareEngineering/Assignments/Assignment2/2022-MUSI6106/3rdparty/googletest/googletest/src/gtest_main.cc */ = {isa = PBXFileReference; explicitFileType = sourcecode.cpp.cpp; fileEncoding = 4; name = gtest_main.cc; path = src/gtest_main.cc; sourceTree = SOURCE_ROOT; };
/* End PBXFileReference section */

/* Begin PBXFrameworksBuildPhase section */
		19616DF4FB5A45CB8B308EA9 /* Frameworks */ = {
			isa = PBXFrameworksBuildPhase;
			buildActionMask = 2147483647;
			files = (
			);
			runOnlyForDeploymentPostprocessing = 0;
		};
		F6F27BF0B8F6482E8E0BFEE4 /* Frameworks */ = {
			isa = PBXFrameworksBuildPhase;
			buildActionMask = 2147483647;
			files = (
			);
			runOnlyForDeploymentPostprocessing = 0;
		};
/* End PBXFrameworksBuildPhase section */

/* Begin PBXGroup section */
		051A584EF14D483E9FA19C56 /* Frameworks */ = {
			isa = PBXGroup;
			children = (
			);
			name = Frameworks;
			sourceTree = "<group>";
		};
		0F96B11DCB044340AFD46D87 /* ALL_BUILD */ = {
			isa = PBXGroup;
			children = (
				22E3C2EA6CB5436CAD896F1B /* CMake Rules */,
				437F84F8D6DD4478AE69D5CE /* /Users/apple/Desktop/AudioSoftwareEngineering/Assignments/Assignment2/2022-MUSI6106/3rdparty/googletest/googletest/CMakeLists.txt */,
			);
			name = ALL_BUILD;
			sourceTree = "<group>";
		};
		22E3C2EA6CB5436CAD896F1B /* CMake Rules */ = {
			isa = PBXGroup;
			children = (
			);
			name = "CMake Rules";
			sourceTree = "<group>";
		};
		5593DA52A63D4C9D9B9D9F4F /* gtest_main */ = {
			isa = PBXGroup;
			children = (
				8BA63B94A6064D5D9D69B85F /* Source Files */,
				1EE8723790144299A8BF360B /* /Users/apple/Desktop/AudioSoftwareEngineering/Assignments/Assignment2/2022-MUSI6106/3rdparty/googletest/googletest/CMakeLists.txt */,
			);
			name = gtest_main;
			sourceTree = "<group>";
		};
		57DCF3153E184A07832F1D73 /* Source Files */ = {
			isa = PBXGroup;
			children = (
				B33F2D505760434FA7125149 /* /Users/apple/Desktop/AudioSoftwareEngineering/Assignments/Assignment2/2022-MUSI6106/3rdparty/googletest/googletest/src/gtest-all.cc */,
			);
			name = "Source Files";
			sourceTree = "<group>";
		};
		586CFA8B762844D8B3037CAA /* Products */ = {
			isa = PBXGroup;
			children = (
				52611B6A3F3642F582F9CB90 /* gtest */,
				734BF78EA4CB446A839BFFF8 /* gtest_main */,
			);
			name = Products;
			sourceTree = "<group>";
		};
		5D729AE6440E49228F00964F = {
			isa = PBXGroup;
			children = (
				5593DA52A63D4C9D9B9D9F4F /* gtest_main */,
				9A6E3B77D6F344D9AFFDDE77 /* gtest */,
				0F96B11DCB044340AFD46D87 /* ALL_BUILD */,
				586CFA8B762844D8B3037CAA /* Products */,
				051A584EF14D483E9FA19C56 /* Frameworks */,
			);
			sourceTree = "<group>";
		};
		8BA63B94A6064D5D9D69B85F /* Source Files */ = {
			isa = PBXGroup;
			children = (
				B6AC76D03BFF48D582D9378A /* /Users/apple/Desktop/AudioSoftwareEngineering/Assignments/Assignment2/2022-MUSI6106/3rdparty/googletest/googletest/src/gtest_main.cc */,
			);
			name = "Source Files";
			sourceTree = "<group>";
		};
		9A6E3B77D6F344D9AFFDDE77 /* gtest */ = {
			isa = PBXGroup;
			children = (
				57DCF3153E184A07832F1D73 /* Source Files */,
				5B5C507849AE48A4A703DA53 /* /Users/apple/Desktop/AudioSoftwareEngineering/Assignments/Assignment2/2022-MUSI6106/3rdparty/googletest/googletest/CMakeLists.txt */,
			);
			name = gtest;
			sourceTree = "<group>";
		};
/* End PBXGroup section */

/* Begin PBXNativeTarget section */
		5929C3B09F604CC88F34CC81 /* gtest_main */ = {
			isa = PBXNativeTarget;
			buildConfigurationList = EB14CC98C3FC4D0A86BC224B /* Build configuration list for PBXNativeTarget "gtest_main" */;
			buildPhases = (
				6400134BB9AE4490AEFB1EC0 /* Sources */,
				19616DF4FB5A45CB8B308EA9 /* Frameworks */,
			);
			buildRules = (
			);
			dependencies = (
				128FCA7A451D498397B966EF /* PBXTargetDependency */,
				CBCD5EBCC1C74BE19C642E95 /* PBXTargetDependency */,
			);
			name = gtest_main;
			productName = gtest_main;
			productReference = 734BF78EA4CB446A839BFFF8 /* gtest_main */;
			productType = "com.apple.product-type.library.static";
		};
		B9ED3743DC4C49D290774A7B /* gtest */ = {
			isa = PBXNativeTarget;
			buildConfigurationList = A12CAE94507E45BBB91B0C7C /* Build configuration list for PBXNativeTarget "gtest" */;
			buildPhases = (
				BEAAED24ECD24215A363A58F /* Sources */,
				F6F27BF0B8F6482E8E0BFEE4 /* Frameworks */,
			);
			buildRules = (
			);
			dependencies = (
				94793382ADE94193A13EB187 /* PBXTargetDependency */,
			);
			name = gtest;
			productName = gtest;
			productReference = 52611B6A3F3642F582F9CB90 /* gtest */;
			productType = "com.apple.product-type.library.static";
		};
/* End PBXNativeTarget section */

/* Begin PBXProject section */
		93639C74E1AE494BA620536A /* Project object */ = {
			isa = PBXProject;
			attributes = {
				BuildIndependentTargetsInParallel = YES;
				LastUpgradeCheck = 1240;
			};
			buildConfigurationList = 56938087E5C84709AB54A0C3 /* Build configuration list for PBXProject "gtest" */;
			buildSettings = {
			};
			buildStyles = (
				9D7FE6A4831D4EE8A0A638BA /* Debug */,
				6E194CC387A04A27852F4C76 /* Release */,
				2EF139E73D334177B35DFFF0 /* MinSizeRel */,
				E55667DE330548A08BBE949B /* RelWithDebInfo */,
			);
			compatibilityVersion = "Xcode 3.2";
			hasScannedForEncodings = 0;
			mainGroup = 5D729AE6440E49228F00964F;
			projectDirPath = ../../3rdparty/googletest/googletest;
			projectRoot = "";
			targets = (
				580F63B9271A437A88145C8F /* ALL_BUILD */,
				68E4D3DBDE614674B61E90BB /* ZERO_CHECK */,
				B9ED3743DC4C49D290774A7B /* gtest */,
				5929C3B09F604CC88F34CC81 /* gtest_main */,
			);
		};
/* End PBXProject section */

/* Begin PBXShellScriptBuildPhase section */
		3C0110FC8322DE7E50886E21 = {
			isa = PBXShellScriptBuildPhase;
			buildActionMask = 2147483647;
			files = (
			);
			inputPaths = (
			);
			outputPaths = (
			);
			runOnlyForDeploymentPostprocessing = 0;
			shellPath = /bin/sh;
			shellScript = "# shell script goes here
exit 0";
			showEnvVarsInLog = 0;
		};
		9B50530E35CC49C82C2FACCF = {
			isa = PBXShellScriptBuildPhase;
			buildActionMask = 2147483647;
			files = (
			);
			inputPaths = (
			);
			outputPaths = (
			);
			runOnlyForDeploymentPostprocessing = 0;
			shellPath = /bin/sh;
			shellScript = "# shell script goes here
exit 0";
			showEnvVarsInLog = 0;
		};
		AA88B1D3D451F32E6D84D99A /* Generate CMakeFiles/ZERO_CHECK */ = {
			isa = PBXShellScriptBuildPhase;
			alwaysOutOfDate = 1;
			buildActionMask = 2147483647;
			files = (
			);
			inputPaths = (
			);
			name = "Generate CMakeFiles/ZERO_CHECK";
			outputPaths = (
"/Users/apple/Desktop/AudioSoftwareEngineering/Assignments/Assignment2/2022-MUSI6106/googletest/googletest/CMakeFiles/ZERO_CHECK"			);
			runOnlyForDeploymentPostprocessing = 0;
			shellPath = /bin/sh;
			shellScript = "set -e
if test \"$CONFIGURATION\" = \"Debug\"; then :
  cd /Users/apple/Desktop/AudioSoftwareEngineering/Assignments/Assignment2/2022-MUSI6106/googletest/googletest
  make -f /Users/apple/Desktop/AudioSoftwareEngineering/Assignments/Assignment2/2022-MUSI6106/googletest/googletest/CMakeScripts/ReRunCMake.make
fi
if test \"$CONFIGURATION\" = \"Release\"; then :
  cd /Users/apple/Desktop/AudioSoftwareEngineering/Assignments/Assignment2/2022-MUSI6106/googletest/googletest
  make -f /Users/apple/Desktop/AudioSoftwareEngineering/Assignments/Assignment2/2022-MUSI6106/googletest/googletest/CMakeScripts/ReRunCMake.make
fi
if test \"$CONFIGURATION\" = \"MinSizeRel\"; then :
  cd /Users/apple/Desktop/AudioSoftwareEngineering/Assignments/Assignment2/2022-MUSI6106/googletest/googletest
  make -f /Users/apple/Desktop/AudioSoftwareEngineering/Assignments/Assignment2/2022-MUSI6106/googletest/googletest/CMakeScripts/ReRunCMake.make
fi
if test \"$CONFIGURATION\" = \"RelWithDebInfo\"; then :
  cd /Users/apple/Desktop/AudioSoftwareEngineering/Assignments/Assignment2/2022-MUSI6106/googletest/googletest
  make -f /Users/apple/Desktop/AudioSoftwareEngineering/Assignments/Assignment2/2022-MUSI6106/googletest/googletest/CMakeScripts/ReRunCMake.make
fi
";
			showEnvVarsInLog = 0;
		};
		E84D0619A656B25D2782BE10 /* Generate CMakeFiles/ALL_BUILD */ = {
			isa = PBXShellScriptBuildPhase;
			alwaysOutOfDate = 1;
			buildActionMask = 2147483647;
			files = (
			);
			inputPaths = (
			);
			name = "Generate CMakeFiles/ALL_BUILD";
			outputPaths = (
"/Users/apple/Desktop/AudioSoftwareEngineering/Assignments/Assignment2/2022-MUSI6106/googletest/googletest/CMakeFiles/ALL_BUILD"			);
			runOnlyForDeploymentPostprocessing = 0;
			shellPath = /bin/sh;
			shellScript = "set -e
if test \"$CONFIGURATION\" = \"Debug\"; then :
  cd /Users/apple/Desktop/AudioSoftwareEngineering/Assignments/Assignment2/2022-MUSI6106/googletest/googletest
  echo Build\\ all\\ projects
fi
if test \"$CONFIGURATION\" = \"Release\"; then :
  cd /Users/apple/Desktop/AudioSoftwareEngineering/Assignments/Assignment2/2022-MUSI6106/googletest/googletest
  echo Build\\ all\\ projects
fi
if test \"$CONFIGURATION\" = \"MinSizeRel\"; then :
  cd /Users/apple/Desktop/AudioSoftwareEngineering/Assignments/Assignment2/2022-MUSI6106/googletest/googletest
  echo Build\\ all\\ projects
fi
if test \"$CONFIGURATION\" = \"RelWithDebInfo\"; then :
  cd /Users/apple/Desktop/AudioSoftwareEngineering/Assignments/Assignment2/2022-MUSI6106/googletest/googletest
  echo Build\\ all\\ projects
fi
";
			showEnvVarsInLog = 0;
		};
/* End PBXShellScriptBuildPhase section */

/* Begin PBXSourcesBuildPhase section */
		6400134BB9AE4490AEFB1EC0 /* Sources */ = {
			isa = PBXSourcesBuildPhase;
			buildActionMask = 2147483647;
			files = (
				DB18828FCAD5486BB06C7832 /* /Users/apple/Desktop/AudioSoftwareEngineering/Assignments/Assignment2/2022-MUSI6106/3rdparty/googletest/googletest/src/gtest_main.cc */,
			);
			runOnlyForDeploymentPostprocessing = 0;
		};
		BEAAED24ECD24215A363A58F /* Sources */ = {
			isa = PBXSourcesBuildPhase;
			buildActionMask = 2147483647;
			files = (
				AA94C15DD5854261B795819D /* /Users/apple/Desktop/AudioSoftwareEngineering/Assignments/Assignment2/2022-MUSI6106/3rdparty/googletest/googletest/src/gtest-all.cc */,
			);
			runOnlyForDeploymentPostprocessing = 0;
		};
/* End PBXSourcesBuildPhase section */

/* Begin PBXTargetDependency section */
		128FCA7A451D498397B966EF /* PBXTargetDependency */ = {
			isa = PBXTargetDependency;
			target = B9ED3743DC4C49D290774A7B /* gtest */;
			targetProxy = 61803F0A9D6D4CC39B3667CE /* PBXContainerItemProxy */;
		};
		92BB3B97DC3540F4BB8D8F47 /* PBXTargetDependency */ = {
			isa = PBXTargetDependency;
			target = B9ED3743DC4C49D290774A7B /* gtest */;
			targetProxy = 789ACD3DC05B4764BE97BEC0 /* PBXContainerItemProxy */;
		};
		94793382ADE94193A13EB187 /* PBXTargetDependency */ = {
			isa = PBXTargetDependency;
			target = 68E4D3DBDE614674B61E90BB /* ZERO_CHECK */;
			targetProxy = 22470F5E88554227AFE02F16 /* PBXContainerItemProxy */;
		};
		A8857C46B2FA4941A18848B2 /* PBXTargetDependency */ = {
			isa = PBXTargetDependency;
			target = 5929C3B09F604CC88F34CC81 /* gtest_main */;
			targetProxy = E2B8B19309D4416799C7A779 /* PBXContainerItemProxy */;
		};
		C0A9362AAFE14239AE816570 /* PBXTargetDependency */ = {
			isa = PBXTargetDependency;
			target = 68E4D3DBDE614674B61E90BB /* ZERO_CHECK */;
			targetProxy = 320FBF9FE328471AB3C0670A /* PBXContainerItemProxy */;
		};
		CBCD5EBCC1C74BE19C642E95 /* PBXTargetDependency */ = {
			isa = PBXTargetDependency;
			target = 68E4D3DBDE614674B61E90BB /* ZERO_CHECK */;
			targetProxy = 4E642800627844DC90EF53EF /* PBXContainerItemProxy */;
		};
/* End PBXTargetDependency section */

/* Begin XCBuildConfiguration section */
		0D6AA3192A844E57BC8836F6 /* RelWithDebInfo */ = {
			isa = XCBuildConfiguration;
			buildSettings = {
				ARCHS = "$(NATIVE_ARCH_ACTUAL)";
				MACOSX_DEPLOYMENT_TARGET = 10.15;
				ONLY_ACTIVE_ARCH = YES;
				SDKROOT = /Applications/Xcode.app/Contents/Developer/Platforms/MacOSX.platform/Developer/SDKs/MacOSX11.1.sdk;
				SYMROOT = "/Users/apple/Desktop/AudioSoftwareEngineering/Assignments/Assignment2/2022-MUSI6106/googletest/googletest/build";
			};
			name = RelWithDebInfo;
		};
		296C4A3BFB0A44E5B0799B77 /* Debug */ = {
			isa = XCBuildConfiguration;
			buildSettings = {
				COMBINE_HIDPI_IMAGES = YES;
				CONFIGURATION_BUILD_DIR = "/Users/apple/Desktop/AudioSoftwareEngineering/Assignments/Assignment2/2022-MUSI6106/lib/Debug";
				EXECUTABLE_PREFIX = lib;
				EXECUTABLE_SUFFIX = .a;
				GCC_GENERATE_DEBUGGING_SYMBOLS = YES;
				GCC_INLINES_ARE_PRIVATE_EXTERN = NO;
				GCC_OPTIMIZATION_LEVEL = 0;
				GCC_PREPROCESSOR_DEFINITIONS = ("'CMAKE_INTDIR=\"$(CONFIGURATION)$(EFFECTIVE_PLATFORM_NAME)\"'","$(inherited)");
				GCC_SYMBOLS_PRIVATE_EXTERN = NO;
				HEADER_SEARCH_PATHS = ("/Users/apple/Desktop/AudioSoftwareEngineering/Assignments/Assignment2/2022-MUSI6106/3rdparty/googletest/googletest/include","/Users/apple/Desktop/AudioSoftwareEngineering/Assignments/Assignment2/2022-MUSI6106/3rdparty/googletest/googletest","$(inherited)");
				INSTALL_PATH = "";
				LIBRARY_STYLE = STATIC;
				OTHER_CPLUSPLUSFLAGS = "    -DGTEST_HAS_PTHREAD=1   '-std=c++11' ";
				OTHER_LIBTOOLFLAGS = ("");
				OTHER_REZFLAGS = "";
				PRODUCT_NAME = gtestd;
				SECTORDER_FLAGS = "";
				SYMROOT = "/Users/apple/Desktop/AudioSoftwareEngineering/Assignments/Assignment2/2022-MUSI6106/googletest/googletest";
				USE_HEADERMAP = NO;
				WARNING_CFLAGS = ("$(inherited)");
			};
			name = Debug;
		};
		327BE2725AF94C7CBE6A64E1 /* Release */ = {
			isa = XCBuildConfiguration;
			buildSettings = {
				COMBINE_HIDPI_IMAGES = YES;
				GCC_GENERATE_DEBUGGING_SYMBOLS = YES;
				GCC_INLINES_ARE_PRIVATE_EXTERN = NO;
				GCC_OPTIMIZATION_LEVEL = 0;
				GCC_PREPROCESSOR_DEFINITIONS = ("'CMAKE_INTDIR=\"$(CONFIGURATION)$(EFFECTIVE_PLATFORM_NAME)\"'","$(inherited)");
				GCC_SYMBOLS_PRIVATE_EXTERN = NO;
				INSTALL_PATH = "";
				OTHER_LDFLAGS = ("","$(inherited)");
				OTHER_REZFLAGS = "";
				PRODUCT_NAME = ZERO_CHECK;
				SECTORDER_FLAGS = "";
				SYMROOT = "/Users/apple/Desktop/AudioSoftwareEngineering/Assignments/Assignment2/2022-MUSI6106/googletest/googletest";
				USE_HEADERMAP = NO;
				WARNING_CFLAGS = ("$(inherited)");
			};
			name = Release;
		};
		35505783516049AA8528ACD3 /* RelWithDebInfo */ = {
			isa = XCBuildConfiguration;
			buildSettings = {
				COMBINE_HIDPI_IMAGES = YES;
				CONFIGURATION_BUILD_DIR = "/Users/apple/Desktop/AudioSoftwareEngineering/Assignments/Assignment2/2022-MUSI6106/lib/relwithdebinfo";
				EXECUTABLE_PREFIX = lib;
				EXECUTABLE_SUFFIX = .a;
				GCC_GENERATE_DEBUGGING_SYMBOLS = YES;
				GCC_INLINES_ARE_PRIVATE_EXTERN = NO;
				GCC_OPTIMIZATION_LEVEL = 2;
				GCC_PREPROCESSOR_DEFINITIONS = ("'CMAKE_INTDIR=\"$(CONFIGURATION)$(EFFECTIVE_PLATFORM_NAME)\"'","$(inherited)");
				GCC_SYMBOLS_PRIVATE_EXTERN = NO;
				INSTALL_PATH = "";
				LIBRARY_STYLE = STATIC;
				OTHER_CPLUSPLUSFLAGS = "       -DNDEBUG  -DGTEST_HAS_PTHREAD=1   '-std=c++11' ";
				OTHER_LIBTOOLFLAGS = ("");
				OTHER_REZFLAGS = "";
				PRODUCT_NAME = gtest_main;
				SECTORDER_FLAGS = "";
				SYMROOT = "/Users/apple/Desktop/AudioSoftwareEngineering/Assignments/Assignment2/2022-MUSI6106/googletest/googletest";
				SYSTEM_HEADER_SEARCH_PATHS = ("/Users/apple/Desktop/AudioSoftwareEngineering/Assignments/Assignment2/2022-MUSI6106/3rdparty/googletest/googletest/include","/Users/apple/Desktop/AudioSoftwareEngineering/Assignments/Assignment2/2022-MUSI6106/3rdparty/googletest/googletest","$(inherited)");
				USE_HEADERMAP = NO;
				WARNING_CFLAGS = ("$(inherited)");
			};
			name = RelWithDebInfo;
		};
		3C9FC33AB9B540538E511B9E /* Release */ = {
			isa = XCBuildConfiguration;
			buildSettings = {
				COMBINE_HIDPI_IMAGES = YES;
				CONFIGURATION_BUILD_DIR = "/Users/apple/Desktop/AudioSoftwareEngineering/Assignments/Assignment2/2022-MUSI6106/lib/Release";
				EXECUTABLE_PREFIX = lib;
				EXECUTABLE_SUFFIX = .a;
				GCC_GENERATE_DEBUGGING_SYMBOLS = NO;
				GCC_INLINES_ARE_PRIVATE_EXTERN = NO;
				GCC_OPTIMIZATION_LEVEL = 3;
				GCC_PREPROCESSOR_DEFINITIONS = ("'CMAKE_INTDIR=\"$(CONFIGURATION)$(EFFECTIVE_PLATFORM_NAME)\"'","$(inherited)");
				GCC_SYMBOLS_PRIVATE_EXTERN = NO;
				INSTALL_PATH = "";
				LIBRARY_STYLE = STATIC;
				OTHER_CPLUSPLUSFLAGS = "    -DNDEBUG  -DGTEST_HAS_PTHREAD=1   '-std=c++11' ";
				OTHER_LIBTOOLFLAGS = ("");
				OTHER_REZFLAGS = "";
				PRODUCT_NAME = gtest_main;
				SECTORDER_FLAGS = "";
				SYMROOT = "/Users/apple/Desktop/AudioSoftwareEngineering/Assignments/Assignment2/2022-MUSI6106/googletest/googletest";
				SYSTEM_HEADER_SEARCH_PATHS = ("/Users/apple/Desktop/AudioSoftwareEngineering/Assignments/Assignment2/2022-MUSI6106/3rdparty/googletest/googletest/include","/Users/apple/Desktop/AudioSoftwareEngineering/Assignments/Assignment2/2022-MUSI6106/3rdparty/googletest/googletest","$(inherited)");
				USE_HEADERMAP = NO;
				WARNING_CFLAGS = ("$(inherited)");
			};
			name = Release;
		};
		3F0A5D0D750E4304AD64D587 /* Debug */ = {
			isa = XCBuildConfiguration;
			buildSettings = {
				COMBINE_HIDPI_IMAGES = YES;
				GCC_GENERATE_DEBUGGING_SYMBOLS = YES;
				GCC_INLINES_ARE_PRIVATE_EXTERN = NO;
				GCC_OPTIMIZATION_LEVEL = 0;
				GCC_PREPROCESSOR_DEFINITIONS = ("'CMAKE_INTDIR=\"$(CONFIGURATION)$(EFFECTIVE_PLATFORM_NAME)\"'","$(inherited)");
				GCC_SYMBOLS_PRIVATE_EXTERN = NO;
				INSTALL_PATH = "";
				OTHER_LDFLAGS = ("","$(inherited)");
				OTHER_REZFLAGS = "";
				PRODUCT_NAME = ZERO_CHECK;
				SECTORDER_FLAGS = "";
				SYMROOT = "/Users/apple/Desktop/AudioSoftwareEngineering/Assignments/Assignment2/2022-MUSI6106/googletest/googletest";
				USE_HEADERMAP = NO;
				WARNING_CFLAGS = ("$(inherited)");
			};
			name = Debug;
		};
		539C0C6CB60B4EB18F3F050A /* RelWithDebInfo */ = {
			isa = XCBuildConfiguration;
			buildSettings = {
				COMBINE_HIDPI_IMAGES = YES;
				GCC_GENERATE_DEBUGGING_SYMBOLS = YES;
				GCC_INLINES_ARE_PRIVATE_EXTERN = NO;
				GCC_OPTIMIZATION_LEVEL = 0;
				GCC_PREPROCESSOR_DEFINITIONS = ("'CMAKE_INTDIR=\"$(CONFIGURATION)$(EFFECTIVE_PLATFORM_NAME)\"'","$(inherited)");
				GCC_SYMBOLS_PRIVATE_EXTERN = NO;
				INSTALL_PATH = "";
				OTHER_LDFLAGS = ("","$(inherited)");
				OTHER_REZFLAGS = "";
				PRODUCT_NAME = ALL_BUILD;
				SECTORDER_FLAGS = "";
				SYMROOT = "/Users/apple/Desktop/AudioSoftwareEngineering/Assignments/Assignment2/2022-MUSI6106/googletest/googletest";
				USE_HEADERMAP = NO;
				WARNING_CFLAGS = ("$(inherited)");
			};
			name = RelWithDebInfo;
		};
		5FEEB0A7724E4E75ACAB01F6 /* Release */ = {
			isa = XCBuildConfiguration;
			buildSettings = {
				COMBINE_HIDPI_IMAGES = YES;
				GCC_GENERATE_DEBUGGING_SYMBOLS = YES;
				GCC_INLINES_ARE_PRIVATE_EXTERN = NO;
				GCC_OPTIMIZATION_LEVEL = 0;
				GCC_PREPROCESSOR_DEFINITIONS = ("'CMAKE_INTDIR=\"$(CONFIGURATION)$(EFFECTIVE_PLATFORM_NAME)\"'","$(inherited)");
				GCC_SYMBOLS_PRIVATE_EXTERN = NO;
				INSTALL_PATH = "";
				OTHER_LDFLAGS = ("","$(inherited)");
				OTHER_REZFLAGS = "";
				PRODUCT_NAME = ALL_BUILD;
				SECTORDER_FLAGS = "";
				SYMROOT = "/Users/apple/Desktop/AudioSoftwareEngineering/Assignments/Assignment2/2022-MUSI6106/googletest/googletest";
				USE_HEADERMAP = NO;
				WARNING_CFLAGS = ("$(inherited)");
			};
			name = Release;
		};
		8234991D4DFC48FAA6345D66 /* MinSizeRel */ = {
			isa = XCBuildConfiguration;
			buildSettings = {
				COMBINE_HIDPI_IMAGES = YES;
				CONFIGURATION_BUILD_DIR = "/Users/apple/Desktop/AudioSoftwareEngineering/Assignments/Assignment2/2022-MUSI6106/lib/MinSizeRel";
				EXECUTABLE_PREFIX = lib;
				EXECUTABLE_SUFFIX = .a;
				GCC_GENERATE_DEBUGGING_SYMBOLS = NO;
				GCC_INLINES_ARE_PRIVATE_EXTERN = NO;
				GCC_OPTIMIZATION_LEVEL = s;
				GCC_PREPROCESSOR_DEFINITIONS = ("'CMAKE_INTDIR=\"$(CONFIGURATION)$(EFFECTIVE_PLATFORM_NAME)\"'","$(inherited)");
				GCC_SYMBOLS_PRIVATE_EXTERN = NO;
				INSTALL_PATH = "";
				LIBRARY_STYLE = STATIC;
				OTHER_CPLUSPLUSFLAGS = "    -DNDEBUG  -DGTEST_HAS_PTHREAD=1   '-std=c++11' ";
				OTHER_LIBTOOLFLAGS = ("");
				OTHER_REZFLAGS = "";
				PRODUCT_NAME = gtest_main;
				SECTORDER_FLAGS = "";
				SYMROOT = "/Users/apple/Desktop/AudioSoftwareEngineering/Assignments/Assignment2/2022-MUSI6106/googletest/googletest";
				SYSTEM_HEADER_SEARCH_PATHS = ("/Users/apple/Desktop/AudioSoftwareEngineering/Assignments/Assignment2/2022-MUSI6106/3rdparty/googletest/googletest/include","/Users/apple/Desktop/AudioSoftwareEngineering/Assignments/Assignment2/2022-MUSI6106/3rdparty/googletest/googletest","$(inherited)");
				USE_HEADERMAP = NO;
				WARNING_CFLAGS = ("$(inherited)");
			};
			name = MinSizeRel;
		};
		893D0C41E4614586AF4AE8FF /* Release */ = {
			isa = XCBuildConfiguration;
			buildSettings = {
				ARCHS = "$(NATIVE_ARCH_ACTUAL)";
				MACOSX_DEPLOYMENT_TARGET = 10.15;
				ONLY_ACTIVE_ARCH = YES;
				SDKROOT = /Applications/Xcode.app/Contents/Developer/Platforms/MacOSX.platform/Developer/SDKs/MacOSX11.1.sdk;
				SYMROOT = "/Users/apple/Desktop/AudioSoftwareEngineering/Assignments/Assignment2/2022-MUSI6106/googletest/googletest/build";
			};
			name = Release;
		};
		8E590BFC2A9F4BA0B3830DB5 /* RelWithDebInfo */ = {
			isa = XCBuildConfiguration;
			buildSettings = {
				COMBINE_HIDPI_IMAGES = YES;
				CONFIGURATION_BUILD_DIR = "/Users/apple/Desktop/AudioSoftwareEngineering/Assignments/Assignment2/2022-MUSI6106/lib/relwithdebinfo";
				EXECUTABLE_PREFIX = lib;
				EXECUTABLE_SUFFIX = .a;
				GCC_GENERATE_DEBUGGING_SYMBOLS = YES;
				GCC_INLINES_ARE_PRIVATE_EXTERN = NO;
				GCC_OPTIMIZATION_LEVEL = 2;
				GCC_PREPROCESSOR_DEFINITIONS = ("'CMAKE_INTDIR=\"$(CONFIGURATION)$(EFFECTIVE_PLATFORM_NAME)\"'","$(inherited)");
				GCC_SYMBOLS_PRIVATE_EXTERN = NO;
				HEADER_SEARCH_PATHS = ("/Users/apple/Desktop/AudioSoftwareEngineering/Assignments/Assignment2/2022-MUSI6106/3rdparty/googletest/googletest/include","/Users/apple/Desktop/AudioSoftwareEngineering/Assignments/Assignment2/2022-MUSI6106/3rdparty/googletest/googletest","$(inherited)");
				INSTALL_PATH = "";
				LIBRARY_STYLE = STATIC;
				OTHER_CPLUSPLUSFLAGS = "       -DNDEBUG  -DGTEST_HAS_PTHREAD=1   '-std=c++11' ";
				OTHER_LIBTOOLFLAGS = ("");
				OTHER_REZFLAGS = "";
				PRODUCT_NAME = gtest;
				SECTORDER_FLAGS = "";
				SYMROOT = "/Users/apple/Desktop/AudioSoftwareEngineering/Assignments/Assignment2/2022-MUSI6106/googletest/googletest";
				USE_HEADERMAP = NO;
				WARNING_CFLAGS = ("$(inherited)");
			};
			name = RelWithDebInfo;
		};
		AE84011EE289409A9A9A9464 /* Release */ = {
			isa = XCBuildConfiguration;
			buildSettings = {
				COMBINE_HIDPI_IMAGES = YES;
				CONFIGURATION_BUILD_DIR = "/Users/apple/Desktop/AudioSoftwareEngineering/Assignments/Assignment2/2022-MUSI6106/lib/Release";
				EXECUTABLE_PREFIX = lib;
				EXECUTABLE_SUFFIX = .a;
				GCC_GENERATE_DEBUGGING_SYMBOLS = NO;
				GCC_INLINES_ARE_PRIVATE_EXTERN = NO;
				GCC_OPTIMIZATION_LEVEL = 3;
				GCC_PREPROCESSOR_DEFINITIONS = ("'CMAKE_INTDIR=\"$(CONFIGURATION)$(EFFECTIVE_PLATFORM_NAME)\"'","$(inherited)");
				GCC_SYMBOLS_PRIVATE_EXTERN = NO;
				HEADER_SEARCH_PATHS = ("/Users/apple/Desktop/AudioSoftwareEngineering/Assignments/Assignment2/2022-MUSI6106/3rdparty/googletest/googletest/include","/Users/apple/Desktop/AudioSoftwareEngineering/Assignments/Assignment2/2022-MUSI6106/3rdparty/googletest/googletest","$(inherited)");
				INSTALL_PATH = "";
				LIBRARY_STYLE = STATIC;
				OTHER_CPLUSPLUSFLAGS = "    -DNDEBUG  -DGTEST_HAS_PTHREAD=1   '-std=c++11' ";
				OTHER_LIBTOOLFLAGS = ("");
				OTHER_REZFLAGS = "";
				PRODUCT_NAME = gtest;
				SECTORDER_FLAGS = "";
				SYMROOT = "/Users/apple/Desktop/AudioSoftwareEngineering/Assignments/Assignment2/2022-MUSI6106/googletest/googletest";
				USE_HEADERMAP = NO;
				WARNING_CFLAGS = ("$(inherited)");
			};
			name = Release;
		};
		AEB6BB60966748FE8A6CED8B /* Debug */ = {
			isa = XCBuildConfiguration;
			buildSettings = {
				COMBINE_HIDPI_IMAGES = YES;
				GCC_GENERATE_DEBUGGING_SYMBOLS = YES;
				GCC_INLINES_ARE_PRIVATE_EXTERN = NO;
				GCC_OPTIMIZATION_LEVEL = 0;
				GCC_PREPROCESSOR_DEFINITIONS = ("'CMAKE_INTDIR=\"$(CONFIGURATION)$(EFFECTIVE_PLATFORM_NAME)\"'","$(inherited)");
				GCC_SYMBOLS_PRIVATE_EXTERN = NO;
				INSTALL_PATH = "";
				OTHER_LDFLAGS = ("","$(inherited)");
				OTHER_REZFLAGS = "";
				PRODUCT_NAME = ALL_BUILD;
				SECTORDER_FLAGS = "";
				SYMROOT = "/Users/apple/Desktop/AudioSoftwareEngineering/Assignments/Assignment2/2022-MUSI6106/googletest/googletest";
				USE_HEADERMAP = NO;
				WARNING_CFLAGS = ("$(inherited)");
			};
			name = Debug;
		};
		B4C234EDCA084EE58F4ECF28 /* MinSizeRel */ = {
			isa = XCBuildConfiguration;
			buildSettings = {
				COMBINE_HIDPI_IMAGES = YES;
				CONFIGURATION_BUILD_DIR = "/Users/apple/Desktop/AudioSoftwareEngineering/Assignments/Assignment2/2022-MUSI6106/lib/MinSizeRel";
				EXECUTABLE_PREFIX = lib;
				EXECUTABLE_SUFFIX = .a;
				GCC_GENERATE_DEBUGGING_SYMBOLS = NO;
				GCC_INLINES_ARE_PRIVATE_EXTERN = NO;
				GCC_OPTIMIZATION_LEVEL = s;
				GCC_PREPROCESSOR_DEFINITIONS = ("'CMAKE_INTDIR=\"$(CONFIGURATION)$(EFFECTIVE_PLATFORM_NAME)\"'","$(inherited)");
				GCC_SYMBOLS_PRIVATE_EXTERN = NO;
				HEADER_SEARCH_PATHS = ("/Users/apple/Desktop/AudioSoftwareEngineering/Assignments/Assignment2/2022-MUSI6106/3rdparty/googletest/googletest/include","/Users/apple/Desktop/AudioSoftwareEngineering/Assignments/Assignment2/2022-MUSI6106/3rdparty/googletest/googletest","$(inherited)");
				INSTALL_PATH = "";
				LIBRARY_STYLE = STATIC;
				OTHER_CPLUSPLUSFLAGS = "    -DNDEBUG  -DGTEST_HAS_PTHREAD=1   '-std=c++11' ";
				OTHER_LIBTOOLFLAGS = ("");
				OTHER_REZFLAGS = "";
				PRODUCT_NAME = gtest;
				SECTORDER_FLAGS = "";
				SYMROOT = "/Users/apple/Desktop/AudioSoftwareEngineering/Assignments/Assignment2/2022-MUSI6106/googletest/googletest";
				USE_HEADERMAP = NO;
				WARNING_CFLAGS = ("$(inherited)");
			};
			name = MinSizeRel;
		};
		B91AC3FB21F749AB9B8CC5D9 /* Debug */ = {
			isa = XCBuildConfiguration;
			buildSettings = {
				COMBINE_HIDPI_IMAGES = YES;
				CONFIGURATION_BUILD_DIR = "/Users/apple/Desktop/AudioSoftwareEngineering/Assignments/Assignment2/2022-MUSI6106/lib/Debug";
				EXECUTABLE_PREFIX = lib;
				EXECUTABLE_SUFFIX = .a;
				GCC_GENERATE_DEBUGGING_SYMBOLS = YES;
				GCC_INLINES_ARE_PRIVATE_EXTERN = NO;
				GCC_OPTIMIZATION_LEVEL = 0;
				GCC_PREPROCESSOR_DEFINITIONS = ("'CMAKE_INTDIR=\"$(CONFIGURATION)$(EFFECTIVE_PLATFORM_NAME)\"'","$(inherited)");
				GCC_SYMBOLS_PRIVATE_EXTERN = NO;
				INSTALL_PATH = "";
				LIBRARY_STYLE = STATIC;
				OTHER_CPLUSPLUSFLAGS = "    -DGTEST_HAS_PTHREAD=1   '-std=c++11' ";
				OTHER_LIBTOOLFLAGS = ("");
				OTHER_REZFLAGS = "";
				PRODUCT_NAME = gtest_maind;
				SECTORDER_FLAGS = "";
				SYMROOT = "/Users/apple/Desktop/AudioSoftwareEngineering/Assignments/Assignment2/2022-MUSI6106/googletest/googletest";
				SYSTEM_HEADER_SEARCH_PATHS = ("/Users/apple/Desktop/AudioSoftwareEngineering/Assignments/Assignment2/2022-MUSI6106/3rdparty/googletest/googletest/include","/Users/apple/Desktop/AudioSoftwareEngineering/Assignments/Assignment2/2022-MUSI6106/3rdparty/googletest/googletest","$(inherited)");
				USE_HEADERMAP = NO;
				WARNING_CFLAGS = ("$(inherited)");
			};
			name = Debug;
		};
		C7539086697E4D0A84A25E22 /* MinSizeRel */ = {
			isa = XCBuildConfiguration;
			buildSettings = {
				ARCHS = "$(NATIVE_ARCH_ACTUAL)";
				MACOSX_DEPLOYMENT_TARGET = 10.15;
				ONLY_ACTIVE_ARCH = YES;
				SDKROOT = /Applications/Xcode.app/Contents/Developer/Platforms/MacOSX.platform/Developer/SDKs/MacOSX11.1.sdk;
				SYMROOT = "/Users/apple/Desktop/AudioSoftwareEngineering/Assignments/Assignment2/2022-MUSI6106/googletest/googletest/build";
			};
			name = MinSizeRel;
		};
		D62F6EBB2B524A67B9B4E1BE /* Debug */ = {
			isa = XCBuildConfiguration;
			buildSettings = {
				ARCHS = "$(NATIVE_ARCH_ACTUAL)";
				MACOSX_DEPLOYMENT_TARGET = 10.15;
				ONLY_ACTIVE_ARCH = YES;
				SDKROOT = /Applications/Xcode.app/Contents/Developer/Platforms/MacOSX.platform/Developer/SDKs/MacOSX11.1.sdk;
				SYMROOT = "/Users/apple/Desktop/AudioSoftwareEngineering/Assignments/Assignment2/2022-MUSI6106/googletest/googletest/build";
			};
			name = Debug;
		};
		DB358FB9D43742778E1F0589 /* MinSizeRel */ = {
			isa = XCBuildConfiguration;
			buildSettings = {
				COMBINE_HIDPI_IMAGES = YES;
				GCC_GENERATE_DEBUGGING_SYMBOLS = YES;
				GCC_INLINES_ARE_PRIVATE_EXTERN = NO;
				GCC_OPTIMIZATION_LEVEL = 0;
				GCC_PREPROCESSOR_DEFINITIONS = ("'CMAKE_INTDIR=\"$(CONFIGURATION)$(EFFECTIVE_PLATFORM_NAME)\"'","$(inherited)");
				GCC_SYMBOLS_PRIVATE_EXTERN = NO;
				INSTALL_PATH = "";
				OTHER_LDFLAGS = ("","$(inherited)");
				OTHER_REZFLAGS = "";
				PRODUCT_NAME = ALL_BUILD;
				SECTORDER_FLAGS = "";
				SYMROOT = "/Users/apple/Desktop/AudioSoftwareEngineering/Assignments/Assignment2/2022-MUSI6106/googletest/googletest";
				USE_HEADERMAP = NO;
				WARNING_CFLAGS = ("$(inherited)");
			};
			name = MinSizeRel;
		};
		E4113C1E162C4118BAF58D0D /* RelWithDebInfo */ = {
			isa = XCBuildConfiguration;
			buildSettings = {
				COMBINE_HIDPI_IMAGES = YES;
				GCC_GENERATE_DEBUGGING_SYMBOLS = YES;
				GCC_INLINES_ARE_PRIVATE_EXTERN = NO;
				GCC_OPTIMIZATION_LEVEL = 0;
				GCC_PREPROCESSOR_DEFINITIONS = ("'CMAKE_INTDIR=\"$(CONFIGURATION)$(EFFECTIVE_PLATFORM_NAME)\"'","$(inherited)");
				GCC_SYMBOLS_PRIVATE_EXTERN = NO;
				INSTALL_PATH = "";
				OTHER_LDFLAGS = ("","$(inherited)");
				OTHER_REZFLAGS = "";
				PRODUCT_NAME = ZERO_CHECK;
				SECTORDER_FLAGS = "";
				SYMROOT = "/Users/apple/Desktop/AudioSoftwareEngineering/Assignments/Assignment2/2022-MUSI6106/googletest/googletest";
				USE_HEADERMAP = NO;
				WARNING_CFLAGS = ("$(inherited)");
			};
			name = RelWithDebInfo;
		};
		E724DD319C24475584F21DC3 /* MinSizeRel */ = {
			isa = XCBuildConfiguration;
			buildSettings = {
				COMBINE_HIDPI_IMAGES = YES;
				GCC_GENERATE_DEBUGGING_SYMBOLS = YES;
				GCC_INLINES_ARE_PRIVATE_EXTERN = NO;
				GCC_OPTIMIZATION_LEVEL = 0;
				GCC_PREPROCESSOR_DEFINITIONS = ("'CMAKE_INTDIR=\"$(CONFIGURATION)$(EFFECTIVE_PLATFORM_NAME)\"'","$(inherited)");
				GCC_SYMBOLS_PRIVATE_EXTERN = NO;
				INSTALL_PATH = "";
				OTHER_LDFLAGS = ("","$(inherited)");
				OTHER_REZFLAGS = "";
				PRODUCT_NAME = ZERO_CHECK;
				SECTORDER_FLAGS = "";
				SYMROOT = "/Users/apple/Desktop/AudioSoftwareEngineering/Assignments/Assignment2/2022-MUSI6106/googletest/googletest";
				USE_HEADERMAP = NO;
				WARNING_CFLAGS = ("$(inherited)");
			};
			name = MinSizeRel;
		};
/* End XCBuildConfiguration section */

/* Begin XCConfigurationList section */
		56938087E5C84709AB54A0C3 /* Build configuration list for PBXProject "gtest" */ = {
			isa = XCConfigurationList;
			buildConfigurations = (
				D62F6EBB2B524A67B9B4E1BE /* Debug */,
				893D0C41E4614586AF4AE8FF /* Release */,
				C7539086697E4D0A84A25E22 /* MinSizeRel */,
				0D6AA3192A844E57BC8836F6 /* RelWithDebInfo */,
			);
			defaultConfigurationIsVisible = 0;
			defaultConfigurationName = Debug;
		};
		6E4E3B57C58A4C779C8CE9B8 /* Build configuration list for PBXAggregateTarget "ZERO_CHECK" */ = {
			isa = XCConfigurationList;
			buildConfigurations = (
				3F0A5D0D750E4304AD64D587 /* Debug */,
				327BE2725AF94C7CBE6A64E1 /* Release */,
				E724DD319C24475584F21DC3 /* MinSizeRel */,
				E4113C1E162C4118BAF58D0D /* RelWithDebInfo */,
			);
			defaultConfigurationIsVisible = 0;
			defaultConfigurationName = Debug;
		};
		A12CAE94507E45BBB91B0C7C /* Build configuration list for PBXNativeTarget "gtest" */ = {
			isa = XCConfigurationList;
			buildConfigurations = (
				296C4A3BFB0A44E5B0799B77 /* Debug */,
				AE84011EE289409A9A9A9464 /* Release */,
				B4C234EDCA084EE58F4ECF28 /* MinSizeRel */,
				8E590BFC2A9F4BA0B3830DB5 /* RelWithDebInfo */,
			);
			defaultConfigurationIsVisible = 0;
			defaultConfigurationName = Debug;
		};
		CCDA6B4406214E91ACDEF7EF /* Build configuration list for PBXAggregateTarget "ALL_BUILD" */ = {
			isa = XCConfigurationList;
			buildConfigurations = (
				AEB6BB60966748FE8A6CED8B /* Debug */,
				5FEEB0A7724E4E75ACAB01F6 /* Release */,
				DB358FB9D43742778E1F0589 /* MinSizeRel */,
				539C0C6CB60B4EB18F3F050A /* RelWithDebInfo */,
			);
			defaultConfigurationIsVisible = 0;
			defaultConfigurationName = Debug;
		};
		EB14CC98C3FC4D0A86BC224B /* Build configuration list for PBXNativeTarget "gtest_main" */ = {
			isa = XCConfigurationList;
			buildConfigurations = (
				B91AC3FB21F749AB9B8CC5D9 /* Debug */,
				3C9FC33AB9B540538E511B9E /* Release */,
				8234991D4DFC48FAA6345D66 /* MinSizeRel */,
				35505783516049AA8528ACD3 /* RelWithDebInfo */,
			);
			defaultConfigurationIsVisible = 0;
			defaultConfigurationName = Debug;
		};
/* End XCConfigurationList section */
	};
	rootObject = 93639C74E1AE494BA620536A /* Project object */;
}
