// !$*UTF8*$!
{
	archiveVersion = 1;
	classes = {
	};
	objectVersion = 46;
	objects = {

/* Begin PBXAggregateTarget section */
		3C29DD8A09314F668AB0CBDB /* ZERO_CHECK */ = {
			isa = PBXAggregateTarget;
			buildConfigurationList = 4409EE7C93DE4DF5BB963F48 /* Build configuration list for PBXAggregateTarget "ZERO_CHECK" */;
			buildPhases = (
				446CCD20D4B81B175152FC30 /* Generate CMakeFiles/ZERO_CHECK */,
			);
			dependencies = (
			);
			name = ZERO_CHECK;
			productName = ZERO_CHECK;
		};
		7D53FCCE71D343B38F774277 /* ALL_BUILD */ = {
			isa = PBXAggregateTarget;
			buildConfigurationList = 7B5D12B9F1304FEC8107B64A /* Build configuration list for PBXAggregateTarget "ALL_BUILD" */;
			buildPhases = (
				97F01F0919E0A8B24FB7D15E /* Generate CMakeFiles/ALL_BUILD */,
			);
			dependencies = (
				872A168755484343825E5185 /* PBXTargetDependency */,
				36EFBC4CF0F74997B2E2C500 /* PBXTargetDependency */,
				54D29268005740DA963082F4 /* PBXTargetDependency */,
			);
			name = ALL_BUILD;
			productName = ALL_BUILD;
		};
/* End PBXAggregateTarget section */

/* Begin PBXBuildFile section */
		284A72361E1D4D72B88AA2DF /* /Users/apple/Desktop/AudioSoftwareEngineering/Assignments/Assignment2/2022-MUSI6106/3rdparty/googletest/googletest/src/gtest-all.cc */ = {isa = PBXBuildFile; fileRef = 7EE3560D3E6D4EF5B4D5E689 /* /Users/apple/Desktop/AudioSoftwareEngineering/Assignments/Assignment2/2022-MUSI6106/3rdparty/googletest/googletest/src/gtest-all.cc */; };
		489BD98187884344BE543DBA /* /Users/apple/Desktop/AudioSoftwareEngineering/Assignments/Assignment2/2022-MUSI6106/3rdparty/googletest/googletest/CMakeLists.txt */ = {isa = PBXBuildFile; fileRef = CAAF9B6DEF324372BE8B6AD1 /* /Users/apple/Desktop/AudioSoftwareEngineering/Assignments/Assignment2/2022-MUSI6106/3rdparty/googletest/googletest/CMakeLists.txt */; };
		B0E3694E0AAB4C4D8D932E47 /* /Users/apple/Desktop/AudioSoftwareEngineering/Assignments/Assignment2/2022-MUSI6106/3rdparty/googletest/googletest/src/gtest_main.cc */ = {isa = PBXBuildFile; fileRef = F117E1A867234306B3722A45 /* /Users/apple/Desktop/AudioSoftwareEngineering/Assignments/Assignment2/2022-MUSI6106/3rdparty/googletest/googletest/src/gtest_main.cc */; };
		D718E9771D0A403D9838FC36 /* /Users/apple/Desktop/AudioSoftwareEngineering/Assignments/Assignment2/2022-MUSI6106/3rdparty/googletest/googletest/CMakeLists.txt */ = {isa = PBXBuildFile; fileRef = A1F011F15C374F74BAD8E72E /* /Users/apple/Desktop/AudioSoftwareEngineering/Assignments/Assignment2/2022-MUSI6106/3rdparty/googletest/googletest/CMakeLists.txt */; };
/* End PBXBuildFile section */

/* Begin PBXBuildStyle section */
		196A315694914EA6A50C7674 /* MinSizeRel */ = {
			isa = PBXBuildStyle;
			buildSettings = {
				COPY_PHASE_STRIP = NO;
			};
			name = MinSizeRel;
		};
		649C8220ADEF48D9BEABD9E6 /* RelWithDebInfo */ = {
			isa = PBXBuildStyle;
			buildSettings = {
				COPY_PHASE_STRIP = NO;
			};
			name = RelWithDebInfo;
		};
		EF3245166CB344FD9817A20C /* Debug */ = {
			isa = PBXBuildStyle;
			buildSettings = {
				COPY_PHASE_STRIP = NO;
			};
			name = Debug;
		};
		FDC80E783D4F4D679579F7C7 /* Release */ = {
			isa = PBXBuildStyle;
			buildSettings = {
				COPY_PHASE_STRIP = NO;
			};
			name = Release;
		};
/* End PBXBuildStyle section */

/* Begin PBXContainerItemProxy section */
		5296EF830D6D46F3A4204D67 /* PBXContainerItemProxy */ = {
			isa = PBXContainerItemProxy;
			containerPortal = B4E08B40EB434CC481384778 /* Project object */;
			proxyType = 1;
			remoteGlobalIDString = E05E277FA4CA437F9CD37954;
			remoteInfo = gtest;
		};
		75AAF92FF37D404BA426E823 /* PBXContainerItemProxy */ = {
			isa = PBXContainerItemProxy;
			containerPortal = B4E08B40EB434CC481384778 /* Project object */;
			proxyType = 1;
			remoteGlobalIDString = BB33C5FE2BC44CAA82728BAC;
			remoteInfo = gtest_main;
		};
		7FDBB7527FB341C0B36C4B43 /* PBXContainerItemProxy */ = {
			isa = PBXContainerItemProxy;
			containerPortal = B4E08B40EB434CC481384778 /* Project object */;
			proxyType = 1;
			remoteGlobalIDString = 3C29DD8A09314F668AB0CBDB;
			remoteInfo = ZERO_CHECK;
		};
		EDAE9B8F8BF14587AA31E3A5 /* PBXContainerItemProxy */ = {
			isa = PBXContainerItemProxy;
			containerPortal = B4E08B40EB434CC481384778 /* Project object */;
			proxyType = 1;
			remoteGlobalIDString = E05E277FA4CA437F9CD37954;
			remoteInfo = gtest;
		};
/* End PBXContainerItemProxy section */

/* Begin PBXFileReference section */
		08D36108633E4D0E8F1EFDB8 /* gtest */ = {isa = PBXFileReference; explicitFileType = archive.ar; path = libgtestd.a; sourceTree = BUILT_PRODUCTS_DIR; };
		71471393D7D24F918F6AFA21 /* /Users/apple/Desktop/AudioSoftwareEngineering/Assignments/Assignment2/2022-MUSI6106/3rdparty/googletest/CMakeLists.txt */ = {isa = PBXFileReference; explicitFileType = sourcecode.text; fileEncoding = 4; name = CMakeLists.txt; path = CMakeLists.txt; sourceTree = SOURCE_ROOT; };
		7EE3560D3E6D4EF5B4D5E689 /* /Users/apple/Desktop/AudioSoftwareEngineering/Assignments/Assignment2/2022-MUSI6106/3rdparty/googletest/googletest/src/gtest-all.cc */ = {isa = PBXFileReference; explicitFileType = sourcecode.cpp.cpp; fileEncoding = 4; name = "gtest-all.cc"; path = "googletest/src/gtest-all.cc"; sourceTree = SOURCE_ROOT; };
		A1F011F15C374F74BAD8E72E /* /Users/apple/Desktop/AudioSoftwareEngineering/Assignments/Assignment2/2022-MUSI6106/3rdparty/googletest/googletest/CMakeLists.txt */ = {isa = PBXFileReference; explicitFileType = sourcecode.text; fileEncoding = 4; name = CMakeLists.txt; path = googletest/CMakeLists.txt; sourceTree = SOURCE_ROOT; };
		CAAF9B6DEF324372BE8B6AD1 /* /Users/apple/Desktop/AudioSoftwareEngineering/Assignments/Assignment2/2022-MUSI6106/3rdparty/googletest/googletest/CMakeLists.txt */ = {isa = PBXFileReference; explicitFileType = sourcecode.text; fileEncoding = 4; name = CMakeLists.txt; path = googletest/CMakeLists.txt; sourceTree = SOURCE_ROOT; };
		F06AB3873ACA4065866E8C91 /* gtest_main */ = {isa = PBXFileReference; explicitFileType = archive.ar; path = libgtest_maind.a; sourceTree = BUILT_PRODUCTS_DIR; };
		F117E1A867234306B3722A45 /* /Users/apple/Desktop/AudioSoftwareEngineering/Assignments/Assignment2/2022-MUSI6106/3rdparty/googletest/googletest/src/gtest_main.cc */ = {isa = PBXFileReference; explicitFileType = sourcecode.cpp.cpp; fileEncoding = 4; name = gtest_main.cc; path = googletest/src/gtest_main.cc; sourceTree = SOURCE_ROOT; };
/* End PBXFileReference section */

/* Begin PBXFrameworksBuildPhase section */
		027EAE10B8C94D50B5E7BD58 /* Frameworks */ = {
			isa = PBXFrameworksBuildPhase;
			buildActionMask = 2147483647;
			files = (
			);
			runOnlyForDeploymentPostprocessing = 0;
		};
		6BA2FDDB0DC44BE8BCD95978 /* Frameworks */ = {
			isa = PBXFrameworksBuildPhase;
			buildActionMask = 2147483647;
			files = (
			);
			runOnlyForDeploymentPostprocessing = 0;
		};
/* End PBXFrameworksBuildPhase section */

/* Begin PBXGroup section */
		08D3B2D1F4F143BABD81A325 /* Source Files */ = {
			isa = PBXGroup;
			children = (
				F117E1A867234306B3722A45 /* /Users/apple/Desktop/AudioSoftwareEngineering/Assignments/Assignment2/2022-MUSI6106/3rdparty/googletest/googletest/src/gtest_main.cc */,
			);
			name = "Source Files";
			sourceTree = "<group>";
		};
		34E2C40B198141819907E26B /* gtest_main */ = {
			isa = PBXGroup;
			children = (
				08D3B2D1F4F143BABD81A325 /* Source Files */,
				CAAF9B6DEF324372BE8B6AD1 /* /Users/apple/Desktop/AudioSoftwareEngineering/Assignments/Assignment2/2022-MUSI6106/3rdparty/googletest/googletest/CMakeLists.txt */,
			);
			name = gtest_main;
			sourceTree = "<group>";
		};
		54FC6812F7DF469E9114F867 /* Source Files */ = {
			isa = PBXGroup;
			children = (
				7EE3560D3E6D4EF5B4D5E689 /* /Users/apple/Desktop/AudioSoftwareEngineering/Assignments/Assignment2/2022-MUSI6106/3rdparty/googletest/googletest/src/gtest-all.cc */,
			);
			name = "Source Files";
			sourceTree = "<group>";
		};
		569DD92A64584D708CFD06C3 /* CMake Rules */ = {
			isa = PBXGroup;
			children = (
			);
			name = "CMake Rules";
			sourceTree = "<group>";
		};
		6EFAC6A85F9F423C919F87C9 /* ALL_BUILD */ = {
			isa = PBXGroup;
			children = (
				569DD92A64584D708CFD06C3 /* CMake Rules */,
				71471393D7D24F918F6AFA21 /* /Users/apple/Desktop/AudioSoftwareEngineering/Assignments/Assignment2/2022-MUSI6106/3rdparty/googletest/CMakeLists.txt */,
			);
			name = ALL_BUILD;
			sourceTree = "<group>";
		};
		83D5F9A87FD3492ABEDAEE00 /* gtest */ = {
			isa = PBXGroup;
			children = (
				54FC6812F7DF469E9114F867 /* Source Files */,
				A1F011F15C374F74BAD8E72E /* /Users/apple/Desktop/AudioSoftwareEngineering/Assignments/Assignment2/2022-MUSI6106/3rdparty/googletest/googletest/CMakeLists.txt */,
			);
			name = gtest;
			sourceTree = "<group>";
		};
		84F243364E4A4E908F6C0AC1 = {
			isa = PBXGroup;
			children = (
				6EFAC6A85F9F423C919F87C9 /* ALL_BUILD */,
				34E2C40B198141819907E26B /* gtest_main */,
				83D5F9A87FD3492ABEDAEE00 /* gtest */,
				89A6E191CB8C4F58AB150496 /* Products */,
				EC2FDD8851D34A0D86BD40DD /* Frameworks */,
			);
			sourceTree = "<group>";
		};
		89A6E191CB8C4F58AB150496 /* Products */ = {
			isa = PBXGroup;
			children = (
				08D36108633E4D0E8F1EFDB8 /* gtest */,
				F06AB3873ACA4065866E8C91 /* gtest_main */,
			);
			name = Products;
			sourceTree = "<group>";
		};
		EC2FDD8851D34A0D86BD40DD /* Frameworks */ = {
			isa = PBXGroup;
			children = (
			);
			name = Frameworks;
			sourceTree = "<group>";
		};
/* End PBXGroup section */

/* Begin PBXNativeTarget section */
		BB33C5FE2BC44CAA82728BAC /* gtest_main */ = {
			isa = PBXNativeTarget;
			buildConfigurationList = BF6A935557C14DF6894C9233 /* Build configuration list for PBXNativeTarget "gtest_main" */;
			buildPhases = (
				E61A24EB472842959BE32AB7 /* Sources */,
				027EAE10B8C94D50B5E7BD58 /* Frameworks */,
			);
			buildRules = (
			);
			dependencies = (
				994D4E4F5A424649AE37B215 /* PBXTargetDependency */,
			);
			name = gtest_main;
			productName = gtest_main;
			productReference = F06AB3873ACA4065866E8C91 /* gtest_main */;
			productType = "com.apple.product-type.library.static";
		};
		E05E277FA4CA437F9CD37954 /* gtest */ = {
			isa = PBXNativeTarget;
			buildConfigurationList = C00DF928FF8B427AB90F1349 /* Build configuration list for PBXNativeTarget "gtest" */;
			buildPhases = (
				5207BFDD3D1A4B4A81935802 /* Sources */,
				6BA2FDDB0DC44BE8BCD95978 /* Frameworks */,
			);
			buildRules = (
			);
			dependencies = (
			);
			name = gtest;
			productName = gtest;
			productReference = 08D36108633E4D0E8F1EFDB8 /* gtest */;
			productType = "com.apple.product-type.library.static";
		};
/* End PBXNativeTarget section */

/* Begin PBXProject section */
		B4E08B40EB434CC481384778 /* Project object */ = {
			isa = PBXProject;
			attributes = {
				BuildIndependentTargetsInParallel = YES;
				LastUpgradeCheck = 1240;
			};
			buildConfigurationList = ECE95FEF797D4395A6C5781C /* Build configuration list for PBXProject "googletest-distribution" */;
			buildSettings = {
			};
			buildStyles = (
				EF3245166CB344FD9817A20C /* Debug */,
				FDC80E783D4F4D679579F7C7 /* Release */,
				196A315694914EA6A50C7674 /* MinSizeRel */,
				649C8220ADEF48D9BEABD9E6 /* RelWithDebInfo */,
			);
			compatibilityVersion = "Xcode 3.2";
			hasScannedForEncodings = 0;
			mainGroup = 84F243364E4A4E908F6C0AC1;
			projectDirPath = ../3rdparty/googletest;
			projectRoot = "";
			targets = (
				7D53FCCE71D343B38F774277 /* ALL_BUILD */,
				3C29DD8A09314F668AB0CBDB /* ZERO_CHECK */,
				E05E277FA4CA437F9CD37954 /* gtest */,
				BB33C5FE2BC44CAA82728BAC /* gtest_main */,
			);
		};
/* End PBXProject section */

/* Begin PBXShellScriptBuildPhase section */
		3C0110FC8322DE7E50886E21 = {
			isa = PBXShellScriptBuildPhase;
			buildActionMask = 2147483647;
			files = (
			);
			inputPaths = (
			);
			outputPaths = (
			);
			runOnlyForDeploymentPostprocessing = 0;
			shellPath = /bin/sh;
			shellScript = "# shell script goes here
exit 0";
			showEnvVarsInLog = 0;
		};
		446CCD20D4B81B175152FC30 /* Generate CMakeFiles/ZERO_CHECK */ = {
			isa = PBXShellScriptBuildPhase;
			alwaysOutOfDate = 1;
			buildActionMask = 2147483647;
			files = (
			);
			inputPaths = (
			);
			name = "Generate CMakeFiles/ZERO_CHECK";
			outputPaths = (
"/Users/apple/Desktop/AudioSoftwareEngineering/Assignments/Assignment2/2022-MUSI6106/googletest/CMakeFiles/ZERO_CHECK"			);
			runOnlyForDeploymentPostprocessing = 0;
			shellPath = /bin/sh;
			shellScript = "set -e
if test \"$CONFIGURATION\" = \"Debug\"; then :
  cd /Users/apple/Desktop/AudioSoftwareEngineering/Assignments/Assignment2/2022-MUSI6106/googletest
  make -f /Users/apple/Desktop/AudioSoftwareEngineering/Assignments/Assignment2/2022-MUSI6106/googletest/CMakeScripts/ReRunCMake.make
fi
if test \"$CONFIGURATION\" = \"Release\"; then :
  cd /Users/apple/Desktop/AudioSoftwareEngineering/Assignments/Assignment2/2022-MUSI6106/googletest
  make -f /Users/apple/Desktop/AudioSoftwareEngineering/Assignments/Assignment2/2022-MUSI6106/googletest/CMakeScripts/ReRunCMake.make
fi
if test \"$CONFIGURATION\" = \"MinSizeRel\"; then :
  cd /Users/apple/Desktop/AudioSoftwareEngineering/Assignments/Assignment2/2022-MUSI6106/googletest
  make -f /Users/apple/Desktop/AudioSoftwareEngineering/Assignments/Assignment2/2022-MUSI6106/googletest/CMakeScripts/ReRunCMake.make
fi
if test \"$CONFIGURATION\" = \"RelWithDebInfo\"; then :
  cd /Users/apple/Desktop/AudioSoftwareEngineering/Assignments/Assignment2/2022-MUSI6106/googletest
  make -f /Users/apple/Desktop/AudioSoftwareEngineering/Assignments/Assignment2/2022-MUSI6106/googletest/CMakeScripts/ReRunCMake.make
fi
";
			showEnvVarsInLog = 0;
		};
		97F01F0919E0A8B24FB7D15E /* Generate CMakeFiles/ALL_BUILD */ = {
			isa = PBXShellScriptBuildPhase;
			alwaysOutOfDate = 1;
			buildActionMask = 2147483647;
			files = (
			);
			inputPaths = (
			);
			name = "Generate CMakeFiles/ALL_BUILD";
			outputPaths = (
"/Users/apple/Desktop/AudioSoftwareEngineering/Assignments/Assignment2/2022-MUSI6106/googletest/CMakeFiles/ALL_BUILD"			);
			runOnlyForDeploymentPostprocessing = 0;
			shellPath = /bin/sh;
			shellScript = "set -e
if test \"$CONFIGURATION\" = \"Debug\"; then :
  cd /Users/apple/Desktop/AudioSoftwareEngineering/Assignments/Assignment2/2022-MUSI6106/googletest
  echo Build\\ all\\ projects
fi
if test \"$CONFIGURATION\" = \"Release\"; then :
  cd /Users/apple/Desktop/AudioSoftwareEngineering/Assignments/Assignment2/2022-MUSI6106/googletest
  echo Build\\ all\\ projects
fi
if test \"$CONFIGURATION\" = \"MinSizeRel\"; then :
  cd /Users/apple/Desktop/AudioSoftwareEngineering/Assignments/Assignment2/2022-MUSI6106/googletest
  echo Build\\ all\\ projects
fi
if test \"$CONFIGURATION\" = \"RelWithDebInfo\"; then :
  cd /Users/apple/Desktop/AudioSoftwareEngineering/Assignments/Assignment2/2022-MUSI6106/googletest
  echo Build\\ all\\ projects
fi
";
			showEnvVarsInLog = 0;
		};
		9B50530E35CC49C82C2FACCF = {
			isa = PBXShellScriptBuildPhase;
			buildActionMask = 2147483647;
			files = (
			);
			inputPaths = (
			);
			outputPaths = (
			);
			runOnlyForDeploymentPostprocessing = 0;
			shellPath = /bin/sh;
			shellScript = "# shell script goes here
exit 0";
			showEnvVarsInLog = 0;
		};
/* End PBXShellScriptBuildPhase section */

/* Begin PBXSourcesBuildPhase section */
		5207BFDD3D1A4B4A81935802 /* Sources */ = {
			isa = PBXSourcesBuildPhase;
			buildActionMask = 2147483647;
			files = (
				284A72361E1D4D72B88AA2DF /* /Users/apple/Desktop/AudioSoftwareEngineering/Assignments/Assignment2/2022-MUSI6106/3rdparty/googletest/googletest/src/gtest-all.cc */,
			);
			runOnlyForDeploymentPostprocessing = 0;
		};
		E61A24EB472842959BE32AB7 /* Sources */ = {
			isa = PBXSourcesBuildPhase;
			buildActionMask = 2147483647;
			files = (
				B0E3694E0AAB4C4D8D932E47 /* /Users/apple/Desktop/AudioSoftwareEngineering/Assignments/Assignment2/2022-MUSI6106/3rdparty/googletest/googletest/src/gtest_main.cc */,
			);
			runOnlyForDeploymentPostprocessing = 0;
		};
/* End PBXSourcesBuildPhase section */

/* Begin PBXTargetDependency section */
		36EFBC4CF0F74997B2E2C500 /* PBXTargetDependency */ = {
			isa = PBXTargetDependency;
			target = E05E277FA4CA437F9CD37954 /* gtest */;
			targetProxy = EDAE9B8F8BF14587AA31E3A5 /* PBXContainerItemProxy */;
		};
		54D29268005740DA963082F4 /* PBXTargetDependency */ = {
			isa = PBXTargetDependency;
			target = 3C29DD8A09314F668AB0CBDB /* ZERO_CHECK */;
			targetProxy = 7FDBB7527FB341C0B36C4B43 /* PBXContainerItemProxy */;
		};
		872A168755484343825E5185 /* PBXTargetDependency */ = {
			isa = PBXTargetDependency;
			target = BB33C5FE2BC44CAA82728BAC /* gtest_main */;
			targetProxy = 75AAF92FF37D404BA426E823 /* PBXContainerItemProxy */;
		};
		994D4E4F5A424649AE37B215 /* PBXTargetDependency */ = {
			isa = PBXTargetDependency;
			target = E05E277FA4CA437F9CD37954 /* gtest */;
			targetProxy = 5296EF830D6D46F3A4204D67 /* PBXContainerItemProxy */;
		};
/* End PBXTargetDependency section */

/* Begin XCBuildConfiguration section */
		0FE6BBCDB5854EDC82397F86 /* RelWithDebInfo */ = {
			isa = XCBuildConfiguration;
			buildSettings = {
				COMBINE_HIDPI_IMAGES = YES;
				CONFIGURATION_BUILD_DIR = "/Users/apple/Desktop/AudioSoftwareEngineering/Assignments/Assignment2/2022-MUSI6106/lib/relwithdebinfo";
				EXECUTABLE_PREFIX = lib;
				EXECUTABLE_SUFFIX = .a;
				GCC_GENERATE_DEBUGGING_SYMBOLS = YES;
				GCC_INLINES_ARE_PRIVATE_EXTERN = NO;
				GCC_OPTIMIZATION_LEVEL = 2;
				GCC_PREPROCESSOR_DEFINITIONS = ("'CMAKE_INTDIR=\"$(CONFIGURATION)$(EFFECTIVE_PLATFORM_NAME)\"'","$(inherited)");
				GCC_SYMBOLS_PRIVATE_EXTERN = NO;
				HEADER_SEARCH_PATHS = ("/Users/apple/Desktop/AudioSoftwareEngineering/Assignments/Assignment2/2022-MUSI6106/3rdparty/googletest/googletest/include","/Users/apple/Desktop/AudioSoftwareEngineering/Assignments/Assignment2/2022-MUSI6106/3rdparty/googletest/googletest","$(inherited)");
				INSTALL_PATH = "";
				LIBRARY_STYLE = STATIC;
				OTHER_CPLUSPLUSFLAGS = "       -DNDEBUG  -DGTEST_HAS_PTHREAD=1   '-std=c++11' ";
				OTHER_LIBTOOLFLAGS = ("");
				OTHER_REZFLAGS = "";
				PRODUCT_NAME = gtest;
				SECTORDER_FLAGS = "";
				SYMROOT = "/Users/apple/Desktop/AudioSoftwareEngineering/Assignments/Assignment2/2022-MUSI6106/googletest/googletest";
				USE_HEADERMAP = NO;
				WARNING_CFLAGS = ("$(inherited)");
			};
			name = RelWithDebInfo;
		};
		1B84258C94054ED18C874074 /* Debug */ = {
			isa = XCBuildConfiguration;
			buildSettings = {
				COMBINE_HIDPI_IMAGES = YES;
				CONFIGURATION_BUILD_DIR = "/Users/apple/Desktop/AudioSoftwareEngineering/Assignments/Assignment2/2022-MUSI6106/lib/Debug";
				EXECUTABLE_PREFIX = lib;
				EXECUTABLE_SUFFIX = .a;
				GCC_GENERATE_DEBUGGING_SYMBOLS = YES;
				GCC_INLINES_ARE_PRIVATE_EXTERN = NO;
				GCC_OPTIMIZATION_LEVEL = 0;
				GCC_PREPROCESSOR_DEFINITIONS = ("'CMAKE_INTDIR=\"$(CONFIGURATION)$(EFFECTIVE_PLATFORM_NAME)\"'","$(inherited)");
				GCC_SYMBOLS_PRIVATE_EXTERN = NO;
				HEADER_SEARCH_PATHS = ("/Users/apple/Desktop/AudioSoftwareEngineering/Assignments/Assignment2/2022-MUSI6106/3rdparty/googletest/googletest/include","/Users/apple/Desktop/AudioSoftwareEngineering/Assignments/Assignment2/2022-MUSI6106/3rdparty/googletest/googletest","$(inherited)");
				INSTALL_PATH = "";
				LIBRARY_STYLE = STATIC;
				OTHER_CPLUSPLUSFLAGS = "    -DGTEST_HAS_PTHREAD=1   '-std=c++11' ";
				OTHER_LIBTOOLFLAGS = ("");
				OTHER_REZFLAGS = "";
				PRODUCT_NAME = gtestd;
				SECTORDER_FLAGS = "";
				SYMROOT = "/Users/apple/Desktop/AudioSoftwareEngineering/Assignments/Assignment2/2022-MUSI6106/googletest/googletest";
				USE_HEADERMAP = NO;
				WARNING_CFLAGS = ("$(inherited)");
			};
			name = Debug;
		};
		1EAF0F852D364399BEF5521A /* RelWithDebInfo */ = {
			isa = XCBuildConfiguration;
			buildSettings = {
				ARCHS = "$(NATIVE_ARCH_ACTUAL)";
				MACOSX_DEPLOYMENT_TARGET = 10.15;
				ONLY_ACTIVE_ARCH = YES;
				SDKROOT = /Applications/Xcode.app/Contents/Developer/Platforms/MacOSX.platform/Developer/SDKs/MacOSX11.1.sdk;
				SYMROOT = "/Users/apple/Desktop/AudioSoftwareEngineering/Assignments/Assignment2/2022-MUSI6106/googletest/build";
			};
			name = RelWithDebInfo;
		};
		20A01DAFE1834E7A86553CCB /* Release */ = {
			isa = XCBuildConfiguration;
			buildSettings = {
				COMBINE_HIDPI_IMAGES = YES;
				GCC_GENERATE_DEBUGGING_SYMBOLS = YES;
				GCC_INLINES_ARE_PRIVATE_EXTERN = NO;
				GCC_OPTIMIZATION_LEVEL = 0;
				GCC_PREPROCESSOR_DEFINITIONS = ("'CMAKE_INTDIR=\"$(CONFIGURATION)$(EFFECTIVE_PLATFORM_NAME)\"'","$(inherited)");
				GCC_SYMBOLS_PRIVATE_EXTERN = NO;
				INSTALL_PATH = "";
				OTHER_LDFLAGS = ("","$(inherited)");
				OTHER_REZFLAGS = "";
				PRODUCT_NAME = ALL_BUILD;
				SECTORDER_FLAGS = "";
				SYMROOT = "/Users/apple/Desktop/AudioSoftwareEngineering/Assignments/Assignment2/2022-MUSI6106/googletest";
				USE_HEADERMAP = NO;
				WARNING_CFLAGS = ("$(inherited)");
			};
			name = Release;
		};
		31B87172AEF048CBAA1B39D3 /* Debug */ = {
			isa = XCBuildConfiguration;
			buildSettings = {
				COMBINE_HIDPI_IMAGES = YES;
				GCC_GENERATE_DEBUGGING_SYMBOLS = YES;
				GCC_INLINES_ARE_PRIVATE_EXTERN = NO;
				GCC_OPTIMIZATION_LEVEL = 0;
				GCC_PREPROCESSOR_DEFINITIONS = ("'CMAKE_INTDIR=\"$(CONFIGURATION)$(EFFECTIVE_PLATFORM_NAME)\"'","$(inherited)");
				GCC_SYMBOLS_PRIVATE_EXTERN = NO;
				INSTALL_PATH = "";
				OTHER_LDFLAGS = ("","$(inherited)");
				OTHER_REZFLAGS = "";
				PRODUCT_NAME = ZERO_CHECK;
				SECTORDER_FLAGS = "";
				SYMROOT = "/Users/apple/Desktop/AudioSoftwareEngineering/Assignments/Assignment2/2022-MUSI6106/googletest";
				USE_HEADERMAP = NO;
				WARNING_CFLAGS = ("$(inherited)");
			};
			name = Debug;
		};
		4E806C0054C1462993C76D18 /* MinSizeRel */ = {
			isa = XCBuildConfiguration;
			buildSettings = {
				COMBINE_HIDPI_IMAGES = YES;
				CONFIGURATION_BUILD_DIR = "/Users/apple/Desktop/AudioSoftwareEngineering/Assignments/Assignment2/2022-MUSI6106/lib/MinSizeRel";
				EXECUTABLE_PREFIX = lib;
				EXECUTABLE_SUFFIX = .a;
				GCC_GENERATE_DEBUGGING_SYMBOLS = NO;
				GCC_INLINES_ARE_PRIVATE_EXTERN = NO;
				GCC_OPTIMIZATION_LEVEL = s;
				GCC_PREPROCESSOR_DEFINITIONS = ("'CMAKE_INTDIR=\"$(CONFIGURATION)$(EFFECTIVE_PLATFORM_NAME)\"'","$(inherited)");
				GCC_SYMBOLS_PRIVATE_EXTERN = NO;
				HEADER_SEARCH_PATHS = ("/Users/apple/Desktop/AudioSoftwareEngineering/Assignments/Assignment2/2022-MUSI6106/3rdparty/googletest/googletest/include","/Users/apple/Desktop/AudioSoftwareEngineering/Assignments/Assignment2/2022-MUSI6106/3rdparty/googletest/googletest","$(inherited)");
				INSTALL_PATH = "";
				LIBRARY_STYLE = STATIC;
				OTHER_CPLUSPLUSFLAGS = "    -DNDEBUG  -DGTEST_HAS_PTHREAD=1   '-std=c++11' ";
				OTHER_LIBTOOLFLAGS = ("");
				OTHER_REZFLAGS = "";
				PRODUCT_NAME = gtest;
				SECTORDER_FLAGS = "";
				SYMROOT = "/Users/apple/Desktop/AudioSoftwareEngineering/Assignments/Assignment2/2022-MUSI6106/googletest/googletest";
				USE_HEADERMAP = NO;
				WARNING_CFLAGS = ("$(inherited)");
			};
			name = MinSizeRel;
		};
		55EA9E380420441EA69F1FE2 /* Release */ = {
			isa = XCBuildConfiguration;
			buildSettings = {
				COMBINE_HIDPI_IMAGES = YES;
				CONFIGURATION_BUILD_DIR = "/Users/apple/Desktop/AudioSoftwareEngineering/Assignments/Assignment2/2022-MUSI6106/lib/Release";
				EXECUTABLE_PREFIX = lib;
				EXECUTABLE_SUFFIX = .a;
				GCC_GENERATE_DEBUGGING_SYMBOLS = NO;
				GCC_INLINES_ARE_PRIVATE_EXTERN = NO;
				GCC_OPTIMIZATION_LEVEL = 3;
				GCC_PREPROCESSOR_DEFINITIONS = ("'CMAKE_INTDIR=\"$(CONFIGURATION)$(EFFECTIVE_PLATFORM_NAME)\"'","$(inherited)");
				GCC_SYMBOLS_PRIVATE_EXTERN = NO;
				INSTALL_PATH = "";
				LIBRARY_STYLE = STATIC;
				OTHER_CPLUSPLUSFLAGS = "    -DNDEBUG  -DGTEST_HAS_PTHREAD=1   '-std=c++11' ";
				OTHER_LIBTOOLFLAGS = ("");
				OTHER_REZFLAGS = "";
				PRODUCT_NAME = gtest_main;
				SECTORDER_FLAGS = "";
				SYMROOT = "/Users/apple/Desktop/AudioSoftwareEngineering/Assignments/Assignment2/2022-MUSI6106/googletest/googletest";
				SYSTEM_HEADER_SEARCH_PATHS = ("/Users/apple/Desktop/AudioSoftwareEngineering/Assignments/Assignment2/2022-MUSI6106/3rdparty/googletest/googletest/include","/Users/apple/Desktop/AudioSoftwareEngineering/Assignments/Assignment2/2022-MUSI6106/3rdparty/googletest/googletest","$(inherited)");
				USE_HEADERMAP = NO;
				WARNING_CFLAGS = ("$(inherited)");
			};
			name = Release;
		};
		689E345AEAED402094670954 /* RelWithDebInfo */ = {
			isa = XCBuildConfiguration;
			buildSettings = {
				COMBINE_HIDPI_IMAGES = YES;
				GCC_GENERATE_DEBUGGING_SYMBOLS = YES;
				GCC_INLINES_ARE_PRIVATE_EXTERN = NO;
				GCC_OPTIMIZATION_LEVEL = 0;
				GCC_PREPROCESSOR_DEFINITIONS = ("'CMAKE_INTDIR=\"$(CONFIGURATION)$(EFFECTIVE_PLATFORM_NAME)\"'","$(inherited)");
				GCC_SYMBOLS_PRIVATE_EXTERN = NO;
				INSTALL_PATH = "";
				OTHER_LDFLAGS = ("","$(inherited)");
				OTHER_REZFLAGS = "";
				PRODUCT_NAME = ALL_BUILD;
				SECTORDER_FLAGS = "";
				SYMROOT = "/Users/apple/Desktop/AudioSoftwareEngineering/Assignments/Assignment2/2022-MUSI6106/googletest";
				USE_HEADERMAP = NO;
				WARNING_CFLAGS = ("$(inherited)");
			};
			name = RelWithDebInfo;
		};
		7238CB89E59142DEA5F350A1 /* Release */ = {
			isa = XCBuildConfiguration;
			buildSettings = {
				COMBINE_HIDPI_IMAGES = YES;
				GCC_GENERATE_DEBUGGING_SYMBOLS = YES;
				GCC_INLINES_ARE_PRIVATE_EXTERN = NO;
				GCC_OPTIMIZATION_LEVEL = 0;
				GCC_PREPROCESSOR_DEFINITIONS = ("'CMAKE_INTDIR=\"$(CONFIGURATION)$(EFFECTIVE_PLATFORM_NAME)\"'","$(inherited)");
				GCC_SYMBOLS_PRIVATE_EXTERN = NO;
				INSTALL_PATH = "";
				OTHER_LDFLAGS = ("","$(inherited)");
				OTHER_REZFLAGS = "";
				PRODUCT_NAME = ZERO_CHECK;
				SECTORDER_FLAGS = "";
				SYMROOT = "/Users/apple/Desktop/AudioSoftwareEngineering/Assignments/Assignment2/2022-MUSI6106/googletest";
				USE_HEADERMAP = NO;
				WARNING_CFLAGS = ("$(inherited)");
			};
			name = Release;
		};
		88E9C3B1899541A18C64CE76 /* MinSizeRel */ = {
			isa = XCBuildConfiguration;
			buildSettings = {
				COMBINE_HIDPI_IMAGES = YES;
				GCC_GENERATE_DEBUGGING_SYMBOLS = YES;
				GCC_INLINES_ARE_PRIVATE_EXTERN = NO;
				GCC_OPTIMIZATION_LEVEL = 0;
				GCC_PREPROCESSOR_DEFINITIONS = ("'CMAKE_INTDIR=\"$(CONFIGURATION)$(EFFECTIVE_PLATFORM_NAME)\"'","$(inherited)");
				GCC_SYMBOLS_PRIVATE_EXTERN = NO;
				INSTALL_PATH = "";
				OTHER_LDFLAGS = ("","$(inherited)");
				OTHER_REZFLAGS = "";
				PRODUCT_NAME = ALL_BUILD;
				SECTORDER_FLAGS = "";
				SYMROOT = "/Users/apple/Desktop/AudioSoftwareEngineering/Assignments/Assignment2/2022-MUSI6106/googletest";
				USE_HEADERMAP = NO;
				WARNING_CFLAGS = ("$(inherited)");
			};
			name = MinSizeRel;
		};
		90A5D6EBC28443EAA29E2494 /* RelWithDebInfo */ = {
			isa = XCBuildConfiguration;
			buildSettings = {
				COMBINE_HIDPI_IMAGES = YES;
				CONFIGURATION_BUILD_DIR = "/Users/apple/Desktop/AudioSoftwareEngineering/Assignments/Assignment2/2022-MUSI6106/lib/relwithdebinfo";
				EXECUTABLE_PREFIX = lib;
				EXECUTABLE_SUFFIX = .a;
				GCC_GENERATE_DEBUGGING_SYMBOLS = YES;
				GCC_INLINES_ARE_PRIVATE_EXTERN = NO;
				GCC_OPTIMIZATION_LEVEL = 2;
				GCC_PREPROCESSOR_DEFINITIONS = ("'CMAKE_INTDIR=\"$(CONFIGURATION)$(EFFECTIVE_PLATFORM_NAME)\"'","$(inherited)");
				GCC_SYMBOLS_PRIVATE_EXTERN = NO;
				INSTALL_PATH = "";
				LIBRARY_STYLE = STATIC;
				OTHER_CPLUSPLUSFLAGS = "       -DNDEBUG  -DGTEST_HAS_PTHREAD=1   '-std=c++11' ";
				OTHER_LIBTOOLFLAGS = ("");
				OTHER_REZFLAGS = "";
				PRODUCT_NAME = gtest_main;
				SECTORDER_FLAGS = "";
				SYMROOT = "/Users/apple/Desktop/AudioSoftwareEngineering/Assignments/Assignment2/2022-MUSI6106/googletest/googletest";
				SYSTEM_HEADER_SEARCH_PATHS = ("/Users/apple/Desktop/AudioSoftwareEngineering/Assignments/Assignment2/2022-MUSI6106/3rdparty/googletest/googletest/include","/Users/apple/Desktop/AudioSoftwareEngineering/Assignments/Assignment2/2022-MUSI6106/3rdparty/googletest/googletest","$(inherited)");
				USE_HEADERMAP = NO;
				WARNING_CFLAGS = ("$(inherited)");
			};
			name = RelWithDebInfo;
		};
		93F32478474746FA8C67EB90 /* Debug */ = {
			isa = XCBuildConfiguration;
			buildSettings = {
				COMBINE_HIDPI_IMAGES = YES;
				GCC_GENERATE_DEBUGGING_SYMBOLS = YES;
				GCC_INLINES_ARE_PRIVATE_EXTERN = NO;
				GCC_OPTIMIZATION_LEVEL = 0;
				GCC_PREPROCESSOR_DEFINITIONS = ("'CMAKE_INTDIR=\"$(CONFIGURATION)$(EFFECTIVE_PLATFORM_NAME)\"'","$(inherited)");
				GCC_SYMBOLS_PRIVATE_EXTERN = NO;
				INSTALL_PATH = "";
				OTHER_LDFLAGS = ("","$(inherited)");
				OTHER_REZFLAGS = "";
				PRODUCT_NAME = ALL_BUILD;
				SECTORDER_FLAGS = "";
				SYMROOT = "/Users/apple/Desktop/AudioSoftwareEngineering/Assignments/Assignment2/2022-MUSI6106/googletest";
				USE_HEADERMAP = NO;
				WARNING_CFLAGS = ("$(inherited)");
			};
			name = Debug;
		};
		ABE152819D7E4E79918E1EE7 /* Debug */ = {
			isa = XCBuildConfiguration;
			buildSettings = {
				ARCHS = "$(NATIVE_ARCH_ACTUAL)";
				MACOSX_DEPLOYMENT_TARGET = 10.15;
				ONLY_ACTIVE_ARCH = YES;
				SDKROOT = /Applications/Xcode.app/Contents/Developer/Platforms/MacOSX.platform/Developer/SDKs/MacOSX11.1.sdk;
				SYMROOT = "/Users/apple/Desktop/AudioSoftwareEngineering/Assignments/Assignment2/2022-MUSI6106/googletest/build";
			};
			name = Debug;
		};
		BB3CEE5E96F9452CA7B270B2 /* MinSizeRel */ = {
			isa = XCBuildConfiguration;
			buildSettings = {
				COMBINE_HIDPI_IMAGES = YES;
				GCC_GENERATE_DEBUGGING_SYMBOLS = YES;
				GCC_INLINES_ARE_PRIVATE_EXTERN = NO;
				GCC_OPTIMIZATION_LEVEL = 0;
				GCC_PREPROCESSOR_DEFINITIONS = ("'CMAKE_INTDIR=\"$(CONFIGURATION)$(EFFECTIVE_PLATFORM_NAME)\"'","$(inherited)");
				GCC_SYMBOLS_PRIVATE_EXTERN = NO;
				INSTALL_PATH = "";
				OTHER_LDFLAGS = ("","$(inherited)");
				OTHER_REZFLAGS = "";
				PRODUCT_NAME = ZERO_CHECK;
				SECTORDER_FLAGS = "";
				SYMROOT = "/Users/apple/Desktop/AudioSoftwareEngineering/Assignments/Assignment2/2022-MUSI6106/googletest";
				USE_HEADERMAP = NO;
				WARNING_CFLAGS = ("$(inherited)");
			};
			name = MinSizeRel;
		};
		D3BC6186F0EE4690A4072937 /* Release */ = {
			isa = XCBuildConfiguration;
			buildSettings = {
				COMBINE_HIDPI_IMAGES = YES;
				CONFIGURATION_BUILD_DIR = "/Users/apple/Desktop/AudioSoftwareEngineering/Assignments/Assignment2/2022-MUSI6106/lib/Release";
				EXECUTABLE_PREFIX = lib;
				EXECUTABLE_SUFFIX = .a;
				GCC_GENERATE_DEBUGGING_SYMBOLS = NO;
				GCC_INLINES_ARE_PRIVATE_EXTERN = NO;
				GCC_OPTIMIZATION_LEVEL = 3;
				GCC_PREPROCESSOR_DEFINITIONS = ("'CMAKE_INTDIR=\"$(CONFIGURATION)$(EFFECTIVE_PLATFORM_NAME)\"'","$(inherited)");
				GCC_SYMBOLS_PRIVATE_EXTERN = NO;
				HEADER_SEARCH_PATHS = ("/Users/apple/Desktop/AudioSoftwareEngineering/Assignments/Assignment2/2022-MUSI6106/3rdparty/googletest/googletest/include","/Users/apple/Desktop/AudioSoftwareEngineering/Assignments/Assignment2/2022-MUSI6106/3rdparty/googletest/googletest","$(inherited)");
				INSTALL_PATH = "";
				LIBRARY_STYLE = STATIC;
				OTHER_CPLUSPLUSFLAGS = "    -DNDEBUG  -DGTEST_HAS_PTHREAD=1   '-std=c++11' ";
				OTHER_LIBTOOLFLAGS = ("");
				OTHER_REZFLAGS = "";
				PRODUCT_NAME = gtest;
				SECTORDER_FLAGS = "";
				SYMROOT = "/Users/apple/Desktop/AudioSoftwareEngineering/Assignments/Assignment2/2022-MUSI6106/googletest/googletest";
				USE_HEADERMAP = NO;
				WARNING_CFLAGS = ("$(inherited)");
			};
			name = Release;
		};
		DD3EE3ECF6E44944AA98FA2D /* MinSizeRel */ = {
			isa = XCBuildConfiguration;
			buildSettings = {
				ARCHS = "$(NATIVE_ARCH_ACTUAL)";
				MACOSX_DEPLOYMENT_TARGET = 10.15;
				ONLY_ACTIVE_ARCH = YES;
				SDKROOT = /Applications/Xcode.app/Contents/Developer/Platforms/MacOSX.platform/Developer/SDKs/MacOSX11.1.sdk;
				SYMROOT = "/Users/apple/Desktop/AudioSoftwareEngineering/Assignments/Assignment2/2022-MUSI6106/googletest/build";
			};
			name = MinSizeRel;
		};
		E713E411024E4A3D827BE4D6 /* Release */ = {
			isa = XCBuildConfiguration;
			buildSettings = {
				ARCHS = "$(NATIVE_ARCH_ACTUAL)";
				MACOSX_DEPLOYMENT_TARGET = 10.15;
				ONLY_ACTIVE_ARCH = YES;
				SDKROOT = /Applications/Xcode.app/Contents/Developer/Platforms/MacOSX.platform/Developer/SDKs/MacOSX11.1.sdk;
				SYMROOT = "/Users/apple/Desktop/AudioSoftwareEngineering/Assignments/Assignment2/2022-MUSI6106/googletest/build";
			};
			name = Release;
		};
		F1D13D5F46874E269C1BC6BF /* RelWithDebInfo */ = {
			isa = XCBuildConfiguration;
			buildSettings = {
				COMBINE_HIDPI_IMAGES = YES;
				GCC_GENERATE_DEBUGGING_SYMBOLS = YES;
				GCC_INLINES_ARE_PRIVATE_EXTERN = NO;
				GCC_OPTIMIZATION_LEVEL = 0;
				GCC_PREPROCESSOR_DEFINITIONS = ("'CMAKE_INTDIR=\"$(CONFIGURATION)$(EFFECTIVE_PLATFORM_NAME)\"'","$(inherited)");
				GCC_SYMBOLS_PRIVATE_EXTERN = NO;
				INSTALL_PATH = "";
				OTHER_LDFLAGS = ("","$(inherited)");
				OTHER_REZFLAGS = "";
				PRODUCT_NAME = ZERO_CHECK;
				SECTORDER_FLAGS = "";
				SYMROOT = "/Users/apple/Desktop/AudioSoftwareEngineering/Assignments/Assignment2/2022-MUSI6106/googletest";
				USE_HEADERMAP = NO;
				WARNING_CFLAGS = ("$(inherited)");
			};
			name = RelWithDebInfo;
		};
		FC87EA82C1C4431099F9134C /* MinSizeRel */ = {
			isa = XCBuildConfiguration;
			buildSettings = {
				COMBINE_HIDPI_IMAGES = YES;
				CONFIGURATION_BUILD_DIR = "/Users/apple/Desktop/AudioSoftwareEngineering/Assignments/Assignment2/2022-MUSI6106/lib/MinSizeRel";
				EXECUTABLE_PREFIX = lib;
				EXECUTABLE_SUFFIX = .a;
				GCC_GENERATE_DEBUGGING_SYMBOLS = NO;
				GCC_INLINES_ARE_PRIVATE_EXTERN = NO;
				GCC_OPTIMIZATION_LEVEL = s;
				GCC_PREPROCESSOR_DEFINITIONS = ("'CMAKE_INTDIR=\"$(CONFIGURATION)$(EFFECTIVE_PLATFORM_NAME)\"'","$(inherited)");
				GCC_SYMBOLS_PRIVATE_EXTERN = NO;
				INSTALL_PATH = "";
				LIBRARY_STYLE = STATIC;
				OTHER_CPLUSPLUSFLAGS = "    -DNDEBUG  -DGTEST_HAS_PTHREAD=1   '-std=c++11' ";
				OTHER_LIBTOOLFLAGS = ("");
				OTHER_REZFLAGS = "";
				PRODUCT_NAME = gtest_main;
				SECTORDER_FLAGS = "";
				SYMROOT = "/Users/apple/Desktop/AudioSoftwareEngineering/Assignments/Assignment2/2022-MUSI6106/googletest/googletest";
				SYSTEM_HEADER_SEARCH_PATHS = ("/Users/apple/Desktop/AudioSoftwareEngineering/Assignments/Assignment2/2022-MUSI6106/3rdparty/googletest/googletest/include","/Users/apple/Desktop/AudioSoftwareEngineering/Assignments/Assignment2/2022-MUSI6106/3rdparty/googletest/googletest","$(inherited)");
				USE_HEADERMAP = NO;
				WARNING_CFLAGS = ("$(inherited)");
			};
			name = MinSizeRel;
		};
		FE1D57E8E6ED485A997B81A1 /* Debug */ = {
			isa = XCBuildConfiguration;
			buildSettings = {
				COMBINE_HIDPI_IMAGES = YES;
				CONFIGURATION_BUILD_DIR = "/Users/apple/Desktop/AudioSoftwareEngineering/Assignments/Assignment2/2022-MUSI6106/lib/Debug";
				EXECUTABLE_PREFIX = lib;
				EXECUTABLE_SUFFIX = .a;
				GCC_GENERATE_DEBUGGING_SYMBOLS = YES;
				GCC_INLINES_ARE_PRIVATE_EXTERN = NO;
				GCC_OPTIMIZATION_LEVEL = 0;
				GCC_PREPROCESSOR_DEFINITIONS = ("'CMAKE_INTDIR=\"$(CONFIGURATION)$(EFFECTIVE_PLATFORM_NAME)\"'","$(inherited)");
				GCC_SYMBOLS_PRIVATE_EXTERN = NO;
				INSTALL_PATH = "";
				LIBRARY_STYLE = STATIC;
				OTHER_CPLUSPLUSFLAGS = "    -DGTEST_HAS_PTHREAD=1   '-std=c++11' ";
				OTHER_LIBTOOLFLAGS = ("");
				OTHER_REZFLAGS = "";
				PRODUCT_NAME = gtest_maind;
				SECTORDER_FLAGS = "";
				SYMROOT = "/Users/apple/Desktop/AudioSoftwareEngineering/Assignments/Assignment2/2022-MUSI6106/googletest/googletest";
				SYSTEM_HEADER_SEARCH_PATHS = ("/Users/apple/Desktop/AudioSoftwareEngineering/Assignments/Assignment2/2022-MUSI6106/3rdparty/googletest/googletest/include","/Users/apple/Desktop/AudioSoftwareEngineering/Assignments/Assignment2/2022-MUSI6106/3rdparty/googletest/googletest","$(inherited)");
				USE_HEADERMAP = NO;
				WARNING_CFLAGS = ("$(inherited)");
			};
			name = Debug;
		};
/* End XCBuildConfiguration section */

/* Begin XCConfigurationList section */
		4409EE7C93DE4DF5BB963F48 /* Build configuration list for PBXAggregateTarget "ZERO_CHECK" */ = {
			isa = XCConfigurationList;
			buildConfigurations = (
				31B87172AEF048CBAA1B39D3 /* Debug */,
				7238CB89E59142DEA5F350A1 /* Release */,
				BB3CEE5E96F9452CA7B270B2 /* MinSizeRel */,
				F1D13D5F46874E269C1BC6BF /* RelWithDebInfo */,
			);
			defaultConfigurationIsVisible = 0;
			defaultConfigurationName = Debug;
		};
		7B5D12B9F1304FEC8107B64A /* Build configuration list for PBXAggregateTarget "ALL_BUILD" */ = {
			isa = XCConfigurationList;
			buildConfigurations = (
				93F32478474746FA8C67EB90 /* Debug */,
				20A01DAFE1834E7A86553CCB /* Release */,
				88E9C3B1899541A18C64CE76 /* MinSizeRel */,
				689E345AEAED402094670954 /* RelWithDebInfo */,
			);
			defaultConfigurationIsVisible = 0;
			defaultConfigurationName = Debug;
		};
		BF6A935557C14DF6894C9233 /* Build configuration list for PBXNativeTarget "gtest_main" */ = {
			isa = XCConfigurationList;
			buildConfigurations = (
				FE1D57E8E6ED485A997B81A1 /* Debug */,
				55EA9E380420441EA69F1FE2 /* Release */,
				FC87EA82C1C4431099F9134C /* MinSizeRel */,
				90A5D6EBC28443EAA29E2494 /* RelWithDebInfo */,
			);
			defaultConfigurationIsVisible = 0;
			defaultConfigurationName = Debug;
		};
		C00DF928FF8B427AB90F1349 /* Build configuration list for PBXNativeTarget "gtest" */ = {
			isa = XCConfigurationList;
			buildConfigurations = (
				1B84258C94054ED18C874074 /* Debug */,
				D3BC6186F0EE4690A4072937 /* Release */,
				4E806C0054C1462993C76D18 /* MinSizeRel */,
				0FE6BBCDB5854EDC82397F86 /* RelWithDebInfo */,
			);
			defaultConfigurationIsVisible = 0;
			defaultConfigurationName = Debug;
		};
		ECE95FEF797D4395A6C5781C /* Build configuration list for PBXProject "googletest-distribution" */ = {
			isa = XCConfigurationList;
			buildConfigurations = (
				ABE152819D7E4E79918E1EE7 /* Debug */,
				E713E411024E4A3D827BE4D6 /* Release */,
				DD3EE3ECF6E44944AA98FA2D /* MinSizeRel */,
				1EAF0F852D364399BEF5521A /* RelWithDebInfo */,
			);
			defaultConfigurationIsVisible = 0;
			defaultConfigurationName = Debug;
		};
/* End XCConfigurationList section */
	};
	rootObject = B4E08B40EB434CC481384778 /* Project object */;
}
