// !$*UTF8*$!
{
	archiveVersion = 1;
	classes = {
	};
	objectVersion = 46;
	objects = {

/* Begin PBXAggregateTarget section */
		580F63B9271A437A88145C8F /* ALL_BUILD */ = {
			isa = PBXAggregateTarget;
			buildConfigurationList = 5859988E39E640BF8F49BAC0 /* Build configuration list for PBXAggregateTarget "ALL_BUILD" */;
			buildPhases = (
				97F01F0919E0A8B24FB7D15E /* Generate CMakeFiles/ALL_BUILD */,
			);
			dependencies = (
				0CAACF70A8034F0097A4AA15 /* PBXTargetDependency */,
				9C7CAF638714400784F3217D /* PBXTargetDependency */,
				D83BEE858F404BB89959C7B0 /* PBXTargetDependency */,
			);
			name = ALL_BUILD;
			productName = ALL_BUILD;
		};
		68E4D3DBDE614674B61E90BB /* ZERO_CHECK */ = {
			isa = PBXAggregateTarget;
			buildConfigurationList = C6387F7122C9480F901A6909 /* Build configuration list for PBXAggregateTarget "ZERO_CHECK" */;
			buildPhases = (
				446CCD20D4B81B175152FC30 /* Generate CMakeFiles/ZERO_CHECK */,
			);
			dependencies = (
			);
			name = ZERO_CHECK;
			productName = ZERO_CHECK;
		};
/* End PBXAggregateTarget section */

/* Begin PBXBuildFile section */
		3D4C8855CAAD48D0AB6072F5 /* /Users/apple/Desktop/AudioSoftwareEngineering/Assignments/Assignment2/2022-MUSI6106/3rdparty/googletest/googletest/CMakeLists.txt */ = {isa = PBXBuildFile; fileRef = 7E73583F4E0B474E9FB9E575 /* /Users/apple/Desktop/AudioSoftwareEngineering/Assignments/Assignment2/2022-MUSI6106/3rdparty/googletest/googletest/CMakeLists.txt */; };
		557DB0CAC38B481DB44D9FCA /* /Users/apple/Desktop/AudioSoftwareEngineering/Assignments/Assignment2/2022-MUSI6106/3rdparty/googletest/googletest/src/gtest-all.cc */ = {isa = PBXBuildFile; fileRef = 7E5B9E4BAA834C649C2EC0E2 /* /Users/apple/Desktop/AudioSoftwareEngineering/Assignments/Assignment2/2022-MUSI6106/3rdparty/googletest/googletest/src/gtest-all.cc */; };
		893A1483D89545DDAC73793F /* /Users/apple/Desktop/AudioSoftwareEngineering/Assignments/Assignment2/2022-MUSI6106/3rdparty/googletest/googletest/CMakeLists.txt */ = {isa = PBXBuildFile; fileRef = 1163256F42FF4F2BB983A156 /* /Users/apple/Desktop/AudioSoftwareEngineering/Assignments/Assignment2/2022-MUSI6106/3rdparty/googletest/googletest/CMakeLists.txt */; };
		F81D2CF002B24B8DB51643E0 /* /Users/apple/Desktop/AudioSoftwareEngineering/Assignments/Assignment2/2022-MUSI6106/3rdparty/googletest/googletest/src/gtest_main.cc */ = {isa = PBXBuildFile; fileRef = 86AE8265C98B4E808CDB9EC8 /* /Users/apple/Desktop/AudioSoftwareEngineering/Assignments/Assignment2/2022-MUSI6106/3rdparty/googletest/googletest/src/gtest_main.cc */; };
/* End PBXBuildFile section */

/* Begin PBXBuildStyle section */
		74684BB6DEAC4BA295A2914E /* Release */ = {
			isa = PBXBuildStyle;
			buildSettings = {
				COPY_PHASE_STRIP = NO;
			};
			name = Release;
		};
		789AE3D5E2384D5F965BAFA0 /* RelWithDebInfo */ = {
			isa = PBXBuildStyle;
			buildSettings = {
				COPY_PHASE_STRIP = NO;
			};
			name = RelWithDebInfo;
		};
		89DE0BA22C0A426A942E8944 /* Debug */ = {
			isa = PBXBuildStyle;
			buildSettings = {
				COPY_PHASE_STRIP = NO;
			};
			name = Debug;
		};
		99FDF002E2B84B66959D29A8 /* MinSizeRel */ = {
			isa = PBXBuildStyle;
			buildSettings = {
				COPY_PHASE_STRIP = NO;
			};
			name = MinSizeRel;
		};
/* End PBXBuildStyle section */

/* Begin PBXContainerItemProxy section */
		6D00BEA3D8594EF0995E08C7 /* PBXContainerItemProxy */ = {
			isa = PBXContainerItemProxy;
			containerPortal = 5865F45D97404F30BBAD663D /* Project object */;
			proxyType = 1;
			remoteGlobalIDString = 5929C3B09F604CC88F34CC81;
			remoteInfo = gtest_main;
		};
		7756EF368005409E94D9D4D6 /* PBXContainerItemProxy */ = {
			isa = PBXContainerItemProxy;
			containerPortal = 5865F45D97404F30BBAD663D /* Project object */;
			proxyType = 1;
			remoteGlobalIDString = B9ED3743DC4C49D290774A7B;
			remoteInfo = gtest;
		};
		B657419DFE5D4FED9F47DDD3 /* PBXContainerItemProxy */ = {
			isa = PBXContainerItemProxy;
			containerPortal = 5865F45D97404F30BBAD663D /* Project object */;
			proxyType = 1;
			remoteGlobalIDString = 68E4D3DBDE614674B61E90BB;
			remoteInfo = ZERO_CHECK;
		};
		C96877C05AA54C65A9F4047A /* PBXContainerItemProxy */ = {
			isa = PBXContainerItemProxy;
			containerPortal = 5865F45D97404F30BBAD663D /* Project object */;
			proxyType = 1;
			remoteGlobalIDString = B9ED3743DC4C49D290774A7B;
			remoteInfo = gtest;
		};
/* End PBXContainerItemProxy section */

/* Begin PBXFileReference section */
		1163256F42FF4F2BB983A156 /* /Users/apple/Desktop/AudioSoftwareEngineering/Assignments/Assignment2/2022-MUSI6106/3rdparty/googletest/googletest/CMakeLists.txt */ = {isa = PBXFileReference; explicitFileType = sourcecode.text; fileEncoding = 4; name = CMakeLists.txt; path = googletest/CMakeLists.txt; sourceTree = SOURCE_ROOT; };
		5A4F70AC5C2F49D887259EF6 /* /Users/apple/Desktop/AudioSoftwareEngineering/Assignments/Assignment2/2022-MUSI6106/3rdparty/googletest/CMakeLists.txt */ = {isa = PBXFileReference; explicitFileType = sourcecode.text; fileEncoding = 4; name = CMakeLists.txt; path = CMakeLists.txt; sourceTree = SOURCE_ROOT; };
		7E5B9E4BAA834C649C2EC0E2 /* /Users/apple/Desktop/AudioSoftwareEngineering/Assignments/Assignment2/2022-MUSI6106/3rdparty/googletest/googletest/src/gtest-all.cc */ = {isa = PBXFileReference; explicitFileType = sourcecode.cpp.cpp; fileEncoding = 4; name = "gtest-all.cc"; path = "googletest/src/gtest-all.cc"; sourceTree = SOURCE_ROOT; };
		7E73583F4E0B474E9FB9E575 /* /Users/apple/Desktop/AudioSoftwareEngineering/Assignments/Assignment2/2022-MUSI6106/3rdparty/googletest/googletest/CMakeLists.txt */ = {isa = PBXFileReference; explicitFileType = sourcecode.text; fileEncoding = 4; name = CMakeLists.txt; path = googletest/CMakeLists.txt; sourceTree = SOURCE_ROOT; };
		86AE8265C98B4E808CDB9EC8 /* /Users/apple/Desktop/AudioSoftwareEngineering/Assignments/Assignment2/2022-MUSI6106/3rdparty/googletest/googletest/src/gtest_main.cc */ = {isa = PBXFileReference; explicitFileType = sourcecode.cpp.cpp; fileEncoding = 4; name = gtest_main.cc; path = googletest/src/gtest_main.cc; sourceTree = SOURCE_ROOT; };
		B6E9067100714A45B9DB4EE5 /* gtest_main */ = {isa = PBXFileReference; explicitFileType = archive.ar; path = libgtest_maind.a; sourceTree = BUILT_PRODUCTS_DIR; };
		C9219B8B199C4FABA5D92457 /* gtest */ = {isa = PBXFileReference; explicitFileType = archive.ar; path = libgtestd.a; sourceTree = BUILT_PRODUCTS_DIR; };
/* End PBXFileReference section */

/* Begin PBXFrameworksBuildPhase section */
		A0FC8F89BC3F4B6BBA74200C /* Frameworks */ = {
			isa = PBXFrameworksBuildPhase;
			buildActionMask = 2147483647;
			files = (
			);
			runOnlyForDeploymentPostprocessing = 0;
		};
		A2E01A9D65B44166BBC64F31 /* Frameworks */ = {
			isa = PBXFrameworksBuildPhase;
			buildActionMask = 2147483647;
			files = (
			);
			runOnlyForDeploymentPostprocessing = 0;
		};
/* End PBXFrameworksBuildPhase section */

/* Begin PBXGroup section */
		1191D45037924039A7669D41 = {
			isa = PBXGroup;
			children = (
				E2EA6BDD177E4ABC8F2E3841 /* ALL_BUILD */,
				546031FCE02C47948FE58F9B /* gtest_main */,
				D53AFF6351994C7ABDCE1AFD /* gtest */,
				536DC60DFD5946E28B101008 /* Products */,
				21D00CBB3B514656B5052990 /* Frameworks */,
			);
			sourceTree = "<group>";
		};
		21D00CBB3B514656B5052990 /* Frameworks */ = {
			isa = PBXGroup;
			children = (
			);
			name = Frameworks;
			sourceTree = "<group>";
		};
		536DC60DFD5946E28B101008 /* Products */ = {
			isa = PBXGroup;
			children = (
				C9219B8B199C4FABA5D92457 /* gtest */,
				B6E9067100714A45B9DB4EE5 /* gtest_main */,
			);
			name = Products;
			sourceTree = "<group>";
		};
		546031FCE02C47948FE58F9B /* gtest_main */ = {
			isa = PBXGroup;
			children = (
				E38D0B81324C42EDBCD4C2CA /* Source Files */,
				1163256F42FF4F2BB983A156 /* /Users/apple/Desktop/AudioSoftwareEngineering/Assignments/Assignment2/2022-MUSI6106/3rdparty/googletest/googletest/CMakeLists.txt */,
			);
			name = gtest_main;
			sourceTree = "<group>";
		};
		CF6851B6740945859C811D55 /* CMake Rules */ = {
			isa = PBXGroup;
			children = (
			);
			name = "CMake Rules";
			sourceTree = "<group>";
		};
		D53AFF6351994C7ABDCE1AFD /* gtest */ = {
			isa = PBXGroup;
			children = (
				F84812280EA34D9B9D755E33 /* Source Files */,
				7E73583F4E0B474E9FB9E575 /* /Users/apple/Desktop/AudioSoftwareEngineering/Assignments/Assignment2/2022-MUSI6106/3rdparty/googletest/googletest/CMakeLists.txt */,
			);
			name = gtest;
			sourceTree = "<group>";
		};
		E2EA6BDD177E4ABC8F2E3841 /* ALL_BUILD */ = {
			isa = PBXGroup;
			children = (
				CF6851B6740945859C811D55 /* CMake Rules */,
				5A4F70AC5C2F49D887259EF6 /* /Users/apple/Desktop/AudioSoftwareEngineering/Assignments/Assignment2/2022-MUSI6106/3rdparty/googletest/CMakeLists.txt */,
			);
			name = ALL_BUILD;
			sourceTree = "<group>";
		};
		E38D0B81324C42EDBCD4C2CA /* Source Files */ = {
			isa = PBXGroup;
			children = (
				86AE8265C98B4E808CDB9EC8 /* /Users/apple/Desktop/AudioSoftwareEngineering/Assignments/Assignment2/2022-MUSI6106/3rdparty/googletest/googletest/src/gtest_main.cc */,
			);
			name = "Source Files";
			sourceTree = "<group>";
		};
		F84812280EA34D9B9D755E33 /* Source Files */ = {
			isa = PBXGroup;
			children = (
				7E5B9E4BAA834C649C2EC0E2 /* /Users/apple/Desktop/AudioSoftwareEngineering/Assignments/Assignment2/2022-MUSI6106/3rdparty/googletest/googletest/src/gtest-all.cc */,
			);
			name = "Source Files";
			sourceTree = "<group>";
		};
/* End PBXGroup section */

/* Begin PBXNativeTarget section */
		5929C3B09F604CC88F34CC81 /* gtest_main */ = {
			isa = PBXNativeTarget;
			buildConfigurationList = 8A268A2E36B04AE5BEDB3F53 /* Build configuration list for PBXNativeTarget "gtest_main" */;
			buildPhases = (
				D6EB2788AD074702902DD1FF /* Sources */,
				A0FC8F89BC3F4B6BBA74200C /* Frameworks */,
			);
			buildRules = (
			);
			dependencies = (
				D88106FF8BCF426DA389C3D9 /* PBXTargetDependency */,
			);
			name = gtest_main;
			productName = gtest_main;
			productReference = B6E9067100714A45B9DB4EE5 /* gtest_main */;
			productType = "com.apple.product-type.library.static";
		};
		B9ED3743DC4C49D290774A7B /* gtest */ = {
			isa = PBXNativeTarget;
			buildConfigurationList = 18E689FCE065471A8FEC87C8 /* Build configuration list for PBXNativeTarget "gtest" */;
			buildPhases = (
				0CECF96196B047B79C78BE40 /* Sources */,
				A2E01A9D65B44166BBC64F31 /* Frameworks */,
			);
			buildRules = (
			);
			dependencies = (
			);
			name = gtest;
			productName = gtest;
			productReference = C9219B8B199C4FABA5D92457 /* gtest */;
			productType = "com.apple.product-type.library.static";
		};
/* End PBXNativeTarget section */

/* Begin PBXProject section */
		5865F45D97404F30BBAD663D /* Project object */ = {
			isa = PBXProject;
			attributes = {
				BuildIndependentTargetsInParallel = YES;
				LastUpgradeCheck = 1240;
			};
			buildConfigurationList = 82B4F00A31CE49EB8C1D0D4E /* Build configuration list for PBXProject "googletest-distribution" */;
			buildSettings = {
			};
			buildStyles = (
				89DE0BA22C0A426A942E8944 /* Debug */,
				74684BB6DEAC4BA295A2914E /* Release */,
				99FDF002E2B84B66959D29A8 /* MinSizeRel */,
				789AE3D5E2384D5F965BAFA0 /* RelWithDebInfo */,
			);
			compatibilityVersion = "Xcode 3.2";
			hasScannedForEncodings = 0;
			mainGroup = 1191D45037924039A7669D41;
			projectDirPath = ../3rdparty/googletest;
			projectRoot = "";
			targets = (
				580F63B9271A437A88145C8F /* ALL_BUILD */,
				68E4D3DBDE614674B61E90BB /* ZERO_CHECK */,
				B9ED3743DC4C49D290774A7B /* gtest */,
				5929C3B09F604CC88F34CC81 /* gtest_main */,
			);
		};
/* End PBXProject section */

/* Begin PBXShellScriptBuildPhase section */
		3C0110FC8322DE7E50886E21 = {
			isa = PBXShellScriptBuildPhase;
			buildActionMask = 2147483647;
			files = (
			);
			inputPaths = (
			);
			outputPaths = (
			);
			runOnlyForDeploymentPostprocessing = 0;
			shellPath = /bin/sh;
			shellScript = "# shell script goes here
exit 0";
			showEnvVarsInLog = 0;
		};
		446CCD20D4B81B175152FC30 /* Generate CMakeFiles/ZERO_CHECK */ = {
			isa = PBXShellScriptBuildPhase;
			alwaysOutOfDate = 1;
			buildActionMask = 2147483647;
			files = (
			);
			inputPaths = (
			);
			name = "Generate CMakeFiles/ZERO_CHECK";
			outputPaths = (
"/Users/apple/Desktop/AudioSoftwareEngineering/Assignments/Assignment2/2022-MUSI6106/googletest/CMakeFiles/ZERO_CHECK"			);
			runOnlyForDeploymentPostprocessing = 0;
			shellPath = /bin/sh;
			shellScript = "set -e
if test \"$CONFIGURATION\" = \"Debug\"; then :
  cd /Users/apple/Desktop/AudioSoftwareEngineering/Assignments/Assignment2/2022-MUSI6106/googletest
  make -f /Users/apple/Desktop/AudioSoftwareEngineering/Assignments/Assignment2/2022-MUSI6106/googletest/CMakeScripts/ReRunCMake.make
fi
if test \"$CONFIGURATION\" = \"Release\"; then :
  cd /Users/apple/Desktop/AudioSoftwareEngineering/Assignments/Assignment2/2022-MUSI6106/googletest
  make -f /Users/apple/Desktop/AudioSoftwareEngineering/Assignments/Assignment2/2022-MUSI6106/googletest/CMakeScripts/ReRunCMake.make
fi
if test \"$CONFIGURATION\" = \"MinSizeRel\"; then :
  cd /Users/apple/Desktop/AudioSoftwareEngineering/Assignments/Assignment2/2022-MUSI6106/googletest
  make -f /Users/apple/Desktop/AudioSoftwareEngineering/Assignments/Assignment2/2022-MUSI6106/googletest/CMakeScripts/ReRunCMake.make
fi
if test \"$CONFIGURATION\" = \"RelWithDebInfo\"; then :
  cd /Users/apple/Desktop/AudioSoftwareEngineering/Assignments/Assignment2/2022-MUSI6106/googletest
  make -f /Users/apple/Desktop/AudioSoftwareEngineering/Assignments/Assignment2/2022-MUSI6106/googletest/CMakeScripts/ReRunCMake.make
fi
";
			showEnvVarsInLog = 0;
		};
		97F01F0919E0A8B24FB7D15E /* Generate CMakeFiles/ALL_BUILD */ = {
			isa = PBXShellScriptBuildPhase;
			alwaysOutOfDate = 1;
			buildActionMask = 2147483647;
			files = (
			);
			inputPaths = (
			);
			name = "Generate CMakeFiles/ALL_BUILD";
			outputPaths = (
"/Users/apple/Desktop/AudioSoftwareEngineering/Assignments/Assignment2/2022-MUSI6106/googletest/CMakeFiles/ALL_BUILD"			);
			runOnlyForDeploymentPostprocessing = 0;
			shellPath = /bin/sh;
			shellScript = "set -e
if test \"$CONFIGURATION\" = \"Debug\"; then :
  cd /Users/apple/Desktop/AudioSoftwareEngineering/Assignments/Assignment2/2022-MUSI6106/googletest
  echo Build\\ all\\ projects
fi
if test \"$CONFIGURATION\" = \"Release\"; then :
  cd /Users/apple/Desktop/AudioSoftwareEngineering/Assignments/Assignment2/2022-MUSI6106/googletest
  echo Build\\ all\\ projects
fi
if test \"$CONFIGURATION\" = \"MinSizeRel\"; then :
  cd /Users/apple/Desktop/AudioSoftwareEngineering/Assignments/Assignment2/2022-MUSI6106/googletest
  echo Build\\ all\\ projects
fi
if test \"$CONFIGURATION\" = \"RelWithDebInfo\"; then :
  cd /Users/apple/Desktop/AudioSoftwareEngineering/Assignments/Assignment2/2022-MUSI6106/googletest
  echo Build\\ all\\ projects
fi
";
			showEnvVarsInLog = 0;
		};
		9B50530E35CC49C82C2FACCF = {
			isa = PBXShellScriptBuildPhase;
			buildActionMask = 2147483647;
			files = (
			);
			inputPaths = (
			);
			outputPaths = (
			);
			runOnlyForDeploymentPostprocessing = 0;
			shellPath = /bin/sh;
			shellScript = "# shell script goes here
exit 0";
			showEnvVarsInLog = 0;
		};
/* End PBXShellScriptBuildPhase section */

/* Begin PBXSourcesBuildPhase section */
		0CECF96196B047B79C78BE40 /* Sources */ = {
			isa = PBXSourcesBuildPhase;
			buildActionMask = 2147483647;
			files = (
				557DB0CAC38B481DB44D9FCA /* /Users/apple/Desktop/AudioSoftwareEngineering/Assignments/Assignment2/2022-MUSI6106/3rdparty/googletest/googletest/src/gtest-all.cc */,
			);
			runOnlyForDeploymentPostprocessing = 0;
		};
		D6EB2788AD074702902DD1FF /* Sources */ = {
			isa = PBXSourcesBuildPhase;
			buildActionMask = 2147483647;
			files = (
				F81D2CF002B24B8DB51643E0 /* /Users/apple/Desktop/AudioSoftwareEngineering/Assignments/Assignment2/2022-MUSI6106/3rdparty/googletest/googletest/src/gtest_main.cc */,
			);
			runOnlyForDeploymentPostprocessing = 0;
		};
/* End PBXSourcesBuildPhase section */

/* Begin PBXTargetDependency section */
		0CAACF70A8034F0097A4AA15 /* PBXTargetDependency */ = {
			isa = PBXTargetDependency;
			target = 5929C3B09F604CC88F34CC81 /* gtest_main */;
			targetProxy = 6D00BEA3D8594EF0995E08C7 /* PBXContainerItemProxy */;
		};
		9C7CAF638714400784F3217D /* PBXTargetDependency */ = {
			isa = PBXTargetDependency;
			target = B9ED3743DC4C49D290774A7B /* gtest */;
			targetProxy = C96877C05AA54C65A9F4047A /* PBXContainerItemProxy */;
		};
		D83BEE858F404BB89959C7B0 /* PBXTargetDependency */ = {
			isa = PBXTargetDependency;
			target = 68E4D3DBDE614674B61E90BB /* ZERO_CHECK */;
			targetProxy = B657419DFE5D4FED9F47DDD3 /* PBXContainerItemProxy */;
		};
		D88106FF8BCF426DA389C3D9 /* PBXTargetDependency */ = {
			isa = PBXTargetDependency;
			target = B9ED3743DC4C49D290774A7B /* gtest */;
			targetProxy = 7756EF368005409E94D9D4D6 /* PBXContainerItemProxy */;
		};
/* End PBXTargetDependency section */

/* Begin XCBuildConfiguration section */
		154A122A6BDB4FC89D37523E /* MinSizeRel */ = {
			isa = XCBuildConfiguration;
			buildSettings = {
				COMBINE_HIDPI_IMAGES = YES;
				CONFIGURATION_BUILD_DIR = "/Users/apple/Desktop/AudioSoftwareEngineering/Assignments/Assignment2/2022-MUSI6106/lib/MinSizeRel";
				EXECUTABLE_PREFIX = lib;
				EXECUTABLE_SUFFIX = .a;
				GCC_GENERATE_DEBUGGING_SYMBOLS = NO;
				GCC_INLINES_ARE_PRIVATE_EXTERN = NO;
				GCC_OPTIMIZATION_LEVEL = s;
				GCC_PREPROCESSOR_DEFINITIONS = ("'CMAKE_INTDIR=\"$(CONFIGURATION)$(EFFECTIVE_PLATFORM_NAME)\"'","$(inherited)");
				GCC_SYMBOLS_PRIVATE_EXTERN = NO;
				INSTALL_PATH = "";
				LIBRARY_STYLE = STATIC;
				OTHER_CPLUSPLUSFLAGS = "    -DNDEBUG  -DGTEST_HAS_PTHREAD=1   '-std=c++11' ";
				OTHER_LIBTOOLFLAGS = ("");
				OTHER_REZFLAGS = "";
				PRODUCT_NAME = gtest_main;
				SECTORDER_FLAGS = "";
				SYMROOT = "/Users/apple/Desktop/AudioSoftwareEngineering/Assignments/Assignment2/2022-MUSI6106/googletest/googletest";
				SYSTEM_HEADER_SEARCH_PATHS = ("/Users/apple/Desktop/AudioSoftwareEngineering/Assignments/Assignment2/2022-MUSI6106/3rdparty/googletest/googletest/include","/Users/apple/Desktop/AudioSoftwareEngineering/Assignments/Assignment2/2022-MUSI6106/3rdparty/googletest/googletest","$(inherited)");
				USE_HEADERMAP = NO;
				WARNING_CFLAGS = ("$(inherited)");
			};
			name = MinSizeRel;
		};
		35668299AAE644F2B4DCDCAD /* RelWithDebInfo */ = {
			isa = XCBuildConfiguration;
			buildSettings = {
				COMBINE_HIDPI_IMAGES = YES;
				CONFIGURATION_BUILD_DIR = "/Users/apple/Desktop/AudioSoftwareEngineering/Assignments/Assignment2/2022-MUSI6106/lib/relwithdebinfo";
				EXECUTABLE_PREFIX = lib;
				EXECUTABLE_SUFFIX = .a;
				GCC_GENERATE_DEBUGGING_SYMBOLS = YES;
				GCC_INLINES_ARE_PRIVATE_EXTERN = NO;
				GCC_OPTIMIZATION_LEVEL = 2;
				GCC_PREPROCESSOR_DEFINITIONS = ("'CMAKE_INTDIR=\"$(CONFIGURATION)$(EFFECTIVE_PLATFORM_NAME)\"'","$(inherited)");
				GCC_SYMBOLS_PRIVATE_EXTERN = NO;
				HEADER_SEARCH_PATHS = ("/Users/apple/Desktop/AudioSoftwareEngineering/Assignments/Assignment2/2022-MUSI6106/3rdparty/googletest/googletest/include","/Users/apple/Desktop/AudioSoftwareEngineering/Assignments/Assignment2/2022-MUSI6106/3rdparty/googletest/googletest","$(inherited)");
				INSTALL_PATH = "";
				LIBRARY_STYLE = STATIC;
				OTHER_CPLUSPLUSFLAGS = "       -DNDEBUG  -DGTEST_HAS_PTHREAD=1   '-std=c++11' ";
				OTHER_LIBTOOLFLAGS = ("");
				OTHER_REZFLAGS = "";
				PRODUCT_NAME = gtest;
				SECTORDER_FLAGS = "";
				SYMROOT = "/Users/apple/Desktop/AudioSoftwareEngineering/Assignments/Assignment2/2022-MUSI6106/googletest/googletest";
				USE_HEADERMAP = NO;
				WARNING_CFLAGS = ("$(inherited)");
			};
			name = RelWithDebInfo;
		};
		4DBB461A04AC4D91A4FEC9B6 /* Release */ = {
			isa = XCBuildConfiguration;
			buildSettings = {
				COMBINE_HIDPI_IMAGES = YES;
				CONFIGURATION_BUILD_DIR = "/Users/apple/Desktop/AudioSoftwareEngineering/Assignments/Assignment2/2022-MUSI6106/lib/Release";
				EXECUTABLE_PREFIX = lib;
				EXECUTABLE_SUFFIX = .a;
				GCC_GENERATE_DEBUGGING_SYMBOLS = NO;
				GCC_INLINES_ARE_PRIVATE_EXTERN = NO;
				GCC_OPTIMIZATION_LEVEL = 3;
				GCC_PREPROCESSOR_DEFINITIONS = ("'CMAKE_INTDIR=\"$(CONFIGURATION)$(EFFECTIVE_PLATFORM_NAME)\"'","$(inherited)");
				GCC_SYMBOLS_PRIVATE_EXTERN = NO;
				INSTALL_PATH = "";
				LIBRARY_STYLE = STATIC;
				OTHER_CPLUSPLUSFLAGS = "    -DNDEBUG  -DGTEST_HAS_PTHREAD=1   '-std=c++11' ";
				OTHER_LIBTOOLFLAGS = ("");
				OTHER_REZFLAGS = "";
				PRODUCT_NAME = gtest_main;
				SECTORDER_FLAGS = "";
				SYMROOT = "/Users/apple/Desktop/AudioSoftwareEngineering/Assignments/Assignment2/2022-MUSI6106/googletest/googletest";
				SYSTEM_HEADER_SEARCH_PATHS = ("/Users/apple/Desktop/AudioSoftwareEngineering/Assignments/Assignment2/2022-MUSI6106/3rdparty/googletest/googletest/include","/Users/apple/Desktop/AudioSoftwareEngineering/Assignments/Assignment2/2022-MUSI6106/3rdparty/googletest/googletest","$(inherited)");
				USE_HEADERMAP = NO;
				WARNING_CFLAGS = ("$(inherited)");
			};
			name = Release;
		};
		5E70C37D27A3431FB9CEE15D /* Debug */ = {
			isa = XCBuildConfiguration;
			buildSettings = {
				COMBINE_HIDPI_IMAGES = YES;
				CONFIGURATION_BUILD_DIR = "/Users/apple/Desktop/AudioSoftwareEngineering/Assignments/Assignment2/2022-MUSI6106/lib/Debug";
				EXECUTABLE_PREFIX = lib;
				EXECUTABLE_SUFFIX = .a;
				GCC_GENERATE_DEBUGGING_SYMBOLS = YES;
				GCC_INLINES_ARE_PRIVATE_EXTERN = NO;
				GCC_OPTIMIZATION_LEVEL = 0;
				GCC_PREPROCESSOR_DEFINITIONS = ("'CMAKE_INTDIR=\"$(CONFIGURATION)$(EFFECTIVE_PLATFORM_NAME)\"'","$(inherited)");
				GCC_SYMBOLS_PRIVATE_EXTERN = NO;
				INSTALL_PATH = "";
				LIBRARY_STYLE = STATIC;
				OTHER_CPLUSPLUSFLAGS = "    -DGTEST_HAS_PTHREAD=1   '-std=c++11' ";
				OTHER_LIBTOOLFLAGS = ("");
				OTHER_REZFLAGS = "";
				PRODUCT_NAME = gtest_maind;
				SECTORDER_FLAGS = "";
				SYMROOT = "/Users/apple/Desktop/AudioSoftwareEngineering/Assignments/Assignment2/2022-MUSI6106/googletest/googletest";
				SYSTEM_HEADER_SEARCH_PATHS = ("/Users/apple/Desktop/AudioSoftwareEngineering/Assignments/Assignment2/2022-MUSI6106/3rdparty/googletest/googletest/include","/Users/apple/Desktop/AudioSoftwareEngineering/Assignments/Assignment2/2022-MUSI6106/3rdparty/googletest/googletest","$(inherited)");
				USE_HEADERMAP = NO;
				WARNING_CFLAGS = ("$(inherited)");
			};
			name = Debug;
		};
		5E91EA04D4E94644B2C753E5 /* MinSizeRel */ = {
			isa = XCBuildConfiguration;
			buildSettings = {
				ARCHS = "$(NATIVE_ARCH_ACTUAL)";
				MACOSX_DEPLOYMENT_TARGET = 10.15;
				ONLY_ACTIVE_ARCH = YES;
				SDKROOT = /Applications/Xcode.app/Contents/Developer/Platforms/MacOSX.platform/Developer/SDKs/MacOSX11.1.sdk;
				SYMROOT = "/Users/apple/Desktop/AudioSoftwareEngineering/Assignments/Assignment2/2022-MUSI6106/googletest/build";
			};
			name = MinSizeRel;
		};
		5FE26C6A9AC84632A8152767 /* RelWithDebInfo */ = {
			isa = XCBuildConfiguration;
			buildSettings = {
				COMBINE_HIDPI_IMAGES = YES;
				GCC_GENERATE_DEBUGGING_SYMBOLS = YES;
				GCC_INLINES_ARE_PRIVATE_EXTERN = NO;
				GCC_OPTIMIZATION_LEVEL = 0;
				GCC_PREPROCESSOR_DEFINITIONS = ("'CMAKE_INTDIR=\"$(CONFIGURATION)$(EFFECTIVE_PLATFORM_NAME)\"'","$(inherited)");
				GCC_SYMBOLS_PRIVATE_EXTERN = NO;
				INSTALL_PATH = "";
				OTHER_LDFLAGS = ("","$(inherited)");
				OTHER_REZFLAGS = "";
				PRODUCT_NAME = ALL_BUILD;
				SECTORDER_FLAGS = "";
				SYMROOT = "/Users/apple/Desktop/AudioSoftwareEngineering/Assignments/Assignment2/2022-MUSI6106/googletest";
				USE_HEADERMAP = NO;
				WARNING_CFLAGS = ("$(inherited)");
			};
			name = RelWithDebInfo;
		};
		7180D49A75624F269F337ACB /* RelWithDebInfo */ = {
			isa = XCBuildConfiguration;
			buildSettings = {
				COMBINE_HIDPI_IMAGES = YES;
				CONFIGURATION_BUILD_DIR = "/Users/apple/Desktop/AudioSoftwareEngineering/Assignments/Assignment2/2022-MUSI6106/lib/relwithdebinfo";
				EXECUTABLE_PREFIX = lib;
				EXECUTABLE_SUFFIX = .a;
				GCC_GENERATE_DEBUGGING_SYMBOLS = YES;
				GCC_INLINES_ARE_PRIVATE_EXTERN = NO;
				GCC_OPTIMIZATION_LEVEL = 2;
				GCC_PREPROCESSOR_DEFINITIONS = ("'CMAKE_INTDIR=\"$(CONFIGURATION)$(EFFECTIVE_PLATFORM_NAME)\"'","$(inherited)");
				GCC_SYMBOLS_PRIVATE_EXTERN = NO;
				INSTALL_PATH = "";
				LIBRARY_STYLE = STATIC;
				OTHER_CPLUSPLUSFLAGS = "       -DNDEBUG  -DGTEST_HAS_PTHREAD=1   '-std=c++11' ";
				OTHER_LIBTOOLFLAGS = ("");
				OTHER_REZFLAGS = "";
				PRODUCT_NAME = gtest_main;
				SECTORDER_FLAGS = "";
				SYMROOT = "/Users/apple/Desktop/AudioSoftwareEngineering/Assignments/Assignment2/2022-MUSI6106/googletest/googletest";
				SYSTEM_HEADER_SEARCH_PATHS = ("/Users/apple/Desktop/AudioSoftwareEngineering/Assignments/Assignment2/2022-MUSI6106/3rdparty/googletest/googletest/include","/Users/apple/Desktop/AudioSoftwareEngineering/Assignments/Assignment2/2022-MUSI6106/3rdparty/googletest/googletest","$(inherited)");
				USE_HEADERMAP = NO;
				WARNING_CFLAGS = ("$(inherited)");
			};
			name = RelWithDebInfo;
		};
		71FEAB6A865841E7B19C727C /* Debug */ = {
			isa = XCBuildConfiguration;
			buildSettings = {
				COMBINE_HIDPI_IMAGES = YES;
				GCC_GENERATE_DEBUGGING_SYMBOLS = YES;
				GCC_INLINES_ARE_PRIVATE_EXTERN = NO;
				GCC_OPTIMIZATION_LEVEL = 0;
				GCC_PREPROCESSOR_DEFINITIONS = ("'CMAKE_INTDIR=\"$(CONFIGURATION)$(EFFECTIVE_PLATFORM_NAME)\"'","$(inherited)");
				GCC_SYMBOLS_PRIVATE_EXTERN = NO;
				INSTALL_PATH = "";
				OTHER_LDFLAGS = ("","$(inherited)");
				OTHER_REZFLAGS = "";
				PRODUCT_NAME = ZERO_CHECK;
				SECTORDER_FLAGS = "";
				SYMROOT = "/Users/apple/Desktop/AudioSoftwareEngineering/Assignments/Assignment2/2022-MUSI6106/googletest";
				USE_HEADERMAP = NO;
				WARNING_CFLAGS = ("$(inherited)");
			};
			name = Debug;
		};
		7522B58433714C19A62FB5C9 /* Debug */ = {
			isa = XCBuildConfiguration;
			buildSettings = {
				COMBINE_HIDPI_IMAGES = YES;
				CONFIGURATION_BUILD_DIR = "/Users/apple/Desktop/AudioSoftwareEngineering/Assignments/Assignment2/2022-MUSI6106/lib/Debug";
				EXECUTABLE_PREFIX = lib;
				EXECUTABLE_SUFFIX = .a;
				GCC_GENERATE_DEBUGGING_SYMBOLS = YES;
				GCC_INLINES_ARE_PRIVATE_EXTERN = NO;
				GCC_OPTIMIZATION_LEVEL = 0;
				GCC_PREPROCESSOR_DEFINITIONS = ("'CMAKE_INTDIR=\"$(CONFIGURATION)$(EFFECTIVE_PLATFORM_NAME)\"'","$(inherited)");
				GCC_SYMBOLS_PRIVATE_EXTERN = NO;
				HEADER_SEARCH_PATHS = ("/Users/apple/Desktop/AudioSoftwareEngineering/Assignments/Assignment2/2022-MUSI6106/3rdparty/googletest/googletest/include","/Users/apple/Desktop/AudioSoftwareEngineering/Assignments/Assignment2/2022-MUSI6106/3rdparty/googletest/googletest","$(inherited)");
				INSTALL_PATH = "";
				LIBRARY_STYLE = STATIC;
				OTHER_CPLUSPLUSFLAGS = "    -DGTEST_HAS_PTHREAD=1   '-std=c++11' ";
				OTHER_LIBTOOLFLAGS = ("");
				OTHER_REZFLAGS = "";
				PRODUCT_NAME = gtestd;
				SECTORDER_FLAGS = "";
				SYMROOT = "/Users/apple/Desktop/AudioSoftwareEngineering/Assignments/Assignment2/2022-MUSI6106/googletest/googletest";
				USE_HEADERMAP = NO;
				WARNING_CFLAGS = ("$(inherited)");
			};
			name = Debug;
		};
		834EE33E6B2241AEB4227BA6 /* Release */ = {
			isa = XCBuildConfiguration;
			buildSettings = {
				COMBINE_HIDPI_IMAGES = YES;
				GCC_GENERATE_DEBUGGING_SYMBOLS = YES;
				GCC_INLINES_ARE_PRIVATE_EXTERN = NO;
				GCC_OPTIMIZATION_LEVEL = 0;
				GCC_PREPROCESSOR_DEFINITIONS = ("'CMAKE_INTDIR=\"$(CONFIGURATION)$(EFFECTIVE_PLATFORM_NAME)\"'","$(inherited)");
				GCC_SYMBOLS_PRIVATE_EXTERN = NO;
				INSTALL_PATH = "";
				OTHER_LDFLAGS = ("","$(inherited)");
				OTHER_REZFLAGS = "";
				PRODUCT_NAME = ALL_BUILD;
				SECTORDER_FLAGS = "";
				SYMROOT = "/Users/apple/Desktop/AudioSoftwareEngineering/Assignments/Assignment2/2022-MUSI6106/googletest";
				USE_HEADERMAP = NO;
				WARNING_CFLAGS = ("$(inherited)");
			};
			name = Release;
		};
		93AF2BA0DB624854B0C02428 /* RelWithDebInfo */ = {
			isa = XCBuildConfiguration;
			buildSettings = {
				COMBINE_HIDPI_IMAGES = YES;
				GCC_GENERATE_DEBUGGING_SYMBOLS = YES;
				GCC_INLINES_ARE_PRIVATE_EXTERN = NO;
				GCC_OPTIMIZATION_LEVEL = 0;
				GCC_PREPROCESSOR_DEFINITIONS = ("'CMAKE_INTDIR=\"$(CONFIGURATION)$(EFFECTIVE_PLATFORM_NAME)\"'","$(inherited)");
				GCC_SYMBOLS_PRIVATE_EXTERN = NO;
				INSTALL_PATH = "";
				OTHER_LDFLAGS = ("","$(inherited)");
				OTHER_REZFLAGS = "";
				PRODUCT_NAME = ZERO_CHECK;
				SECTORDER_FLAGS = "";
				SYMROOT = "/Users/apple/Desktop/AudioSoftwareEngineering/Assignments/Assignment2/2022-MUSI6106/googletest";
				USE_HEADERMAP = NO;
				WARNING_CFLAGS = ("$(inherited)");
			};
			name = RelWithDebInfo;
		};
		94B0D02BF516492AA086E7C5 /* MinSizeRel */ = {
			isa = XCBuildConfiguration;
			buildSettings = {
				COMBINE_HIDPI_IMAGES = YES;
				CONFIGURATION_BUILD_DIR = "/Users/apple/Desktop/AudioSoftwareEngineering/Assignments/Assignment2/2022-MUSI6106/lib/MinSizeRel";
				EXECUTABLE_PREFIX = lib;
				EXECUTABLE_SUFFIX = .a;
				GCC_GENERATE_DEBUGGING_SYMBOLS = NO;
				GCC_INLINES_ARE_PRIVATE_EXTERN = NO;
				GCC_OPTIMIZATION_LEVEL = s;
				GCC_PREPROCESSOR_DEFINITIONS = ("'CMAKE_INTDIR=\"$(CONFIGURATION)$(EFFECTIVE_PLATFORM_NAME)\"'","$(inherited)");
				GCC_SYMBOLS_PRIVATE_EXTERN = NO;
				HEADER_SEARCH_PATHS = ("/Users/apple/Desktop/AudioSoftwareEngineering/Assignments/Assignment2/2022-MUSI6106/3rdparty/googletest/googletest/include","/Users/apple/Desktop/AudioSoftwareEngineering/Assignments/Assignment2/2022-MUSI6106/3rdparty/googletest/googletest","$(inherited)");
				INSTALL_PATH = "";
				LIBRARY_STYLE = STATIC;
				OTHER_CPLUSPLUSFLAGS = "    -DNDEBUG  -DGTEST_HAS_PTHREAD=1   '-std=c++11' ";
				OTHER_LIBTOOLFLAGS = ("");
				OTHER_REZFLAGS = "";
				PRODUCT_NAME = gtest;
				SECTORDER_FLAGS = "";
				SYMROOT = "/Users/apple/Desktop/AudioSoftwareEngineering/Assignments/Assignment2/2022-MUSI6106/googletest/googletest";
				USE_HEADERMAP = NO;
				WARNING_CFLAGS = ("$(inherited)");
			};
			name = MinSizeRel;
		};
		9A7F3172BE6444D2ABDB69AF /* RelWithDebInfo */ = {
			isa = XCBuildConfiguration;
			buildSettings = {
				ARCHS = "$(NATIVE_ARCH_ACTUAL)";
				MACOSX_DEPLOYMENT_TARGET = 10.15;
				ONLY_ACTIVE_ARCH = YES;
				SDKROOT = /Applications/Xcode.app/Contents/Developer/Platforms/MacOSX.platform/Developer/SDKs/MacOSX11.1.sdk;
				SYMROOT = "/Users/apple/Desktop/AudioSoftwareEngineering/Assignments/Assignment2/2022-MUSI6106/googletest/build";
			};
			name = RelWithDebInfo;
		};
		A21220CAF58D4624BA2EFDCA /* MinSizeRel */ = {
			isa = XCBuildConfiguration;
			buildSettings = {
				COMBINE_HIDPI_IMAGES = YES;
				GCC_GENERATE_DEBUGGING_SYMBOLS = YES;
				GCC_INLINES_ARE_PRIVATE_EXTERN = NO;
				GCC_OPTIMIZATION_LEVEL = 0;
				GCC_PREPROCESSOR_DEFINITIONS = ("'CMAKE_INTDIR=\"$(CONFIGURATION)$(EFFECTIVE_PLATFORM_NAME)\"'","$(inherited)");
				GCC_SYMBOLS_PRIVATE_EXTERN = NO;
				INSTALL_PATH = "";
				OTHER_LDFLAGS = ("","$(inherited)");
				OTHER_REZFLAGS = "";
				PRODUCT_NAME = ALL_BUILD;
				SECTORDER_FLAGS = "";
				SYMROOT = "/Users/apple/Desktop/AudioSoftwareEngineering/Assignments/Assignment2/2022-MUSI6106/googletest";
				USE_HEADERMAP = NO;
				WARNING_CFLAGS = ("$(inherited)");
			};
			name = MinSizeRel;
		};
		AA59F53E917949D0B4E52EAF /* Release */ = {
			isa = XCBuildConfiguration;
			buildSettings = {
				ARCHS = "$(NATIVE_ARCH_ACTUAL)";
				MACOSX_DEPLOYMENT_TARGET = 10.15;
				ONLY_ACTIVE_ARCH = YES;
				SDKROOT = /Applications/Xcode.app/Contents/Developer/Platforms/MacOSX.platform/Developer/SDKs/MacOSX11.1.sdk;
				SYMROOT = "/Users/apple/Desktop/AudioSoftwareEngineering/Assignments/Assignment2/2022-MUSI6106/googletest/build";
			};
			name = Release;
		};
		AC7B608D77F6475FB8E9BF20 /* MinSizeRel */ = {
			isa = XCBuildConfiguration;
			buildSettings = {
				COMBINE_HIDPI_IMAGES = YES;
				GCC_GENERATE_DEBUGGING_SYMBOLS = YES;
				GCC_INLINES_ARE_PRIVATE_EXTERN = NO;
				GCC_OPTIMIZATION_LEVEL = 0;
				GCC_PREPROCESSOR_DEFINITIONS = ("'CMAKE_INTDIR=\"$(CONFIGURATION)$(EFFECTIVE_PLATFORM_NAME)\"'","$(inherited)");
				GCC_SYMBOLS_PRIVATE_EXTERN = NO;
				INSTALL_PATH = "";
				OTHER_LDFLAGS = ("","$(inherited)");
				OTHER_REZFLAGS = "";
				PRODUCT_NAME = ZERO_CHECK;
				SECTORDER_FLAGS = "";
				SYMROOT = "/Users/apple/Desktop/AudioSoftwareEngineering/Assignments/Assignment2/2022-MUSI6106/googletest";
				USE_HEADERMAP = NO;
				WARNING_CFLAGS = ("$(inherited)");
			};
			name = MinSizeRel;
		};
		AD514A789E9C4C39AC0AB508 /* Release */ = {
			isa = XCBuildConfiguration;
			buildSettings = {
				COMBINE_HIDPI_IMAGES = YES;
				CONFIGURATION_BUILD_DIR = "/Users/apple/Desktop/AudioSoftwareEngineering/Assignments/Assignment2/2022-MUSI6106/lib/Release";
				EXECUTABLE_PREFIX = lib;
				EXECUTABLE_SUFFIX = .a;
				GCC_GENERATE_DEBUGGING_SYMBOLS = NO;
				GCC_INLINES_ARE_PRIVATE_EXTERN = NO;
				GCC_OPTIMIZATION_LEVEL = 3;
				GCC_PREPROCESSOR_DEFINITIONS = ("'CMAKE_INTDIR=\"$(CONFIGURATION)$(EFFECTIVE_PLATFORM_NAME)\"'","$(inherited)");
				GCC_SYMBOLS_PRIVATE_EXTERN = NO;
				HEADER_SEARCH_PATHS = ("/Users/apple/Desktop/AudioSoftwareEngineering/Assignments/Assignment2/2022-MUSI6106/3rdparty/googletest/googletest/include","/Users/apple/Desktop/AudioSoftwareEngineering/Assignments/Assignment2/2022-MUSI6106/3rdparty/googletest/googletest","$(inherited)");
				INSTALL_PATH = "";
				LIBRARY_STYLE = STATIC;
				OTHER_CPLUSPLUSFLAGS = "    -DNDEBUG  -DGTEST_HAS_PTHREAD=1   '-std=c++11' ";
				OTHER_LIBTOOLFLAGS = ("");
				OTHER_REZFLAGS = "";
				PRODUCT_NAME = gtest;
				SECTORDER_FLAGS = "";
				SYMROOT = "/Users/apple/Desktop/AudioSoftwareEngineering/Assignments/Assignment2/2022-MUSI6106/googletest/googletest";
				USE_HEADERMAP = NO;
				WARNING_CFLAGS = ("$(inherited)");
			};
			name = Release;
		};
		D85E2B7FB56B4D0F8698055E /* Release */ = {
			isa = XCBuildConfiguration;
			buildSettings = {
				COMBINE_HIDPI_IMAGES = YES;
				GCC_GENERATE_DEBUGGING_SYMBOLS = YES;
				GCC_INLINES_ARE_PRIVATE_EXTERN = NO;
				GCC_OPTIMIZATION_LEVEL = 0;
				GCC_PREPROCESSOR_DEFINITIONS = ("'CMAKE_INTDIR=\"$(CONFIGURATION)$(EFFECTIVE_PLATFORM_NAME)\"'","$(inherited)");
				GCC_SYMBOLS_PRIVATE_EXTERN = NO;
				INSTALL_PATH = "";
				OTHER_LDFLAGS = ("","$(inherited)");
				OTHER_REZFLAGS = "";
				PRODUCT_NAME = ZERO_CHECK;
				SECTORDER_FLAGS = "";
				SYMROOT = "/Users/apple/Desktop/AudioSoftwareEngineering/Assignments/Assignment2/2022-MUSI6106/googletest";
				USE_HEADERMAP = NO;
				WARNING_CFLAGS = ("$(inherited)");
			};
			name = Release;
		};
		E16434A1D5E74B2087AB6771 /* Debug */ = {
			isa = XCBuildConfiguration;
			buildSettings = {
				ARCHS = "$(NATIVE_ARCH_ACTUAL)";
				MACOSX_DEPLOYMENT_TARGET = 10.15;
				ONLY_ACTIVE_ARCH = YES;
				SDKROOT = /Applications/Xcode.app/Contents/Developer/Platforms/MacOSX.platform/Developer/SDKs/MacOSX11.1.sdk;
				SYMROOT = "/Users/apple/Desktop/AudioSoftwareEngineering/Assignments/Assignment2/2022-MUSI6106/googletest/build";
			};
			name = Debug;
		};
		E912A6687A6D43A3ABB95636 /* Debug */ = {
			isa = XCBuildConfiguration;
			buildSettings = {
				COMBINE_HIDPI_IMAGES = YES;
				GCC_GENERATE_DEBUGGING_SYMBOLS = YES;
				GCC_INLINES_ARE_PRIVATE_EXTERN = NO;
				GCC_OPTIMIZATION_LEVEL = 0;
				GCC_PREPROCESSOR_DEFINITIONS = ("'CMAKE_INTDIR=\"$(CONFIGURATION)$(EFFECTIVE_PLATFORM_NAME)\"'","$(inherited)");
				GCC_SYMBOLS_PRIVATE_EXTERN = NO;
				INSTALL_PATH = "";
				OTHER_LDFLAGS = ("","$(inherited)");
				OTHER_REZFLAGS = "";
				PRODUCT_NAME = ALL_BUILD;
				SECTORDER_FLAGS = "";
				SYMROOT = "/Users/apple/Desktop/AudioSoftwareEngineering/Assignments/Assignment2/2022-MUSI6106/googletest";
				USE_HEADERMAP = NO;
				WARNING_CFLAGS = ("$(inherited)");
			};
			name = Debug;
		};
/* End XCBuildConfiguration section */

/* Begin XCConfigurationList section */
		18E689FCE065471A8FEC87C8 /* Build configuration list for PBXNativeTarget "gtest" */ = {
			isa = XCConfigurationList;
			buildConfigurations = (
				7522B58433714C19A62FB5C9 /* Debug */,
				AD514A789E9C4C39AC0AB508 /* Release */,
				94B0D02BF516492AA086E7C5 /* MinSizeRel */,
				35668299AAE644F2B4DCDCAD /* RelWithDebInfo */,
			);
			defaultConfigurationIsVisible = 0;
			defaultConfigurationName = Debug;
		};
		5859988E39E640BF8F49BAC0 /* Build configuration list for PBXAggregateTarget "ALL_BUILD" */ = {
			isa = XCConfigurationList;
			buildConfigurations = (
				E912A6687A6D43A3ABB95636 /* Debug */,
				834EE33E6B2241AEB4227BA6 /* Release */,
				A21220CAF58D4624BA2EFDCA /* MinSizeRel */,
				5FE26C6A9AC84632A8152767 /* RelWithDebInfo */,
			);
			defaultConfigurationIsVisible = 0;
			defaultConfigurationName = Debug;
		};
		82B4F00A31CE49EB8C1D0D4E /* Build configuration list for PBXProject "googletest-distribution" */ = {
			isa = XCConfigurationList;
			buildConfigurations = (
				E16434A1D5E74B2087AB6771 /* Debug */,
				AA59F53E917949D0B4E52EAF /* Release */,
				5E91EA04D4E94644B2C753E5 /* MinSizeRel */,
				9A7F3172BE6444D2ABDB69AF /* RelWithDebInfo */,
			);
			defaultConfigurationIsVisible = 0;
			defaultConfigurationName = Debug;
		};
		8A268A2E36B04AE5BEDB3F53 /* Build configuration list for PBXNativeTarget "gtest_main" */ = {
			isa = XCConfigurationList;
			buildConfigurations = (
				5E70C37D27A3431FB9CEE15D /* Debug */,
				4DBB461A04AC4D91A4FEC9B6 /* Release */,
				154A122A6BDB4FC89D37523E /* MinSizeRel */,
				7180D49A75624F269F337ACB /* RelWithDebInfo */,
			);
			defaultConfigurationIsVisible = 0;
			defaultConfigurationName = Debug;
		};
		C6387F7122C9480F901A6909 /* Build configuration list for PBXAggregateTarget "ZERO_CHECK" */ = {
			isa = XCConfigurationList;
			buildConfigurations = (
				71FEAB6A865841E7B19C727C /* Debug */,
				D85E2B7FB56B4D0F8698055E /* Release */,
				AC7B608D77F6475FB8E9BF20 /* MinSizeRel */,
				93AF2BA0DB624854B0C02428 /* RelWithDebInfo */,
			);
			defaultConfigurationIsVisible = 0;
			defaultConfigurationName = Debug;
		};
/* End XCConfigurationList section */
	};
	rootObject = 5865F45D97404F30BBAD663D /* Project object */;
}
