// !$*UTF8*$!
{
	archiveVersion = 1;
	classes = {
	};
	objectVersion = 46;
	objects = {

/* Begin PBXAggregateTarget section */
		6769B4F9BC87455C8767F5E5 /* ALL_BUILD */ = {
			isa = PBXAggregateTarget;
			buildConfigurationList = AB6995ED408843FC980AA99D /* Build configuration list for PBXAggregateTarget "ALL_BUILD" */;
			buildPhases = (
				97F01F0919E0A8B24FB7D15E /* Generate CMakeFiles/ALL_BUILD */,
			);
			dependencies = (
				978422A1CE56405DB00456A9 /* PBXTargetDependency */,
				9F30D59785E943769AF58AE2 /* PBXTargetDependency */,
				0AEDAF42B91B480EAC492D71 /* PBXTargetDependency */,
			);
			name = ALL_BUILD;
			productName = ALL_BUILD;
		};
		6DDE751DDEE443F481932B24 /* ZERO_CHECK */ = {
			isa = PBXAggregateTarget;
			buildConfigurationList = CBF59AFA147342E391EA5472 /* Build configuration list for PBXAggregateTarget "ZERO_CHECK" */;
			buildPhases = (
				446CCD20D4B81B175152FC30 /* Generate CMakeFiles/ZERO_CHECK */,
			);
			dependencies = (
			);
			name = ZERO_CHECK;
			productName = ZERO_CHECK;
		};
/* End PBXAggregateTarget section */

/* Begin PBXBuildFile section */
		9EE0D41DD4244587A5D27A8E /* /Users/apple/Desktop/AudioSoftwareEngineering/Assignments/Assignment2/2022-MUSI6106/3rdparty/googletest/googletest/CMakeLists.txt */ = {isa = PBXBuildFile; fileRef = 5FEF99734AC74716A96280C2 /* /Users/apple/Desktop/AudioSoftwareEngineering/Assignments/Assignment2/2022-MUSI6106/3rdparty/googletest/googletest/CMakeLists.txt */; };
		C0E0FB9E042247579E6906F0 /* /Users/apple/Desktop/AudioSoftwareEngineering/Assignments/Assignment2/2022-MUSI6106/3rdparty/googletest/googletest/src/gtest-all.cc */ = {isa = PBXBuildFile; fileRef = 82065150061544299B4B6165 /* /Users/apple/Desktop/AudioSoftwareEngineering/Assignments/Assignment2/2022-MUSI6106/3rdparty/googletest/googletest/src/gtest-all.cc */; };
		E81AFDDBED9842E6B6AEE930 /* /Users/apple/Desktop/AudioSoftwareEngineering/Assignments/Assignment2/2022-MUSI6106/3rdparty/googletest/googletest/CMakeLists.txt */ = {isa = PBXBuildFile; fileRef = 0C7CD1E654B9426884107F47 /* /Users/apple/Desktop/AudioSoftwareEngineering/Assignments/Assignment2/2022-MUSI6106/3rdparty/googletest/googletest/CMakeLists.txt */; };
		E81D360B6B7F41979FA7A067 /* /Users/apple/Desktop/AudioSoftwareEngineering/Assignments/Assignment2/2022-MUSI6106/3rdparty/googletest/googletest/src/gtest_main.cc */ = {isa = PBXBuildFile; fileRef = 00488510B9CF46DEA5ADC3DB /* /Users/apple/Desktop/AudioSoftwareEngineering/Assignments/Assignment2/2022-MUSI6106/3rdparty/googletest/googletest/src/gtest_main.cc */; };
/* End PBXBuildFile section */

/* Begin PBXBuildStyle section */
		2D29F85FD7B2419D931AAE00 /* Debug */ = {
			isa = PBXBuildStyle;
			buildSettings = {
				COPY_PHASE_STRIP = NO;
			};
			name = Debug;
		};
		A59C837C8335428CAFA55587 /* MinSizeRel */ = {
			isa = PBXBuildStyle;
			buildSettings = {
				COPY_PHASE_STRIP = NO;
			};
			name = MinSizeRel;
		};
		DFAC2A6024CC4963A586EE9A /* Release */ = {
			isa = PBXBuildStyle;
			buildSettings = {
				COPY_PHASE_STRIP = NO;
			};
			name = Release;
		};
		FA7943BA8FC74CDDBDCAA1DC /* RelWithDebInfo */ = {
			isa = PBXBuildStyle;
			buildSettings = {
				COPY_PHASE_STRIP = NO;
			};
			name = RelWithDebInfo;
		};
/* End PBXBuildStyle section */

/* Begin PBXContainerItemProxy section */
		385DC58BEF7F40CCAFEB92E1 /* PBXContainerItemProxy */ = {
			isa = PBXContainerItemProxy;
			containerPortal = FF9A15C52CBF4718BF7D1860 /* Project object */;
			proxyType = 1;
			remoteGlobalIDString = 4A0C8BA31C1B4146B76FAC7C;
			remoteInfo = gtest;
		};
		56F6007ACD4C4704964E3697 /* PBXContainerItemProxy */ = {
			isa = PBXContainerItemProxy;
			containerPortal = FF9A15C52CBF4718BF7D1860 /* Project object */;
			proxyType = 1;
			remoteGlobalIDString = 6DDE751DDEE443F481932B24;
			remoteInfo = ZERO_CHECK;
		};
		755E7757D1854B4396F9DDD4 /* PBXContainerItemProxy */ = {
			isa = PBXContainerItemProxy;
			containerPortal = FF9A15C52CBF4718BF7D1860 /* Project object */;
			proxyType = 1;
			remoteGlobalIDString = 1C8F3871504942A5ADF25C54;
			remoteInfo = gtest_main;
		};
		8938FF11120249CF9C42CD0B /* PBXContainerItemProxy */ = {
			isa = PBXContainerItemProxy;
			containerPortal = FF9A15C52CBF4718BF7D1860 /* Project object */;
			proxyType = 1;
			remoteGlobalIDString = 4A0C8BA31C1B4146B76FAC7C;
			remoteInfo = gtest;
		};
/* End PBXContainerItemProxy section */

/* Begin PBXFileReference section */
		00488510B9CF46DEA5ADC3DB /* /Users/apple/Desktop/AudioSoftwareEngineering/Assignments/Assignment2/2022-MUSI6106/3rdparty/googletest/googletest/src/gtest_main.cc */ = {isa = PBXFileReference; explicitFileType = sourcecode.cpp.cpp; fileEncoding = 4; name = gtest_main.cc; path = googletest/src/gtest_main.cc; sourceTree = SOURCE_ROOT; };
		0C7CD1E654B9426884107F47 /* /Users/apple/Desktop/AudioSoftwareEngineering/Assignments/Assignment2/2022-MUSI6106/3rdparty/googletest/googletest/CMakeLists.txt */ = {isa = PBXFileReference; explicitFileType = sourcecode.text; fileEncoding = 4; name = CMakeLists.txt; path = googletest/CMakeLists.txt; sourceTree = SOURCE_ROOT; };
		3C2B0B6FCE8A419FB04F1F1E /* gtest_main */ = {isa = PBXFileReference; explicitFileType = archive.ar; path = libgtest_maind.a; sourceTree = BUILT_PRODUCTS_DIR; };
		5FEF99734AC74716A96280C2 /* /Users/apple/Desktop/AudioSoftwareEngineering/Assignments/Assignment2/2022-MUSI6106/3rdparty/googletest/googletest/CMakeLists.txt */ = {isa = PBXFileReference; explicitFileType = sourcecode.text; fileEncoding = 4; name = CMakeLists.txt; path = googletest/CMakeLists.txt; sourceTree = SOURCE_ROOT; };
		82065150061544299B4B6165 /* /Users/apple/Desktop/AudioSoftwareEngineering/Assignments/Assignment2/2022-MUSI6106/3rdparty/googletest/googletest/src/gtest-all.cc */ = {isa = PBXFileReference; explicitFileType = sourcecode.cpp.cpp; fileEncoding = 4; name = "gtest-all.cc"; path = "googletest/src/gtest-all.cc"; sourceTree = SOURCE_ROOT; };
		E082298172CD429DB9546FAA /* /Users/apple/Desktop/AudioSoftwareEngineering/Assignments/Assignment2/2022-MUSI6106/3rdparty/googletest/CMakeLists.txt */ = {isa = PBXFileReference; explicitFileType = sourcecode.text; fileEncoding = 4; name = CMakeLists.txt; path = CMakeLists.txt; sourceTree = SOURCE_ROOT; };
		EC69C7C02CDE40DFB5C1B913 /* gtest */ = {isa = PBXFileReference; explicitFileType = archive.ar; path = libgtestd.a; sourceTree = BUILT_PRODUCTS_DIR; };
/* End PBXFileReference section */

/* Begin PBXFrameworksBuildPhase section */
		25D596FBE0B84D01B55187A5 /* Frameworks */ = {
			isa = PBXFrameworksBuildPhase;
			buildActionMask = 2147483647;
			files = (
			);
			runOnlyForDeploymentPostprocessing = 0;
		};
		DF76700A02114FA1A0FB032D /* Frameworks */ = {
			isa = PBXFrameworksBuildPhase;
			buildActionMask = 2147483647;
			files = (
			);
			runOnlyForDeploymentPostprocessing = 0;
		};
/* End PBXFrameworksBuildPhase section */

/* Begin PBXGroup section */
		0ADA8D5289A044E5B8E47952 = {
			isa = PBXGroup;
			children = (
				AC6B4C1FD6EA4165AF39756A /* ALL_BUILD */,
				489B4723E0C6477E9D640640 /* gtest_main */,
				AF84F6774E64420B88710571 /* gtest */,
				F6EF0F08CBF54080A875BC88 /* Products */,
				D168AC6E8524405BBD314B37 /* Frameworks */,
			);
			sourceTree = "<group>";
		};
		0BB0D32D76EB4557A805545F /* Source Files */ = {
			isa = PBXGroup;
			children = (
				82065150061544299B4B6165 /* /Users/apple/Desktop/AudioSoftwareEngineering/Assignments/Assignment2/2022-MUSI6106/3rdparty/googletest/googletest/src/gtest-all.cc */,
			);
			name = "Source Files";
			sourceTree = "<group>";
		};
		1C953AF89D5444C6AFEF44E5 /* CMake Rules */ = {
			isa = PBXGroup;
			children = (
			);
			name = "CMake Rules";
			sourceTree = "<group>";
		};
		489B4723E0C6477E9D640640 /* gtest_main */ = {
			isa = PBXGroup;
			children = (
				F6BEC82F62F24387A165B6B2 /* Source Files */,
				5FEF99734AC74716A96280C2 /* /Users/apple/Desktop/AudioSoftwareEngineering/Assignments/Assignment2/2022-MUSI6106/3rdparty/googletest/googletest/CMakeLists.txt */,
			);
			name = gtest_main;
			sourceTree = "<group>";
		};
		AC6B4C1FD6EA4165AF39756A /* ALL_BUILD */ = {
			isa = PBXGroup;
			children = (
				1C953AF89D5444C6AFEF44E5 /* CMake Rules */,
				E082298172CD429DB9546FAA /* /Users/apple/Desktop/AudioSoftwareEngineering/Assignments/Assignment2/2022-MUSI6106/3rdparty/googletest/CMakeLists.txt */,
			);
			name = ALL_BUILD;
			sourceTree = "<group>";
		};
		AF84F6774E64420B88710571 /* gtest */ = {
			isa = PBXGroup;
			children = (
				0BB0D32D76EB4557A805545F /* Source Files */,
				0C7CD1E654B9426884107F47 /* /Users/apple/Desktop/AudioSoftwareEngineering/Assignments/Assignment2/2022-MUSI6106/3rdparty/googletest/googletest/CMakeLists.txt */,
			);
			name = gtest;
			sourceTree = "<group>";
		};
		D168AC6E8524405BBD314B37 /* Frameworks */ = {
			isa = PBXGroup;
			children = (
			);
			name = Frameworks;
			sourceTree = "<group>";
		};
		F6BEC82F62F24387A165B6B2 /* Source Files */ = {
			isa = PBXGroup;
			children = (
				00488510B9CF46DEA5ADC3DB /* /Users/apple/Desktop/AudioSoftwareEngineering/Assignments/Assignment2/2022-MUSI6106/3rdparty/googletest/googletest/src/gtest_main.cc */,
			);
			name = "Source Files";
			sourceTree = "<group>";
		};
		F6EF0F08CBF54080A875BC88 /* Products */ = {
			isa = PBXGroup;
			children = (
				EC69C7C02CDE40DFB5C1B913 /* gtest */,
				3C2B0B6FCE8A419FB04F1F1E /* gtest_main */,
			);
			name = Products;
			sourceTree = "<group>";
		};
/* End PBXGroup section */

/* Begin PBXNativeTarget section */
		1C8F3871504942A5ADF25C54 /* gtest_main */ = {
			isa = PBXNativeTarget;
			buildConfigurationList = 6B219E543D6F4AE38F3F0275 /* Build configuration list for PBXNativeTarget "gtest_main" */;
			buildPhases = (
				2B3AB2C5EC774603A4893110 /* Sources */,
				25D596FBE0B84D01B55187A5 /* Frameworks */,
			);
			buildRules = (
			);
			dependencies = (
				C76A6D79B83F441982A0A82B /* PBXTargetDependency */,
			);
			name = gtest_main;
			productName = gtest_main;
			productReference = 3C2B0B6FCE8A419FB04F1F1E /* gtest_main */;
			productType = "com.apple.product-type.library.static";
		};
		4A0C8BA31C1B4146B76FAC7C /* gtest */ = {
			isa = PBXNativeTarget;
			buildConfigurationList = 20D8E5DAFB764DE2B651FEBA /* Build configuration list for PBXNativeTarget "gtest" */;
			buildPhases = (
				08D30807373F472FB70A7C01 /* Sources */,
				DF76700A02114FA1A0FB032D /* Frameworks */,
			);
			buildRules = (
			);
			dependencies = (
			);
			name = gtest;
			productName = gtest;
			productReference = EC69C7C02CDE40DFB5C1B913 /* gtest */;
			productType = "com.apple.product-type.library.static";
		};
/* End PBXNativeTarget section */

/* Begin PBXProject section */
		FF9A15C52CBF4718BF7D1860 /* Project object */ = {
			isa = PBXProject;
			attributes = {
				BuildIndependentTargetsInParallel = YES;
				LastUpgradeCheck = 1240;
			};
			buildConfigurationList = CF6ED4235D144C6E9B4D0927 /* Build configuration list for PBXProject "googletest-distribution" */;
			buildSettings = {
			};
			buildStyles = (
				2D29F85FD7B2419D931AAE00 /* Debug */,
				DFAC2A6024CC4963A586EE9A /* Release */,
				A59C837C8335428CAFA55587 /* MinSizeRel */,
				FA7943BA8FC74CDDBDCAA1DC /* RelWithDebInfo */,
			);
			compatibilityVersion = "Xcode 3.2";
			hasScannedForEncodings = 0;
			mainGroup = 0ADA8D5289A044E5B8E47952;
			projectDirPath = ../3rdparty/googletest;
			projectRoot = "";
			targets = (
				6769B4F9BC87455C8767F5E5 /* ALL_BUILD */,
				6DDE751DDEE443F481932B24 /* ZERO_CHECK */,
				4A0C8BA31C1B4146B76FAC7C /* gtest */,
				1C8F3871504942A5ADF25C54 /* gtest_main */,
			);
		};
/* End PBXProject section */

/* Begin PBXShellScriptBuildPhase section */
		3C0110FC8322DE7E50886E21 = {
			isa = PBXShellScriptBuildPhase;
			buildActionMask = 2147483647;
			files = (
			);
			inputPaths = (
			);
			outputPaths = (
			);
			runOnlyForDeploymentPostprocessing = 0;
			shellPath = /bin/sh;
			shellScript = "# shell script goes here
exit 0";
			showEnvVarsInLog = 0;
		};
		446CCD20D4B81B175152FC30 /* Generate CMakeFiles/ZERO_CHECK */ = {
			isa = PBXShellScriptBuildPhase;
			alwaysOutOfDate = 1;
			buildActionMask = 2147483647;
			files = (
			);
			inputPaths = (
			);
			name = "Generate CMakeFiles/ZERO_CHECK";
			outputPaths = (
"/Users/apple/Desktop/AudioSoftwareEngineering/Assignments/Assignment2/2022-MUSI6106/googletest/CMakeFiles/ZERO_CHECK"			);
			runOnlyForDeploymentPostprocessing = 0;
			shellPath = /bin/sh;
			shellScript = "set -e
if test \"$CONFIGURATION\" = \"Debug\"; then :
  cd /Users/apple/Desktop/AudioSoftwareEngineering/Assignments/Assignment2/2022-MUSI6106/googletest
  make -f /Users/apple/Desktop/AudioSoftwareEngineering/Assignments/Assignment2/2022-MUSI6106/googletest/CMakeScripts/ReRunCMake.make
fi
if test \"$CONFIGURATION\" = \"Release\"; then :
  cd /Users/apple/Desktop/AudioSoftwareEngineering/Assignments/Assignment2/2022-MUSI6106/googletest
  make -f /Users/apple/Desktop/AudioSoftwareEngineering/Assignments/Assignment2/2022-MUSI6106/googletest/CMakeScripts/ReRunCMake.make
fi
if test \"$CONFIGURATION\" = \"MinSizeRel\"; then :
  cd /Users/apple/Desktop/AudioSoftwareEngineering/Assignments/Assignment2/2022-MUSI6106/googletest
  make -f /Users/apple/Desktop/AudioSoftwareEngineering/Assignments/Assignment2/2022-MUSI6106/googletest/CMakeScripts/ReRunCMake.make
fi
if test \"$CONFIGURATION\" = \"RelWithDebInfo\"; then :
  cd /Users/apple/Desktop/AudioSoftwareEngineering/Assignments/Assignment2/2022-MUSI6106/googletest
  make -f /Users/apple/Desktop/AudioSoftwareEngineering/Assignments/Assignment2/2022-MUSI6106/googletest/CMakeScripts/ReRunCMake.make
fi
";
			showEnvVarsInLog = 0;
		};
		97F01F0919E0A8B24FB7D15E /* Generate CMakeFiles/ALL_BUILD */ = {
			isa = PBXShellScriptBuildPhase;
			alwaysOutOfDate = 1;
			buildActionMask = 2147483647;
			files = (
			);
			inputPaths = (
			);
			name = "Generate CMakeFiles/ALL_BUILD";
			outputPaths = (
"/Users/apple/Desktop/AudioSoftwareEngineering/Assignments/Assignment2/2022-MUSI6106/googletest/CMakeFiles/ALL_BUILD"			);
			runOnlyForDeploymentPostprocessing = 0;
			shellPath = /bin/sh;
			shellScript = "set -e
if test \"$CONFIGURATION\" = \"Debug\"; then :
  cd /Users/apple/Desktop/AudioSoftwareEngineering/Assignments/Assignment2/2022-MUSI6106/googletest
  echo Build\\ all\\ projects
fi
if test \"$CONFIGURATION\" = \"Release\"; then :
  cd /Users/apple/Desktop/AudioSoftwareEngineering/Assignments/Assignment2/2022-MUSI6106/googletest
  echo Build\\ all\\ projects
fi
if test \"$CONFIGURATION\" = \"MinSizeRel\"; then :
  cd /Users/apple/Desktop/AudioSoftwareEngineering/Assignments/Assignment2/2022-MUSI6106/googletest
  echo Build\\ all\\ projects
fi
if test \"$CONFIGURATION\" = \"RelWithDebInfo\"; then :
  cd /Users/apple/Desktop/AudioSoftwareEngineering/Assignments/Assignment2/2022-MUSI6106/googletest
  echo Build\\ all\\ projects
fi
";
			showEnvVarsInLog = 0;
		};
		9B50530E35CC49C82C2FACCF = {
			isa = PBXShellScriptBuildPhase;
			buildActionMask = 2147483647;
			files = (
			);
			inputPaths = (
			);
			outputPaths = (
			);
			runOnlyForDeploymentPostprocessing = 0;
			shellPath = /bin/sh;
			shellScript = "# shell script goes here
exit 0";
			showEnvVarsInLog = 0;
		};
/* End PBXShellScriptBuildPhase section */

/* Begin PBXSourcesBuildPhase section */
		08D30807373F472FB70A7C01 /* Sources */ = {
			isa = PBXSourcesBuildPhase;
			buildActionMask = 2147483647;
			files = (
				C0E0FB9E042247579E6906F0 /* /Users/apple/Desktop/AudioSoftwareEngineering/Assignments/Assignment2/2022-MUSI6106/3rdparty/googletest/googletest/src/gtest-all.cc */,
			);
			runOnlyForDeploymentPostprocessing = 0;
		};
		2B3AB2C5EC774603A4893110 /* Sources */ = {
			isa = PBXSourcesBuildPhase;
			buildActionMask = 2147483647;
			files = (
				E81D360B6B7F41979FA7A067 /* /Users/apple/Desktop/AudioSoftwareEngineering/Assignments/Assignment2/2022-MUSI6106/3rdparty/googletest/googletest/src/gtest_main.cc */,
			);
			runOnlyForDeploymentPostprocessing = 0;
		};
/* End PBXSourcesBuildPhase section */

/* Begin PBXTargetDependency section */
		0AEDAF42B91B480EAC492D71 /* PBXTargetDependency */ = {
			isa = PBXTargetDependency;
			target = 6DDE751DDEE443F481932B24 /* ZERO_CHECK */;
			targetProxy = 56F6007ACD4C4704964E3697 /* PBXContainerItemProxy */;
		};
		978422A1CE56405DB00456A9 /* PBXTargetDependency */ = {
			isa = PBXTargetDependency;
			target = 1C8F3871504942A5ADF25C54 /* gtest_main */;
			targetProxy = 755E7757D1854B4396F9DDD4 /* PBXContainerItemProxy */;
		};
		9F30D59785E943769AF58AE2 /* PBXTargetDependency */ = {
			isa = PBXTargetDependency;
			target = 4A0C8BA31C1B4146B76FAC7C /* gtest */;
			targetProxy = 385DC58BEF7F40CCAFEB92E1 /* PBXContainerItemProxy */;
		};
		C76A6D79B83F441982A0A82B /* PBXTargetDependency */ = {
			isa = PBXTargetDependency;
			target = 4A0C8BA31C1B4146B76FAC7C /* gtest */;
			targetProxy = 8938FF11120249CF9C42CD0B /* PBXContainerItemProxy */;
		};
/* End PBXTargetDependency section */

/* Begin XCBuildConfiguration section */
		01D3E301D6A949E882D8CA0D /* MinSizeRel */ = {
			isa = XCBuildConfiguration;
			buildSettings = {
				ARCHS = "$(NATIVE_ARCH_ACTUAL)";
				MACOSX_DEPLOYMENT_TARGET = 10.15;
				ONLY_ACTIVE_ARCH = YES;
				SDKROOT = /Applications/Xcode.app/Contents/Developer/Platforms/MacOSX.platform/Developer/SDKs/MacOSX11.1.sdk;
				SYMROOT = "/Users/apple/Desktop/AudioSoftwareEngineering/Assignments/Assignment2/2022-MUSI6106/googletest/build";
			};
			name = MinSizeRel;
		};
		111F70B7A6EB4E478B546EDF /* Release */ = {
			isa = XCBuildConfiguration;
			buildSettings = {
				COMBINE_HIDPI_IMAGES = YES;
				GCC_GENERATE_DEBUGGING_SYMBOLS = YES;
				GCC_INLINES_ARE_PRIVATE_EXTERN = NO;
				GCC_OPTIMIZATION_LEVEL = 0;
				GCC_PREPROCESSOR_DEFINITIONS = ("'CMAKE_INTDIR=\"$(CONFIGURATION)$(EFFECTIVE_PLATFORM_NAME)\"'","$(inherited)");
				GCC_SYMBOLS_PRIVATE_EXTERN = NO;
				INSTALL_PATH = "";
				OTHER_LDFLAGS = ("","$(inherited)");
				OTHER_REZFLAGS = "";
				PRODUCT_NAME = ZERO_CHECK;
				SECTORDER_FLAGS = "";
				SYMROOT = "/Users/apple/Desktop/AudioSoftwareEngineering/Assignments/Assignment2/2022-MUSI6106/googletest";
				USE_HEADERMAP = NO;
				WARNING_CFLAGS = ("$(inherited)");
			};
			name = Release;
		};
		16B1F0E69D944F0EA6D1D0B7 /* Debug */ = {
			isa = XCBuildConfiguration;
			buildSettings = {
				COMBINE_HIDPI_IMAGES = YES;
				CONFIGURATION_BUILD_DIR = "/Users/apple/Desktop/AudioSoftwareEngineering/Assignments/Assignment2/2022-MUSI6106/lib/Debug";
				EXECUTABLE_PREFIX = lib;
				EXECUTABLE_SUFFIX = .a;
				GCC_GENERATE_DEBUGGING_SYMBOLS = YES;
				GCC_INLINES_ARE_PRIVATE_EXTERN = NO;
				GCC_OPTIMIZATION_LEVEL = 0;
				GCC_PREPROCESSOR_DEFINITIONS = ("'CMAKE_INTDIR=\"$(CONFIGURATION)$(EFFECTIVE_PLATFORM_NAME)\"'","$(inherited)");
				GCC_SYMBOLS_PRIVATE_EXTERN = NO;
				HEADER_SEARCH_PATHS = ("/Users/apple/Desktop/AudioSoftwareEngineering/Assignments/Assignment2/2022-MUSI6106/3rdparty/googletest/googletest/include","/Users/apple/Desktop/AudioSoftwareEngineering/Assignments/Assignment2/2022-MUSI6106/3rdparty/googletest/googletest","$(inherited)");
				INSTALL_PATH = "";
				LIBRARY_STYLE = STATIC;
				OTHER_CPLUSPLUSFLAGS = "    -DGTEST_HAS_PTHREAD=1   '-std=c++11' ";
				OTHER_LIBTOOLFLAGS = ("");
				OTHER_REZFLAGS = "";
				PRODUCT_NAME = gtestd;
				SECTORDER_FLAGS = "";
				SYMROOT = "/Users/apple/Desktop/AudioSoftwareEngineering/Assignments/Assignment2/2022-MUSI6106/googletest/googletest";
				USE_HEADERMAP = NO;
				WARNING_CFLAGS = ("$(inherited)");
			};
			name = Debug;
		};
		2630882924494664BD753328 /* Release */ = {
			isa = XCBuildConfiguration;
			buildSettings = {
				ARCHS = "$(NATIVE_ARCH_ACTUAL)";
				MACOSX_DEPLOYMENT_TARGET = 10.15;
				ONLY_ACTIVE_ARCH = YES;
				SDKROOT = /Applications/Xcode.app/Contents/Developer/Platforms/MacOSX.platform/Developer/SDKs/MacOSX11.1.sdk;
				SYMROOT = "/Users/apple/Desktop/AudioSoftwareEngineering/Assignments/Assignment2/2022-MUSI6106/googletest/build";
			};
			name = Release;
		};
		43FF7E01CC914421834E1074 /* MinSizeRel */ = {
			isa = XCBuildConfiguration;
			buildSettings = {
				COMBINE_HIDPI_IMAGES = YES;
				CONFIGURATION_BUILD_DIR = "/Users/apple/Desktop/AudioSoftwareEngineering/Assignments/Assignment2/2022-MUSI6106/lib/MinSizeRel";
				EXECUTABLE_PREFIX = lib;
				EXECUTABLE_SUFFIX = .a;
				GCC_GENERATE_DEBUGGING_SYMBOLS = NO;
				GCC_INLINES_ARE_PRIVATE_EXTERN = NO;
				GCC_OPTIMIZATION_LEVEL = s;
				GCC_PREPROCESSOR_DEFINITIONS = ("'CMAKE_INTDIR=\"$(CONFIGURATION)$(EFFECTIVE_PLATFORM_NAME)\"'","$(inherited)");
				GCC_SYMBOLS_PRIVATE_EXTERN = NO;
				HEADER_SEARCH_PATHS = ("/Users/apple/Desktop/AudioSoftwareEngineering/Assignments/Assignment2/2022-MUSI6106/3rdparty/googletest/googletest/include","/Users/apple/Desktop/AudioSoftwareEngineering/Assignments/Assignment2/2022-MUSI6106/3rdparty/googletest/googletest","$(inherited)");
				INSTALL_PATH = "";
				LIBRARY_STYLE = STATIC;
				OTHER_CPLUSPLUSFLAGS = "    -DNDEBUG  -DGTEST_HAS_PTHREAD=1   '-std=c++11' ";
				OTHER_LIBTOOLFLAGS = ("");
				OTHER_REZFLAGS = "";
				PRODUCT_NAME = gtest;
				SECTORDER_FLAGS = "";
				SYMROOT = "/Users/apple/Desktop/AudioSoftwareEngineering/Assignments/Assignment2/2022-MUSI6106/googletest/googletest";
				USE_HEADERMAP = NO;
				WARNING_CFLAGS = ("$(inherited)");
			};
			name = MinSizeRel;
		};
		4BC58F6A321541A5A8861933 /* Release */ = {
			isa = XCBuildConfiguration;
			buildSettings = {
				COMBINE_HIDPI_IMAGES = YES;
				CONFIGURATION_BUILD_DIR = "/Users/apple/Desktop/AudioSoftwareEngineering/Assignments/Assignment2/2022-MUSI6106/lib/Release";
				EXECUTABLE_PREFIX = lib;
				EXECUTABLE_SUFFIX = .a;
				GCC_GENERATE_DEBUGGING_SYMBOLS = NO;
				GCC_INLINES_ARE_PRIVATE_EXTERN = NO;
				GCC_OPTIMIZATION_LEVEL = 3;
				GCC_PREPROCESSOR_DEFINITIONS = ("'CMAKE_INTDIR=\"$(CONFIGURATION)$(EFFECTIVE_PLATFORM_NAME)\"'","$(inherited)");
				GCC_SYMBOLS_PRIVATE_EXTERN = NO;
				HEADER_SEARCH_PATHS = ("/Users/apple/Desktop/AudioSoftwareEngineering/Assignments/Assignment2/2022-MUSI6106/3rdparty/googletest/googletest/include","/Users/apple/Desktop/AudioSoftwareEngineering/Assignments/Assignment2/2022-MUSI6106/3rdparty/googletest/googletest","$(inherited)");
				INSTALL_PATH = "";
				LIBRARY_STYLE = STATIC;
				OTHER_CPLUSPLUSFLAGS = "    -DNDEBUG  -DGTEST_HAS_PTHREAD=1   '-std=c++11' ";
				OTHER_LIBTOOLFLAGS = ("");
				OTHER_REZFLAGS = "";
				PRODUCT_NAME = gtest;
				SECTORDER_FLAGS = "";
				SYMROOT = "/Users/apple/Desktop/AudioSoftwareEngineering/Assignments/Assignment2/2022-MUSI6106/googletest/googletest";
				USE_HEADERMAP = NO;
				WARNING_CFLAGS = ("$(inherited)");
			};
			name = Release;
		};
		4EFB0A154F1B437FA73C96C1 /* RelWithDebInfo */ = {
			isa = XCBuildConfiguration;
			buildSettings = {
				COMBINE_HIDPI_IMAGES = YES;
				CONFIGURATION_BUILD_DIR = "/Users/apple/Desktop/AudioSoftwareEngineering/Assignments/Assignment2/2022-MUSI6106/lib/relwithdebinfo";
				EXECUTABLE_PREFIX = lib;
				EXECUTABLE_SUFFIX = .a;
				GCC_GENERATE_DEBUGGING_SYMBOLS = YES;
				GCC_INLINES_ARE_PRIVATE_EXTERN = NO;
				GCC_OPTIMIZATION_LEVEL = 2;
				GCC_PREPROCESSOR_DEFINITIONS = ("'CMAKE_INTDIR=\"$(CONFIGURATION)$(EFFECTIVE_PLATFORM_NAME)\"'","$(inherited)");
				GCC_SYMBOLS_PRIVATE_EXTERN = NO;
				HEADER_SEARCH_PATHS = ("/Users/apple/Desktop/AudioSoftwareEngineering/Assignments/Assignment2/2022-MUSI6106/3rdparty/googletest/googletest/include","/Users/apple/Desktop/AudioSoftwareEngineering/Assignments/Assignment2/2022-MUSI6106/3rdparty/googletest/googletest","$(inherited)");
				INSTALL_PATH = "";
				LIBRARY_STYLE = STATIC;
				OTHER_CPLUSPLUSFLAGS = "       -DNDEBUG  -DGTEST_HAS_PTHREAD=1   '-std=c++11' ";
				OTHER_LIBTOOLFLAGS = ("");
				OTHER_REZFLAGS = "";
				PRODUCT_NAME = gtest;
				SECTORDER_FLAGS = "";
				SYMROOT = "/Users/apple/Desktop/AudioSoftwareEngineering/Assignments/Assignment2/2022-MUSI6106/googletest/googletest";
				USE_HEADERMAP = NO;
				WARNING_CFLAGS = ("$(inherited)");
			};
			name = RelWithDebInfo;
		};
		5DF19B531A6A4CBB89C7AC9E /* Debug */ = {
			isa = XCBuildConfiguration;
			buildSettings = {
				ARCHS = "$(NATIVE_ARCH_ACTUAL)";
				MACOSX_DEPLOYMENT_TARGET = 10.15;
				ONLY_ACTIVE_ARCH = YES;
				SDKROOT = /Applications/Xcode.app/Contents/Developer/Platforms/MacOSX.platform/Developer/SDKs/MacOSX11.1.sdk;
				SYMROOT = "/Users/apple/Desktop/AudioSoftwareEngineering/Assignments/Assignment2/2022-MUSI6106/googletest/build";
			};
			name = Debug;
		};
		6ABE7DC71F0A4EA185A4454E /* RelWithDebInfo */ = {
			isa = XCBuildConfiguration;
			buildSettings = {
				COMBINE_HIDPI_IMAGES = YES;
				CONFIGURATION_BUILD_DIR = "/Users/apple/Desktop/AudioSoftwareEngineering/Assignments/Assignment2/2022-MUSI6106/lib/relwithdebinfo";
				EXECUTABLE_PREFIX = lib;
				EXECUTABLE_SUFFIX = .a;
				GCC_GENERATE_DEBUGGING_SYMBOLS = YES;
				GCC_INLINES_ARE_PRIVATE_EXTERN = NO;
				GCC_OPTIMIZATION_LEVEL = 2;
				GCC_PREPROCESSOR_DEFINITIONS = ("'CMAKE_INTDIR=\"$(CONFIGURATION)$(EFFECTIVE_PLATFORM_NAME)\"'","$(inherited)");
				GCC_SYMBOLS_PRIVATE_EXTERN = NO;
				INSTALL_PATH = "";
				LIBRARY_STYLE = STATIC;
				OTHER_CPLUSPLUSFLAGS = "       -DNDEBUG  -DGTEST_HAS_PTHREAD=1   '-std=c++11' ";
				OTHER_LIBTOOLFLAGS = ("");
				OTHER_REZFLAGS = "";
				PRODUCT_NAME = gtest_main;
				SECTORDER_FLAGS = "";
				SYMROOT = "/Users/apple/Desktop/AudioSoftwareEngineering/Assignments/Assignment2/2022-MUSI6106/googletest/googletest";
				SYSTEM_HEADER_SEARCH_PATHS = ("/Users/apple/Desktop/AudioSoftwareEngineering/Assignments/Assignment2/2022-MUSI6106/3rdparty/googletest/googletest/include","/Users/apple/Desktop/AudioSoftwareEngineering/Assignments/Assignment2/2022-MUSI6106/3rdparty/googletest/googletest","$(inherited)");
				USE_HEADERMAP = NO;
				WARNING_CFLAGS = ("$(inherited)");
			};
			name = RelWithDebInfo;
		};
		83EEB77382304B0A9995D91A /* Debug */ = {
			isa = XCBuildConfiguration;
			buildSettings = {
				COMBINE_HIDPI_IMAGES = YES;
				GCC_GENERATE_DEBUGGING_SYMBOLS = YES;
				GCC_INLINES_ARE_PRIVATE_EXTERN = NO;
				GCC_OPTIMIZATION_LEVEL = 0;
				GCC_PREPROCESSOR_DEFINITIONS = ("'CMAKE_INTDIR=\"$(CONFIGURATION)$(EFFECTIVE_PLATFORM_NAME)\"'","$(inherited)");
				GCC_SYMBOLS_PRIVATE_EXTERN = NO;
				INSTALL_PATH = "";
				OTHER_LDFLAGS = ("","$(inherited)");
				OTHER_REZFLAGS = "";
				PRODUCT_NAME = ALL_BUILD;
				SECTORDER_FLAGS = "";
				SYMROOT = "/Users/apple/Desktop/AudioSoftwareEngineering/Assignments/Assignment2/2022-MUSI6106/googletest";
				USE_HEADERMAP = NO;
				WARNING_CFLAGS = ("$(inherited)");
			};
			name = Debug;
		};
		8A795D4EA37F468AAC0CFD24 /* MinSizeRel */ = {
			isa = XCBuildConfiguration;
			buildSettings = {
				COMBINE_HIDPI_IMAGES = YES;
				CONFIGURATION_BUILD_DIR = "/Users/apple/Desktop/AudioSoftwareEngineering/Assignments/Assignment2/2022-MUSI6106/lib/MinSizeRel";
				EXECUTABLE_PREFIX = lib;
				EXECUTABLE_SUFFIX = .a;
				GCC_GENERATE_DEBUGGING_SYMBOLS = NO;
				GCC_INLINES_ARE_PRIVATE_EXTERN = NO;
				GCC_OPTIMIZATION_LEVEL = s;
				GCC_PREPROCESSOR_DEFINITIONS = ("'CMAKE_INTDIR=\"$(CONFIGURATION)$(EFFECTIVE_PLATFORM_NAME)\"'","$(inherited)");
				GCC_SYMBOLS_PRIVATE_EXTERN = NO;
				INSTALL_PATH = "";
				LIBRARY_STYLE = STATIC;
				OTHER_CPLUSPLUSFLAGS = "    -DNDEBUG  -DGTEST_HAS_PTHREAD=1   '-std=c++11' ";
				OTHER_LIBTOOLFLAGS = ("");
				OTHER_REZFLAGS = "";
				PRODUCT_NAME = gtest_main;
				SECTORDER_FLAGS = "";
				SYMROOT = "/Users/apple/Desktop/AudioSoftwareEngineering/Assignments/Assignment2/2022-MUSI6106/googletest/googletest";
				SYSTEM_HEADER_SEARCH_PATHS = ("/Users/apple/Desktop/AudioSoftwareEngineering/Assignments/Assignment2/2022-MUSI6106/3rdparty/googletest/googletest/include","/Users/apple/Desktop/AudioSoftwareEngineering/Assignments/Assignment2/2022-MUSI6106/3rdparty/googletest/googletest","$(inherited)");
				USE_HEADERMAP = NO;
				WARNING_CFLAGS = ("$(inherited)");
			};
			name = MinSizeRel;
		};
		8D994C73E5D74C0D910E73DE /* Debug */ = {
			isa = XCBuildConfiguration;
			buildSettings = {
				COMBINE_HIDPI_IMAGES = YES;
				GCC_GENERATE_DEBUGGING_SYMBOLS = YES;
				GCC_INLINES_ARE_PRIVATE_EXTERN = NO;
				GCC_OPTIMIZATION_LEVEL = 0;
				GCC_PREPROCESSOR_DEFINITIONS = ("'CMAKE_INTDIR=\"$(CONFIGURATION)$(EFFECTIVE_PLATFORM_NAME)\"'","$(inherited)");
				GCC_SYMBOLS_PRIVATE_EXTERN = NO;
				INSTALL_PATH = "";
				OTHER_LDFLAGS = ("","$(inherited)");
				OTHER_REZFLAGS = "";
				PRODUCT_NAME = ZERO_CHECK;
				SECTORDER_FLAGS = "";
				SYMROOT = "/Users/apple/Desktop/AudioSoftwareEngineering/Assignments/Assignment2/2022-MUSI6106/googletest";
				USE_HEADERMAP = NO;
				WARNING_CFLAGS = ("$(inherited)");
			};
			name = Debug;
		};
		9951FF7E3C004E939BBAD386 /* MinSizeRel */ = {
			isa = XCBuildConfiguration;
			buildSettings = {
				COMBINE_HIDPI_IMAGES = YES;
				GCC_GENERATE_DEBUGGING_SYMBOLS = YES;
				GCC_INLINES_ARE_PRIVATE_EXTERN = NO;
				GCC_OPTIMIZATION_LEVEL = 0;
				GCC_PREPROCESSOR_DEFINITIONS = ("'CMAKE_INTDIR=\"$(CONFIGURATION)$(EFFECTIVE_PLATFORM_NAME)\"'","$(inherited)");
				GCC_SYMBOLS_PRIVATE_EXTERN = NO;
				INSTALL_PATH = "";
				OTHER_LDFLAGS = ("","$(inherited)");
				OTHER_REZFLAGS = "";
				PRODUCT_NAME = ALL_BUILD;
				SECTORDER_FLAGS = "";
				SYMROOT = "/Users/apple/Desktop/AudioSoftwareEngineering/Assignments/Assignment2/2022-MUSI6106/googletest";
				USE_HEADERMAP = NO;
				WARNING_CFLAGS = ("$(inherited)");
			};
			name = MinSizeRel;
		};
		9DD874B431714295960D5B9C /* Debug */ = {
			isa = XCBuildConfiguration;
			buildSettings = {
				COMBINE_HIDPI_IMAGES = YES;
				CONFIGURATION_BUILD_DIR = "/Users/apple/Desktop/AudioSoftwareEngineering/Assignments/Assignment2/2022-MUSI6106/lib/Debug";
				EXECUTABLE_PREFIX = lib;
				EXECUTABLE_SUFFIX = .a;
				GCC_GENERATE_DEBUGGING_SYMBOLS = YES;
				GCC_INLINES_ARE_PRIVATE_EXTERN = NO;
				GCC_OPTIMIZATION_LEVEL = 0;
				GCC_PREPROCESSOR_DEFINITIONS = ("'CMAKE_INTDIR=\"$(CONFIGURATION)$(EFFECTIVE_PLATFORM_NAME)\"'","$(inherited)");
				GCC_SYMBOLS_PRIVATE_EXTERN = NO;
				INSTALL_PATH = "";
				LIBRARY_STYLE = STATIC;
				OTHER_CPLUSPLUSFLAGS = "    -DGTEST_HAS_PTHREAD=1   '-std=c++11' ";
				OTHER_LIBTOOLFLAGS = ("");
				OTHER_REZFLAGS = "";
				PRODUCT_NAME = gtest_maind;
				SECTORDER_FLAGS = "";
				SYMROOT = "/Users/apple/Desktop/AudioSoftwareEngineering/Assignments/Assignment2/2022-MUSI6106/googletest/googletest";
				SYSTEM_HEADER_SEARCH_PATHS = ("/Users/apple/Desktop/AudioSoftwareEngineering/Assignments/Assignment2/2022-MUSI6106/3rdparty/googletest/googletest/include","/Users/apple/Desktop/AudioSoftwareEngineering/Assignments/Assignment2/2022-MUSI6106/3rdparty/googletest/googletest","$(inherited)");
				USE_HEADERMAP = NO;
				WARNING_CFLAGS = ("$(inherited)");
			};
			name = Debug;
		};
		AA9E7B481FB8410EBED8A7BD /* MinSizeRel */ = {
			isa = XCBuildConfiguration;
			buildSettings = {
				COMBINE_HIDPI_IMAGES = YES;
				GCC_GENERATE_DEBUGGING_SYMBOLS = YES;
				GCC_INLINES_ARE_PRIVATE_EXTERN = NO;
				GCC_OPTIMIZATION_LEVEL = 0;
				GCC_PREPROCESSOR_DEFINITIONS = ("'CMAKE_INTDIR=\"$(CONFIGURATION)$(EFFECTIVE_PLATFORM_NAME)\"'","$(inherited)");
				GCC_SYMBOLS_PRIVATE_EXTERN = NO;
				INSTALL_PATH = "";
				OTHER_LDFLAGS = ("","$(inherited)");
				OTHER_REZFLAGS = "";
				PRODUCT_NAME = ZERO_CHECK;
				SECTORDER_FLAGS = "";
				SYMROOT = "/Users/apple/Desktop/AudioSoftwareEngineering/Assignments/Assignment2/2022-MUSI6106/googletest";
				USE_HEADERMAP = NO;
				WARNING_CFLAGS = ("$(inherited)");
			};
			name = MinSizeRel;
		};
		BED3E5684CFF43769C903F67 /* Release */ = {
			isa = XCBuildConfiguration;
			buildSettings = {
				COMBINE_HIDPI_IMAGES = YES;
				CONFIGURATION_BUILD_DIR = "/Users/apple/Desktop/AudioSoftwareEngineering/Assignments/Assignment2/2022-MUSI6106/lib/Release";
				EXECUTABLE_PREFIX = lib;
				EXECUTABLE_SUFFIX = .a;
				GCC_GENERATE_DEBUGGING_SYMBOLS = NO;
				GCC_INLINES_ARE_PRIVATE_EXTERN = NO;
				GCC_OPTIMIZATION_LEVEL = 3;
				GCC_PREPROCESSOR_DEFINITIONS = ("'CMAKE_INTDIR=\"$(CONFIGURATION)$(EFFECTIVE_PLATFORM_NAME)\"'","$(inherited)");
				GCC_SYMBOLS_PRIVATE_EXTERN = NO;
				INSTALL_PATH = "";
				LIBRARY_STYLE = STATIC;
				OTHER_CPLUSPLUSFLAGS = "    -DNDEBUG  -DGTEST_HAS_PTHREAD=1   '-std=c++11' ";
				OTHER_LIBTOOLFLAGS = ("");
				OTHER_REZFLAGS = "";
				PRODUCT_NAME = gtest_main;
				SECTORDER_FLAGS = "";
				SYMROOT = "/Users/apple/Desktop/AudioSoftwareEngineering/Assignments/Assignment2/2022-MUSI6106/googletest/googletest";
				SYSTEM_HEADER_SEARCH_PATHS = ("/Users/apple/Desktop/AudioSoftwareEngineering/Assignments/Assignment2/2022-MUSI6106/3rdparty/googletest/googletest/include","/Users/apple/Desktop/AudioSoftwareEngineering/Assignments/Assignment2/2022-MUSI6106/3rdparty/googletest/googletest","$(inherited)");
				USE_HEADERMAP = NO;
				WARNING_CFLAGS = ("$(inherited)");
			};
			name = Release;
		};
		E5C291B556B74E30A25F09D0 /* RelWithDebInfo */ = {
			isa = XCBuildConfiguration;
			buildSettings = {
				COMBINE_HIDPI_IMAGES = YES;
				GCC_GENERATE_DEBUGGING_SYMBOLS = YES;
				GCC_INLINES_ARE_PRIVATE_EXTERN = NO;
				GCC_OPTIMIZATION_LEVEL = 0;
				GCC_PREPROCESSOR_DEFINITIONS = ("'CMAKE_INTDIR=\"$(CONFIGURATION)$(EFFECTIVE_PLATFORM_NAME)\"'","$(inherited)");
				GCC_SYMBOLS_PRIVATE_EXTERN = NO;
				INSTALL_PATH = "";
				OTHER_LDFLAGS = ("","$(inherited)");
				OTHER_REZFLAGS = "";
				PRODUCT_NAME = ZERO_CHECK;
				SECTORDER_FLAGS = "";
				SYMROOT = "/Users/apple/Desktop/AudioSoftwareEngineering/Assignments/Assignment2/2022-MUSI6106/googletest";
				USE_HEADERMAP = NO;
				WARNING_CFLAGS = ("$(inherited)");
			};
			name = RelWithDebInfo;
		};
		E67A1FA936D745C1B0130751 /* RelWithDebInfo */ = {
			isa = XCBuildConfiguration;
			buildSettings = {
				COMBINE_HIDPI_IMAGES = YES;
				GCC_GENERATE_DEBUGGING_SYMBOLS = YES;
				GCC_INLINES_ARE_PRIVATE_EXTERN = NO;
				GCC_OPTIMIZATION_LEVEL = 0;
				GCC_PREPROCESSOR_DEFINITIONS = ("'CMAKE_INTDIR=\"$(CONFIGURATION)$(EFFECTIVE_PLATFORM_NAME)\"'","$(inherited)");
				GCC_SYMBOLS_PRIVATE_EXTERN = NO;
				INSTALL_PATH = "";
				OTHER_LDFLAGS = ("","$(inherited)");
				OTHER_REZFLAGS = "";
				PRODUCT_NAME = ALL_BUILD;
				SECTORDER_FLAGS = "";
				SYMROOT = "/Users/apple/Desktop/AudioSoftwareEngineering/Assignments/Assignment2/2022-MUSI6106/googletest";
				USE_HEADERMAP = NO;
				WARNING_CFLAGS = ("$(inherited)");
			};
			name = RelWithDebInfo;
		};
		E9B9577E5A8746DAA6D9ED7F /* Release */ = {
			isa = XCBuildConfiguration;
			buildSettings = {
				COMBINE_HIDPI_IMAGES = YES;
				GCC_GENERATE_DEBUGGING_SYMBOLS = YES;
				GCC_INLINES_ARE_PRIVATE_EXTERN = NO;
				GCC_OPTIMIZATION_LEVEL = 0;
				GCC_PREPROCESSOR_DEFINITIONS = ("'CMAKE_INTDIR=\"$(CONFIGURATION)$(EFFECTIVE_PLATFORM_NAME)\"'","$(inherited)");
				GCC_SYMBOLS_PRIVATE_EXTERN = NO;
				INSTALL_PATH = "";
				OTHER_LDFLAGS = ("","$(inherited)");
				OTHER_REZFLAGS = "";
				PRODUCT_NAME = ALL_BUILD;
				SECTORDER_FLAGS = "";
				SYMROOT = "/Users/apple/Desktop/AudioSoftwareEngineering/Assignments/Assignment2/2022-MUSI6106/googletest";
				USE_HEADERMAP = NO;
				WARNING_CFLAGS = ("$(inherited)");
			};
			name = Release;
		};
		EC2D1AD3992442C89F436A96 /* RelWithDebInfo */ = {
			isa = XCBuildConfiguration;
			buildSettings = {
				ARCHS = "$(NATIVE_ARCH_ACTUAL)";
				MACOSX_DEPLOYMENT_TARGET = 10.15;
				ONLY_ACTIVE_ARCH = YES;
				SDKROOT = /Applications/Xcode.app/Contents/Developer/Platforms/MacOSX.platform/Developer/SDKs/MacOSX11.1.sdk;
				SYMROOT = "/Users/apple/Desktop/AudioSoftwareEngineering/Assignments/Assignment2/2022-MUSI6106/googletest/build";
			};
			name = RelWithDebInfo;
		};
/* End XCBuildConfiguration section */

/* Begin XCConfigurationList section */
		20D8E5DAFB764DE2B651FEBA /* Build configuration list for PBXNativeTarget "gtest" */ = {
			isa = XCConfigurationList;
			buildConfigurations = (
				16B1F0E69D944F0EA6D1D0B7 /* Debug */,
				4BC58F6A321541A5A8861933 /* Release */,
				43FF7E01CC914421834E1074 /* MinSizeRel */,
				4EFB0A154F1B437FA73C96C1 /* RelWithDebInfo */,
			);
			defaultConfigurationIsVisible = 0;
			defaultConfigurationName = Debug;
		};
		6B219E543D6F4AE38F3F0275 /* Build configuration list for PBXNativeTarget "gtest_main" */ = {
			isa = XCConfigurationList;
			buildConfigurations = (
				9DD874B431714295960D5B9C /* Debug */,
				BED3E5684CFF43769C903F67 /* Release */,
				8A795D4EA37F468AAC0CFD24 /* MinSizeRel */,
				6ABE7DC71F0A4EA185A4454E /* RelWithDebInfo */,
			);
			defaultConfigurationIsVisible = 0;
			defaultConfigurationName = Debug;
		};
		AB6995ED408843FC980AA99D /* Build configuration list for PBXAggregateTarget "ALL_BUILD" */ = {
			isa = XCConfigurationList;
			buildConfigurations = (
				83EEB77382304B0A9995D91A /* Debug */,
				E9B9577E5A8746DAA6D9ED7F /* Release */,
				9951FF7E3C004E939BBAD386 /* MinSizeRel */,
				E67A1FA936D745C1B0130751 /* RelWithDebInfo */,
			);
			defaultConfigurationIsVisible = 0;
			defaultConfigurationName = Debug;
		};
		CBF59AFA147342E391EA5472 /* Build configuration list for PBXAggregateTarget "ZERO_CHECK" */ = {
			isa = XCConfigurationList;
			buildConfigurations = (
				8D994C73E5D74C0D910E73DE /* Debug */,
				111F70B7A6EB4E478B546EDF /* Release */,
				AA9E7B481FB8410EBED8A7BD /* MinSizeRel */,
				E5C291B556B74E30A25F09D0 /* RelWithDebInfo */,
			);
			defaultConfigurationIsVisible = 0;
			defaultConfigurationName = Debug;
		};
		CF6ED4235D144C6E9B4D0927 /* Build configuration list for PBXProject "googletest-distribution" */ = {
			isa = XCConfigurationList;
			buildConfigurations = (
				5DF19B531A6A4CBB89C7AC9E /* Debug */,
				2630882924494664BD753328 /* Release */,
				01D3E301D6A949E882D8CA0D /* MinSizeRel */,
				EC2D1AD3992442C89F436A96 /* RelWithDebInfo */,
			);
			defaultConfigurationIsVisible = 0;
			defaultConfigurationName = Debug;
		};
/* End XCConfigurationList section */
	};
	rootObject = FF9A15C52CBF4718BF7D1860 /* Project object */;
}
